
Microsoft Visual Studio Solution File, Format Version 12.00
Project("{2150E333-8FDC-42A3-9474-1A3956D46DE8}") = "Lesson_1_Variables", "Lesson_1_Variables", "{31010573-B031-46A5-8C25-FEF43DB7E3BE}"
EndProject
Project("{2150E333-8FDC-42A3-9474-1A3956D46DE8}") = "Lesson_2_Operators", "Lesson_2_Operators", "{0056FA7D-FC8C-4DAD-8D2C-E4072B5958B1}"
EndProject
Project("{2150E333-8FDC-42A3-9474-1A3956D46DE8}") = "Lesson_3_Conditionals_IfElse", "Lesson_3_Conditionals_IfElse", "{6738148E-E6A8-4E89-AF17-6797A87EF583}"
EndProject
Project("{2150E333-8FDC-42A3-9474-1A3956D46DE8}") = "Lesson_4_Conditionals_Switch", "Lesson_4_Conditionals_Switch", "{89198672-0B1F-4CD3-A926-FE82C6C2BA6E}"
EndProject
Project("{2150E333-8FDC-42A3-9474-1A3956D46DE8}") = "_Questions", "_Questions", "{6E5CC7C5-51FE-4ED6-868F-3FA86FD48570}"
EndProject
Project("{FAE04EC0-301F-11D3-BF4B-00C04F79EFBC}") = "Questions_1", "Questions_1\Questions_1.csproj", "{0CFFC52A-2960-4FA7-8A77-9AD967552834}"
EndProject
Project("{2150E333-8FDC-42A3-9474-1A3956D46DE8}") = "Lesson_5_Cycles", "Lesson_5_Cycles", "{F0277186-ECEC-4F65-9CBA-08983D6D5028}"
EndProject
Project("{2150E333-8FDC-42A3-9474-1A3956D46DE8}") = "_Students", "_Students", "{D3D3E44F-CC96-405F-8B53-63F35CDBE58A}"
EndProject
Project("{2150E333-8FDC-42A3-9474-1A3956D46DE8}") = "Kovalenko Tymofii", "Kovalenko Tymofii", "{9FEDAE89-AC35-45C4-AE70-75B331220086}"
EndProject
Project("{2150E333-8FDC-42A3-9474-1A3956D46DE8}") = "Derev'yanko Roman", "Derev'yanko Roman", "{CC9D3D4B-4C3C-4199-97EC-6D59C1FDF211}"
EndProject
Project("{2150E333-8FDC-42A3-9474-1A3956D46DE8}") = "Anpilogov Mitya ", "Anpilogov Mitya ", "{B844302D-B8AB-42E6-B214-3455DCDAFA0D}"
EndProject
Project("{2150E333-8FDC-42A3-9474-1A3956D46DE8}") = "Dobrytsia Mykyta", "Dobrytsia Mykyta", "{2320F1E8-FC61-4A55-94ED-C29A1423A578}"
EndProject
Project("{FAE04EC0-301F-11D3-BF4B-00C04F79EFBC}") = "Sample", "Sample\Sample.csproj", "{9BCB830C-2198-41CD-8B60-7E42C115F9E2}"
EndProject
Project("{FAE04EC0-301F-11D3-BF4B-00C04F79EFBC}") = "Lesson_1_Variables_1", "Lesson_1_Variables\Lesson_1_Variables_1\Lesson_1_Variables_1.csproj", "{1986E603-C8AB-468D-8F02-32E02AC8815D}"
EndProject
Project("{FAE04EC0-301F-11D3-BF4B-00C04F79EFBC}") = "Lesson_1_Variables_2", "Lesson_1_Variables\Lesson_1_Variables_2\Lesson_1_Variables_2.csproj", "{0CBFC127-F1EC-4C40-8313-E6197804A88D}"
EndProject
Project("{FAE04EC0-301F-11D3-BF4B-00C04F79EFBC}") = "Lesson_1_Variables_3", "Lesson_1_Variables\Lesson_1_Variables_3\Lesson_1_Variables_3.csproj", "{62F44936-194E-46F6-841C-32CFFEC377B4}"
EndProject
Project("{FAE04EC0-301F-11D3-BF4B-00C04F79EFBC}") = "Lesson_2_Operators_1_MathOperators", "Lesson_2_Operators\Lesson_2_Operators_1_MathOperators\Lesson_2_Operators_1_MathOperators.csproj", "{EC549E2C-2A9F-4714-AADF-9A07F6DF3159}"
EndProject
Project("{FAE04EC0-301F-11D3-BF4B-00C04F79EFBC}") = "Lesson_2_Operators_2_EqualityOperators", "Lesson_2_Operators\Lesson_2_Operators_2_EqualityOperators\Lesson_2_Operators_2_EqualityOperators.csproj", "{B6DC204E-07E3-4EDB-BBB7-267E6BC792AA}"
EndProject
Project("{FAE04EC0-301F-11D3-BF4B-00C04F79EFBC}") = "Lesson_2_Operators_LogicOperators", "Lesson_2_Operators\Lesson_2_Operators_LogicOperators\Lesson_2_Operators_LogicOperators.csproj", "{9A27CB52-946D-439C-BDC6-0F241940F2CE}"
EndProject
Project("{FAE04EC0-301F-11D3-BF4B-00C04F79EFBC}") = "Lesson_3_Conditionals_IfElse_0_Slider", "Lesson_3_Conditionals\Lesson_3_Conditionals_IfElse_0_Slider\Lesson_3_Conditionals_IfElse_0_Slider.csproj", "{387981DB-56D7-4F09-9376-96940583E337}"
EndProject
Project("{FAE04EC0-301F-11D3-BF4B-00C04F79EFBC}") = "Lesson_3_Conditionals_IfElse_1", "Lesson_3_Conditionals\Lesson_3_Conditionals_IfElse_1\Lesson_3_Conditionals_IfElse_1.csproj", "{2C1889BE-501D-458A-A7AC-19D18CC151E3}"
EndProject
Project("{FAE04EC0-301F-11D3-BF4B-00C04F79EFBC}") = "Lesson_3_Conditionals_IfElse_2", "Lesson_3_Conditionals\Lesson_3_Conditionals_IfElse_2\Lesson_3_Conditionals_IfElse_2.csproj", "{4629E642-788B-4DE1-A95D-B23089A23B63}"
EndProject
Project("{FAE04EC0-301F-11D3-BF4B-00C04F79EFBC}") = "Lesson_3_Conditionals_IfElse_4", "Lesson_3_Conditionals\Lesson_3_Conditionals_IfElse_4\Lesson_3_Conditionals_IfElse_4.csproj", "{AA755C29-3FB9-46CB-A977-291E8546B175}"
EndProject
Project("{FAE04EC0-301F-11D3-BF4B-00C04F79EFBC}") = "Lesson_3_Conditionals_IfElse_5", "Lesson_3_Conditionals\Lesson_3_Conditionals_IfElse_5\Lesson_3_Conditionals_IfElse_5.csproj", "{40C89174-D475-4F0E-890E-C45E89295197}"
EndProject
Project("{FAE04EC0-301F-11D3-BF4B-00C04F79EFBC}") = "Lesson_3_Conditionals_IfElse_6", "Lesson_3_Conditionals\Lesson_3_Conditionals_IfElse_6\Lesson_3_Conditionals_IfElse_6.csproj", "{033A58B1-5939-43C1-87D2-8D67309D978E}"
EndProject
Project("{FAE04EC0-301F-11D3-BF4B-00C04F79EFBC}") = "Lesson_3_Conditionals_IfElse_7", "Lesson_3_Conditionals\Lesson_3_Conditionals_IfElse_7\Lesson_3_Conditionals_IfElse_7.csproj", "{E6B26B84-B156-4810-BD7A-F63709BF8AFD}"
EndProject
Project("{FAE04EC0-301F-11D3-BF4B-00C04F79EFBC}") = "Lesson_4_Conditionals_Switch_1", "Lesson_4_Conditionals_Switch\Lesson_4_Conditionals_Switch_1\Lesson_4_Conditionals_Switch_1.csproj", "{71E1396C-2FFE-4D70-9D33-8AE88289951E}"
EndProject
Project("{FAE04EC0-301F-11D3-BF4B-00C04F79EFBC}") = "Lesson_4_Conditionals_Switch_2", "Lesson_4_Conditionals_Switch\Lesson_4_Conditionals_Switch_2\Lesson_4_Conditionals_Switch_2.csproj", "{CC69BBBB-43AA-4EB3-946C-74B9D740219F}"
EndProject
Project("{FAE04EC0-301F-11D3-BF4B-00C04F79EFBC}") = "Lesson_4_Conditionals_Switch_3", "Lesson_4_Conditionals_Switch\Lesson_4_Conditionals_Switch_3\Lesson_4_Conditionals_Switch_3.csproj", "{4F8D229C-F6B1-4B06-8931-DCCE11CC262C}"
EndProject
Project("{FAE04EC0-301F-11D3-BF4B-00C04F79EFBC}") = "Lesson_4_Conditionals_Switch_4", "Lesson_4_Conditionals_Switch\Lesson_4_Conditionals_Switch_4\Lesson_4_Conditionals_Switch_4.csproj", "{56F80568-2F43-4F96-B065-28C2FDDC3FE0}"
EndProject
Project("{FAE04EC0-301F-11D3-BF4B-00C04F79EFBC}") = "Lesson_4_Conditionals_Switch_5", "Lesson_4_Conditionals_Switch\Lesson_4_Conditionals_Switch_5\Lesson_4_Conditionals_Switch_5.csproj", "{04AFCCBA-CF88-4765-B25A-4804AE4AE2D4}"
EndProject
Project("{FAE04EC0-301F-11D3-BF4B-00C04F79EFBC}") = "Lesson_4_Conditionals_Switch_6", "Lesson_4_Conditionals_Switch\Lesson_4_Conditionals_Switch_6\Lesson_4_Conditionals_Switch_6.csproj", "{98048FAD-BF76-406A-9614-372F5CB91B4A}"
EndProject
Project("{FAE04EC0-301F-11D3-BF4B-00C04F79EFBC}") = "Lesson_4_Conditionals_Switch_7", "Lesson_4_Conditionals_Switch\Lesson_4_Conditionals_Switch_7\Lesson_4_Conditionals_Switch_7.csproj", "{13DD25EF-3916-42FA-ADFF-9BEE885C6755}"
EndProject
Project("{FAE04EC0-301F-11D3-BF4B-00C04F79EFBC}") = "Lesson_5_Cycles_1", "Lesson_5_Cycles\Lesson_5_Cycles_1\Lesson_5_Cycles_1.csproj", "{A2323F14-CB61-4EE8-BD8D-8349180E19C1}"
EndProject
Project("{FAE04EC0-301F-11D3-BF4B-00C04F79EFBC}") = "Lesson_5_Cycles_2", "Lesson_5_Cycles\Lesson_5_Cycles_2\Lesson_5_Cycles_2.csproj", "{A70FDFA3-3909-42B1-9762-ADD7C2F80407}"
EndProject
Project("{FAE04EC0-301F-11D3-BF4B-00C04F79EFBC}") = "Lesson_5_Cycles_3", "Lesson_5_Cycles\Lesson_5_Cycles_3\Lesson_5_Cycles_3.csproj", "{A96203DF-5FE6-47BF-812E-1A08E05E8198}"
EndProject
Project("{FAE04EC0-301F-11D3-BF4B-00C04F79EFBC}") = "Lesson_5_Cycles_4", "Lesson_5_Cycles\Lesson_5_Cycles_4\Lesson_5_Cycles_4.csproj", "{D8C249D6-B6D0-4CF4-BD13-5DA183E7B6DB}"
EndProject
Project("{FAE04EC0-301F-11D3-BF4B-00C04F79EFBC}") = "Lesson_5_Cycles_5", "Lesson_5_Cycles\Lesson_5_Cycles_5\Lesson_5_Cycles_5.csproj", "{BF945965-D3E8-455A-9C6B-E7E6631F5644}"
EndProject
Project("{FAE04EC0-301F-11D3-BF4B-00C04F79EFBC}") = "03_IF_ELSE", "_Students\Derev'yanko Roman\03_IF_ELSE\03_IF_ELSE.csproj", "{CB9898BE-4F42-48AC-BC26-7B89C39F3236}"
EndProject
Project("{FAE04EC0-301F-11D3-BF4B-00C04F79EFBC}") = "_03_IF_ELSE", "_Students\Kovalenko Tymofii\_03_IF_ELSE\_03_IF_ELSE.csproj", "{0FFD3452-685B-4A3A-AB6E-2C602F191AF2}"
EndProject
Project("{FAE04EC0-301F-11D3-BF4B-00C04F79EFBC}") = "_04_Switch", "_Students\Kovalenko Tymofii\_04_SWITCH\_04_Switch.csproj", "{6F4D0BF4-F206-45DC-ACB0-E02A6DE6B5E7}"
EndProject
Project("{FAE04EC0-301F-11D3-BF4B-00C04F79EFBC}") = "_HomeWorksCheck", "_Students\_HomeWorksCheck\_HomeWorksCheck.csproj", "{E23FAEFA-141C-4C54-82BA-10FFA069AFCE}"
EndProject
Project("{FAE04EC0-301F-11D3-BF4B-00C04F79EFBC}") = "_05_CYCLES", "_Students\Dobrytsia Mykyta\_05_CYCLES\_05_CYCLES.csproj", "{A7BD18C1-3C96-4F8F-A07C-5150166B3D87}"
EndProject
Project("{2150E333-8FDC-42A3-9474-1A3956D46DE8}") = "Fisun Denys", "Fisun Denys", "{51008A29-E82C-4FE0-A5E6-91CA0692233C}"
EndProject
Project("{FAE04EC0-301F-11D3-BF4B-00C04F79EFBC}") = "_04_SWITCH", "_Students\Fisun Denys\_04_SWITCH\_04_SWITCH.csproj", "{56DD0ECF-3E0D-42E7-A6A4-9B4B7E9E450B}"
EndProject
Project("{2150E333-8FDC-42A3-9474-1A3956D46DE8}") = "Hearthstone", "Hearthstone", "{3F94AFDC-9E5D-4E03-8824-50FFB7B4CAF5}"
EndProject
Project("{FAE04EC0-301F-11D3-BF4B-00C04F79EFBC}") = "Hearthstone", "Hearthstone\Hearthstone\Hearthstone.csproj", "{E1FD2A3A-AF25-4155-8A05-E86212491C6E}"
EndProject
Project("{2150E333-8FDC-42A3-9474-1A3956D46DE8}") = "Lesson_6_Arrays", "Lesson_6_Arrays", "{CF82B407-CF34-4E6A-B58E-E00C014FEAD6}"
EndProject
Project("{FAE04EC0-301F-11D3-BF4B-00C04F79EFBC}") = "Lesson_6_Arrays_1", "Lesson_6_Arrays\Lesson_6_Arrays_1\Lesson_6_Arrays_1.csproj", "{FBD2AE51-0B1E-4EFF-8455-F2CB803D1BDB}"
EndProject
Project("{FAE04EC0-301F-11D3-BF4B-00C04F79EFBC}") = "Lesson_6_Arrays_2", "Lesson_6_Arrays\Lesson_6_Arrays_2\Lesson_6_Arrays_2.csproj", "{9A0F76AE-C14D-47AB-87B6-BD5E7C767061}"
EndProject
Project("{FAE04EC0-301F-11D3-BF4B-00C04F79EFBC}") = "Lesson_5_Cycles_6", "Lesson_5_Cycles\Lesson_5_Cycles_6\Lesson_5_Cycles_6.csproj", "{D6825DD6-056D-43D8-9612-C861C4B131AF}"
EndProject
Project("{2150E333-8FDC-42A3-9474-1A3956D46DE8}") = "Vykliuk Tetiana", "Vykliuk Tetiana", "{A5D4F0F7-B88C-4D05-A942-3F204829D6E1}"
EndProject
Project("{FAE04EC0-301F-11D3-BF4B-00C04F79EFBC}") = "_05_CYCLES", "_Students\Vykliuk Tetiana\_05_CYCLES\_05_CYCLES.csproj", "{A4DF8A06-8669-4C55-B707-7E68DBB552A0}"
EndProject
Project("{FAE04EC0-301F-11D3-BF4B-00C04F79EFBC}") = "Lesson_5_Cycles_7_Update", "Lesson_5_Cycles\Lesson_5_Cycles_7_Update\Lesson_5_Cycles_7_Update.csproj", "{0A45EB98-1891-4FB7-A52C-1E9C5611F886}"
EndProject
Project("{FAE04EC0-301F-11D3-BF4B-00C04F79EFBC}") = "Lesson_6_Arrays_3", "Lesson_6_Arrays\Lesson_6_Arrays_3\Lesson_6_Arrays_3.csproj", "{AE5500DE-9D70-4967-A59D-6E4A48E54083}"
EndProject
Project("{FAE04EC0-301F-11D3-BF4B-00C04F79EFBC}") = "05_CYCLES", "_Students\Anpilogov Mitya\05_CYCLES\05_CYCLES.csproj", "{10F70E2D-744A-4C3C-A752-9A0A80153887}"
EndProject
Project("{FAE04EC0-301F-11D3-BF4B-00C04F79EFBC}") = "Lesson_6_Arrays_4", "Lesson_6_Arrays\Lesson_6_Arrays_4\Lesson_6_Arrays_4.csproj", "{B968F302-B1C3-4716-8BE0-BB018A631A33}"
EndProject
Project("{FAE04EC0-301F-11D3-BF4B-00C04F79EFBC}") = "Lesson_6_Arrays_5", "Lesson_6_Arrays\Lesson_6_Arrays_5\Lesson_6_Arrays_5.csproj", "{043E2F57-2868-49D8-B9AD-CA3EE89217F9}"
EndProject
Project("{FAE04EC0-301F-11D3-BF4B-00C04F79EFBC}") = "Lesson_6_Arrays_6", "Lesson_6_Arrays\Lesson_6_Arrays_6\Lesson_6_Arrays_6.csproj", "{79DC05AC-6033-4A1D-ADB5-5A97C1CC2A86}"
EndProject
Project("{FAE04EC0-301F-11D3-BF4B-00C04F79EFBC}") = "Lesson_6_Arrays_7", "Lesson_6_Arrays\Lesson_6_Arrays_7\Lesson_6_Arrays_7.csproj", "{4CC682B6-7353-4960-8B03-5FBE879DCB9B}"
EndProject
Project("{2150E333-8FDC-42A3-9474-1A3956D46DE8}") = "Lesson_7_List_Dictionary", "Lesson_7_List_Dictionary", "{98E3FD1B-E4CB-4ED5-832B-F8697CACAB92}"
	ProjectSection(SolutionItems) = preProject
		Lesson_7_List_Dictionary\QA.MD = Lesson_7_List_Dictionary\QA.MD
		Lesson_7_List_Dictionary\ListComands.MD = Lesson_7_List_Dictionary\ListComands.MD
		Lesson_7_List_Dictionary\HW.MD = Lesson_7_List_Dictionary\HW.MD
		Lesson_7_List_Dictionary\DictComands.MD = Lesson_7_List_Dictionary\DictComands.MD
	EndProjectSection
EndProject
Project("{FAE04EC0-301F-11D3-BF4B-00C04F79EFBC}") = "Lesson_7_List_Dictionary_1", "Lesson_7_List_Dictionary\Lesson_7_List_Dictionary_1\Lesson_7_List_Dictionary_1.csproj", "{72C5C796-2EF2-4CF5-A2E9-DD10FAF2709E}"
EndProject
Project("{FAE04EC0-301F-11D3-BF4B-00C04F79EFBC}") = "Lesson_6_Arrays_8_HW", "Lesson_6_Arrays\Lesson_6_Arrays_8_HW\Lesson_6_Arrays_8_HW.csproj", "{1F907D03-50DF-4EA0-A3AB-42E3D8B08058}"
EndProject
Project("{FAE04EC0-301F-11D3-BF4B-00C04F79EFBC}") = "Lesson_6_Arrays_9", "Lesson_6_Arrays\Lesson_6_Arrays_9\Lesson_6_Arrays_9.csproj", "{F6D2274D-CF63-45E7-9894-533B16FC3B3D}"
EndProject
Project("{FAE04EC0-301F-11D3-BF4B-00C04F79EFBC}") = "Lesson_6_Arrays_10", "Lesson_6_Arrays\Lesson_6_Arrays_10\Lesson_6_Arrays_10.csproj", "{8F94D1FC-2B67-4216-B3A4-A7C6EEDD4B5B}"
EndProject
Project("{2150E333-8FDC-42A3-9474-1A3956D46DE8}") = "_MyHomeworks", "_MyHomeworks", "{82C785A7-93C9-49E4-8689-F5E2DF541754}"
EndProject
Project("{2150E333-8FDC-42A3-9474-1A3956D46DE8}") = "07_List", "07_List", "{E53B3BF9-4255-426B-B681-3CE78B912B41}"
EndProject
Project("{FAE04EC0-301F-11D3-BF4B-00C04F79EFBC}") = "07_List_01", "_MyHomeworks\07_List\07_List_01\07_List_01.csproj", "{6AF0A29D-A744-44AB-8E2E-9A45E701727C}"
EndProject
Project("{FAE04EC0-301F-11D3-BF4B-00C04F79EFBC}") = "07_List_02", "_MyHomeworks\07_List\07_List_02\07_List_02.csproj", "{1E0DF852-0F92-4D30-A27A-E263E3F26DE2}"
EndProject
Project("{FAE04EC0-301F-11D3-BF4B-00C04F79EFBC}") = "07_List_03", "_MyHomeworks\07_List\07_List_03\07_List_03.csproj", "{8FF4DB18-5908-4EAB-A912-79CCBE232796}"
EndProject
Project("{FAE04EC0-301F-11D3-BF4B-00C04F79EFBC}") = "07_List_04", "_MyHomeworks\07_List\07_List_04\07_List_04.csproj", "{878A33F6-ABCB-4B98-9F7E-AC139915B5DE}"
EndProject
Project("{FAE04EC0-301F-11D3-BF4B-00C04F79EFBC}") = "07_List_05", "_MyHomeworks\07_List\07_List_05\07_List_05.csproj", "{4CE80304-DEB1-4831-8248-0A093F23E095}"
EndProject
Project("{FAE04EC0-301F-11D3-BF4B-00C04F79EFBC}") = "07_List_06", "_MyHomeworks\07_List\07_List_06\07_List_06.csproj", "{9F110695-4A34-4F98-B7EE-24A73B67E74A}"
EndProject
Project("{FAE04EC0-301F-11D3-BF4B-00C04F79EFBC}") = "07_List_07", "_MyHomeworks\07_List\07_List_07\07_List_07.csproj", "{10703F8C-9005-4A5C-A939-AC838F2B2F6E}"
EndProject
Project("{FAE04EC0-301F-11D3-BF4B-00C04F79EFBC}") = "07_List_08", "_MyHomeworks\07_List\07_List_08\07_List_08.csproj", "{D67C4392-678D-43B3-890C-F5489B5D183E}"
EndProject
Project("{FAE04EC0-301F-11D3-BF4B-00C04F79EFBC}") = "07_List_09", "_MyHomeworks\07_List\07_List_09\07_List_09.csproj", "{A5A4C160-FF24-4532-8412-CC91E7E913BF}"
EndProject
Project("{FAE04EC0-301F-11D3-BF4B-00C04F79EFBC}") = "07_List_10", "_MyHomeworks\07_List\07_List_10\07_List_10.csproj", "{0522CFF8-8963-47D5-945F-9310EF15255C}"
EndProject
Project("{2150E333-8FDC-42A3-9474-1A3956D46DE8}") = "07_Dict", "07_Dict", "{C0FB9948-144F-4A1A-A78F-F2D8C3D8A182}"
EndProject
Project("{FAE04EC0-301F-11D3-BF4B-00C04F79EFBC}") = "07_Dict_1", "_MyHomeworks\07_Dict\07_Dict_1\07_Dict_1.csproj", "{CADA9788-AF99-432B-90FA-9C1DF272CDF5}"
EndProject
Project("{FAE04EC0-301F-11D3-BF4B-00C04F79EFBC}") = "07_Dict_2", "_MyHomeworks\07_Dict\07_Dict_2\07_Dict_2.csproj", "{4858F4C1-4958-4A5D-AD93-391041788BA5}"
EndProject
Project("{FAE04EC0-301F-11D3-BF4B-00C04F79EFBC}") = "Lesson_7_List_Dictionary_2", "Lesson_7_List_Dictionary\Lesson_7_List_Dictionary_2\Lesson_7_List_Dictionary_2.csproj", "{40AEABB6-57D6-4309-8AFE-92CC85C0B54A}"
EndProject
Project("{FAE04EC0-301F-11D3-BF4B-00C04F79EFBC}") = "Lesson_7_List_Dictionary_3", "Lesson_7_List_Dictionary\Lesson_7_List_Dictionary_3\Lesson_7_List_Dictionary_3.csproj", "{CD7FFDEE-022D-417C-B3C0-48C4FBCEE09A}"
EndProject
Project("{FAE04EC0-301F-11D3-BF4B-00C04F79EFBC}") = "Lesson_7_List_Dictionary_4", "Lesson_7_List_Dictionary\Lesson_7_List_Dictionary_4\Lesson_7_List_Dictionary_4.csproj", "{8AA56DA2-4183-40C2-B76A-B08D50B9905A}"
EndProject
Project("{FAE04EC0-301F-11D3-BF4B-00C04F79EFBC}") = "07_Dict_6", "_MyHomeworks\07_Dict\07_Dict_6\07_Dict_6.csproj", "{AB84C9CC-8593-4F70-8AB8-2BEA0828717C}"
EndProject
Project("{FAE04EC0-301F-11D3-BF4B-00C04F79EFBC}") = "07_Dict_7", "_MyHomeworks\07_Dict\07_Dict_7\07_Dict_7.csproj", "{18CE64A3-693F-40DE-B8BA-C371CAC9AE2A}"
EndProject
Project("{FAE04EC0-301F-11D3-BF4B-00C04F79EFBC}") = "07_Dict_8", "_MyHomeworks\07_Dict\07_Dict_8\07_Dict_8.csproj", "{CBDAC341-3D9D-4B2C-8460-ABB7E5493A8E}"
EndProject
Project("{FAE04EC0-301F-11D3-BF4B-00C04F79EFBC}") = "07_Dict_3", "_MyHomeworks\07_Dict\07_Dict_3\07_Dict_3.csproj", "{1B458376-6ACC-490B-A9F3-AFBE4DF6BA6A}"
EndProject
Project("{2150E333-8FDC-42A3-9474-1A3956D46DE8}") = "Lesson_8_Strings", "Lesson_8_Strings", "{A419F164-AD8A-40A6-A3CA-6ED014BC0464}"
EndProject
Project("{FAE04EC0-301F-11D3-BF4B-00C04F79EFBC}") = "Lesson_8_Strings_1", "Lesson_8_Strings\Lesson_8_Strings_1\Lesson_8_Strings_1.csproj", "{047B3C5B-071C-4DE7-8207-28DCF8FE63C7}"
EndProject
Project("{FAE04EC0-301F-11D3-BF4B-00C04F79EFBC}") = "Lesson_8_Strings_2", "Lesson_8_Strings\Lesson_8_Strings_2\Lesson_8_Strings_2.csproj", "{BD25E1BE-7009-4A78-BD26-766A22DFB336}"
EndProject
Project("{2150E333-8FDC-42A3-9474-1A3956D46DE8}") = "_SpaceInvaders", "_SpaceInvaders", "{27B10086-13F9-4C22-9EC8-C18689F0BE9B}"
EndProject
Project("{2150E333-8FDC-42A3-9474-1A3956D46DE8}") = "_SuperMarioBros", "_SuperMarioBros", "{1E4198B0-F07D-49D0-8A37-09B84F5FDDE7}"
EndProject
Project("{FAE04EC0-301F-11D3-BF4B-00C04F79EFBC}") = "SuperMarioBros", "_SuperMarioBros\SuperMarioBros\SuperMarioBros.csproj", "{FED3EB25-68A9-48C2-BC7A-69C35E9455B1}"
EndProject
Project("{FAE04EC0-301F-11D3-BF4B-00C04F79EFBC}") = "Lesson_7_List_Dictionary_5", "Lesson_7_List_Dictionary\Lesson_7_List_Dictionary_5\Lesson_7_List_Dictionary_5.csproj", "{7A9BA750-230D-435D-AF73-E0EDA3F5697B}"
EndProject
Project("{FAE04EC0-301F-11D3-BF4B-00C04F79EFBC}") = "Lesson_7_List_Dictionary_6", "Lesson_7_List_Dictionary\Lesson_7_List_Dictionary_6\Lesson_7_List_Dictionary_6.csproj", "{CF3BD1FA-A470-4944-A9D5-77DC8F181F4D}"
EndProject
Project("{FAE04EC0-301F-11D3-BF4B-00C04F79EFBC}") = "Lesson_7_List_Dictionary_7", "Lesson_7_List_Dictionary\Lesson_7_List_Dictionary_7\Lesson_7_List_Dictionary_7.csproj", "{0B3D786B-4A41-4EDC-BA6F-EC69700D9C51}"
EndProject
Project("{FAE04EC0-301F-11D3-BF4B-00C04F79EFBC}") = "Lesson_7_List_Dictionary_8", "Lesson_7_List_Dictionary\Lesson_7_List_Dictionary_8\Lesson_7_List_Dictionary_8.csproj", "{81E1FC02-2AEB-483B-A5DB-147BFE6D7298}"
EndProject
Project("{FAE04EC0-301F-11D3-BF4B-00C04F79EFBC}") = "Lesson_7_List_Dictionary_9", "Lesson_7_List_Dictionary\Lesson_7_List_Dictionary_9\Lesson_7_List_Dictionary_9.csproj", "{836DB416-913F-4378-AA44-D746C28B60A4}"
EndProject
Project("{FAE04EC0-301F-11D3-BF4B-00C04F79EFBC}") = "SpaceInvaders", "_SpaceInvaders\SpaceInvaders.csproj", "{A81693DA-6D3D-432B-9D72-051F6751A526}"
EndProject
Project("{FAE04EC0-301F-11D3-BF4B-00C04F79EFBC}") = "Lesson_8_Strings_3", "Lesson_8_Strings\Lesson_8_Strings_3\Lesson_8_Strings_3.csproj", "{6AA8AEBD-EDAF-4E0C-8D6E-D87A868D7322}"
EndProject
Project("{FAE04EC0-301F-11D3-BF4B-00C04F79EFBC}") = "Lesson_8_Strings_4", "Lesson_8_Strings\Lesson_8_Strings_4\Lesson_8_Strings_4.csproj", "{D3CB81D5-DB73-4B54-8806-2C55926CCF71}"
EndProject
Project("{FAE04EC0-301F-11D3-BF4B-00C04F79EFBC}") = "Lesson_8_Strings_5", "Lesson_8_Strings\Lesson_8_Strings_5\Lesson_8_Strings_5.csproj", "{9F1BE59B-0637-4301-9306-F605430F286C}"
EndProject
Project("{2150E333-8FDC-42A3-9474-1A3956D46DE8}") = "Plenhei Yevhen", "Plenhei Yevhen", "{E49A791E-0DDF-4A7E-B19F-7400A09510FB}"
EndProject
Project("{FAE04EC0-301F-11D3-BF4B-00C04F79EFBC}") = "_07_List_Dict", "_Students\Plenhei Yevhen\_07_List_Dict\_07_List_Dict.csproj", "{5EFE2645-9A7B-4FC6-ACA1-7ECC03A57310}"
EndProject
Project("{FAE04EC0-301F-11D3-BF4B-00C04F79EFBC}") = "_07_List_Dict_02", "_Students\Plenhei Yevhen\_07_List_Dict_02\_07_List_Dict_02.csproj", "{40E29F7A-F54F-4156-9906-41AF49E4C3B3}"
EndProject
Project("{FAE04EC0-301F-11D3-BF4B-00C04F79EFBC}") = "_07_List_Dict_03", "_Students\Plenhei Yevhen\_07_List_Dict_03\_07_List_Dict_03.csproj", "{3DAC57A8-551A-47B8-BEE1-1BFA743C6C36}"
EndProject
Project("{FAE04EC0-301F-11D3-BF4B-00C04F79EFBC}") = "_07_List_Dict_04", "_Students\Plenhei Yevhen\_07_List_Dict_04\_07_List_Dict_04.csproj", "{9361AEDC-EF47-4FD4-9B07-AA57E5B76C3B}"
EndProject
Project("{FAE04EC0-301F-11D3-BF4B-00C04F79EFBC}") = "_07_List_Dict_05", "_Students\Plenhei Yevhen\_07_List_Dict_05\_07_List_Dict_05.csproj", "{50E53E65-024E-48D1-98F6-EDE9320C5929}"
EndProject
Project("{FAE04EC0-301F-11D3-BF4B-00C04F79EFBC}") = "_07_List_Dict_06", "_Students\Plenhei Yevhen\_07_List_Dict_06\_07_List_Dict_06.csproj", "{50E2CC8C-46F5-42AD-AE68-62975CCD2B3D}"
EndProject
Project("{FAE04EC0-301F-11D3-BF4B-00C04F79EFBC}") = "_07_List_Dict_07", "_Students\Plenhei Yevhen\_07_List_Dict_07\_07_List_Dict_07.csproj", "{EDC509C5-21F1-4054-902E-684CB246D088}"
EndProject
Project("{FAE04EC0-301F-11D3-BF4B-00C04F79EFBC}") = "_07_List_Dict_08", "_Students\Plenhei Yevhen\_07_List_Dict_08\_07_List_Dict_08.csproj", "{1DD60B01-E7CE-480B-9A1B-B42F92164747}"
EndProject
Project("{FAE04EC0-301F-11D3-BF4B-00C04F79EFBC}") = "_07_List_Dict_09", "_Students\Plenhei Yevhen\_07_List_Dict_09\_07_List_Dict_09.csproj", "{D081C529-18A8-48EA-9EBF-D24470C2E7A8}"
EndProject
Project("{FAE04EC0-301F-11D3-BF4B-00C04F79EFBC}") = "_07_List_Dict_10", "_Students\Plenhei Yevhen\_07_List_Dict_10\_07_List_Dict_10.csproj", "{CDF5CF9D-58AD-4A69-97EC-AFCE8AA59F98}"
EndProject
Project("{FAE04EC0-301F-11D3-BF4B-00C04F79EFBC}") = "Lesson_7_List_Dictionary_10", "Lesson_7_List_Dictionary\Lesson_7_List_Dictionary_10\Lesson_7_List_Dictionary_10.csproj", "{5D326250-5EA2-4927-A8B2-B8B394197E7F}"
EndProject
Project("{FAE04EC0-301F-11D3-BF4B-00C04F79EFBC}") = "_07_List_Dict_11", "_Students\Plenhei Yevhen\_07_List_Dict_11\_07_List_Dict_11.csproj", "{DA3608BA-31ED-4A41-8EEA-CD7AC4D28467}"
EndProject
Project("{FAE04EC0-301F-11D3-BF4B-00C04F79EFBC}") = "_07_List_Dict_12", "_Students\Plenhei Yevhen\_07_List_Dict_12\_07_List_Dict_12.csproj", "{AE455AD0-D684-45FC-9191-DF9C52914D4D}"
EndProject
Project("{FAE04EC0-301F-11D3-BF4B-00C04F79EFBC}") = "_07_List_Dict_13", "_Students\Plenhei Yevhen\_07_List_Dict_13\_07_List_Dict_13.csproj", "{E7F7D6EE-D8D8-402A-9D0B-C53B30AAF0D4}"
EndProject
Project("{FAE04EC0-301F-11D3-BF4B-00C04F79EFBC}") = "_07_List_Dict_14", "_Students\Plenhei Yevhen\_07_List_Dict_14\_07_List_Dict_14.csproj", "{7C2038DA-1567-4722-844A-34E7ED62FDE4}"
EndProject
Project("{FAE04EC0-301F-11D3-BF4B-00C04F79EFBC}") = "_07_List_Dict_15", "_Students\Plenhei Yevhen\_07_List_Dict_15\_07_List_Dict_15.csproj", "{4D98E26A-E5A9-439B-B00E-E54EF1C28532}"
EndProject
Project("{FAE04EC0-301F-11D3-BF4B-00C04F79EFBC}") = "_07_List_Dict_16", "_Students\Plenhei Yevhen\_07_List_Dict_16\_07_List_Dict_16.csproj", "{0F6B4BE9-B732-45CF-9D01-C6C4CD148953}"
EndProject
Project("{FAE04EC0-301F-11D3-BF4B-00C04F79EFBC}") = "_07_List_Dict_17", "_Students\Plenhei Yevhen\_07_List_Dict_17\_07_List_Dict_17.csproj", "{4A7C7200-9A16-4483-B361-C01758300FA0}"
EndProject
Project("{FAE04EC0-301F-11D3-BF4B-00C04F79EFBC}") = "_07_List_Dict_18", "_Students\Plenhei Yevhen\_07_List_Dict_18\_07_List_Dict_18.csproj", "{861DB106-D6D1-4C6D-A44F-46C39344F266}"
EndProject
Project("{FAE04EC0-301F-11D3-BF4B-00C04F79EFBC}") = "_07_List_Dict_19", "_Students\Plenhei Yevhen\_07_List_Dict_19\_07_List_Dict_19.csproj", "{26EDF62F-7028-4A42-BABA-90A463047F5C}"
EndProject
Project("{FAE04EC0-301F-11D3-BF4B-00C04F79EFBC}") = "Lesson_8_Strings_6", "Lesson_8_Strings\Lesson_8_Strings_6\Lesson_8_Strings_6.csproj", "{1C4F4793-07CE-49F3-BE87-884899CC5065}"
EndProject
Project("{2150E333-8FDC-42A3-9474-1A3956D46DE8}") = "_RenderLayers", "_RenderLayers", "{D41D3EBA-7923-4808-BCEC-317C0F927F57}"
EndProject
Project("{FAE04EC0-301F-11D3-BF4B-00C04F79EFBC}") = "_RenderLayers", "_RenderLayers\_RenderLayers\_RenderLayers.csproj", "{1B3AABCE-0BA0-4F32-9F98-CD399F0EA5FF}"
EndProject
Project("{2150E333-8FDC-42A3-9474-1A3956D46DE8}") = "_RPG", "_RPG", "{FB1C5D98-E39F-4243-A494-6B16B4154774}"
EndProject
Project("{FAE04EC0-301F-11D3-BF4B-00C04F79EFBC}") = "RPG_Monochrome", "_RPG\RPG_Monochrome\RPG_Monochrome.csproj", "{432A6523-ADE2-42C9-B474-6E1774853599}"
EndProject
Project("{2150E333-8FDC-42A3-9474-1A3956D46DE8}") = "Lesson_9_Methods", "Lesson_9_Methods", "{0BFF94B6-90C0-4A92-814E-F5B5D57C0622}"
EndProject
Project("{FAE04EC0-301F-11D3-BF4B-00C04F79EFBC}") = "Lesson_9_Methods_1", "Lesson_9_Methods\Lesson_9_Methods_1\Lesson_9_Methods_1.csproj", "{86F478B5-D29C-4020-8DDD-00771E683436}"
EndProject
Project("{FAE04EC0-301F-11D3-BF4B-00C04F79EFBC}") = "Lesson_9_Methods_2", "Lesson_9_Methods\Lesson_9_Methods_2\Lesson_9_Methods_2.csproj", "{4820FC04-38A2-4211-905B-164B5AD0C542}"
EndProject
Project("{FAE04EC0-301F-11D3-BF4B-00C04F79EFBC}") = "Lesson_9_Methods_3", "Lesson_9_Methods\Lesson_9_Methods_3\Lesson_9_Methods_3.csproj", "{934912F0-EDB5-4016-B642-64518D60172D}"
EndProject
Project("{FAE04EC0-301F-11D3-BF4B-00C04F79EFBC}") = "Lesson_9_Methods_4", "Lesson_9_Methods\Lesson_9_Methods_4\Lesson_9_Methods_4.csproj", "{83EAD992-D4BC-44A6-A7C5-3B1355CBA91B}"
EndProject
Project("{FAE04EC0-301F-11D3-BF4B-00C04F79EFBC}") = "Lesson_9_Methods_5", "Lesson_9_Methods\Lesson_9_Methods_5\Lesson_9_Methods_5.csproj", "{86F50272-9DE4-4066-926D-E6815AC56467}"
EndProject
Project("{FAE04EC0-301F-11D3-BF4B-00C04F79EFBC}") = "Lesson_9_Methods_6", "Lesson_9_Methods\Lesson_9_Methods_6\Lesson_9_Methods_6.csproj", "{844E4766-119F-49A3-9509-3B4D3A708632}"
EndProject
Project("{FAE04EC0-301F-11D3-BF4B-00C04F79EFBC}") = "Lesson_9_Methods_7", "Lesson_9_Methods\Lesson_9_Methods_7\Lesson_9_Methods_7.csproj", "{ABB0075E-F399-45C8-8C9F-CC78BCE8D302}"
EndProject
Project("{FAE04EC0-301F-11D3-BF4B-00C04F79EFBC}") = "Lesson_9_Methods_8", "Lesson_9_Methods\Lesson_9_Methods_8\Lesson_9_Methods_8.csproj", "{E3249E7E-8A70-413B-8E35-F074A9CD8149}"
EndProject
Project("{FAE04EC0-301F-11D3-BF4B-00C04F79EFBC}") = "Lesson_9_Methods_9", "Lesson_9_Methods\Lesson_9_Methods_9\Lesson_9_Methods_9.csproj", "{B24B63D9-1A80-4A80-9E82-0A03618002B0}"
EndProject
Project("{FAE04EC0-301F-11D3-BF4B-00C04F79EFBC}") = "Lesson_9_Methods_10", "Lesson_9_Methods\Lesson_9_Methods_10\Lesson_9_Methods_10.csproj", "{DBF3B3A7-F279-422C-B054-7C85CAE8D1B0}"
EndProject
Project("{FAE04EC0-301F-11D3-BF4B-00C04F79EFBC}") = "Lesson_9_Methods_11", "Lesson_9_Methods\Lesson_9_Methods_11\Lesson_9_Methods_11.csproj", "{CFB2F486-9BD3-4FFE-A8CC-B5961CAD3C53}"
EndProject
Project("{FAE04EC0-301F-11D3-BF4B-00C04F79EFBC}") = "Lesson_9_Methods_12", "Lesson_9_Methods\Lesson_9_Methods_12\Lesson_9_Methods_12.csproj", "{7EB524E1-8636-44B7-8F31-D36B64985727}"
EndProject
Project("{FAE04EC0-301F-11D3-BF4B-00C04F79EFBC}") = "_08_Methods_01", "_Students\Plenhei Yevhen\_08_Methods_01\_08_Methods_01.csproj", "{4DC0B701-B0EB-4381-B0B6-831A8378B702}"
EndProject
Project("{FAE04EC0-301F-11D3-BF4B-00C04F79EFBC}") = "_08_Methods_02", "_Students\Plenhei Yevhen\_08_Methods_02\_08_Methods_02.csproj", "{9B5CFF49-AC66-4EDD-9CC4-B4B776DE39D1}"
EndProject
Project("{2150E333-8FDC-42A3-9474-1A3956D46DE8}") = "Skurtu Yehor", "Skurtu Yehor", "{53AD3653-6405-4D18-8225-28D7718EF694}"
EndProject
Project("{FAE04EC0-301F-11D3-BF4B-00C04F79EFBC}") = "_09_Methods", "_Students\Skurtu Yehor\_09_Methods\_09_Methods.csproj", "{AB868646-40D7-4FBB-95E7-107DE138E0B4}"
EndProject
Project("{2150E333-8FDC-42A3-9474-1A3956D46DE8}") = "Kilyushik Vladislav", "Kilyushik Vladislav", "{90028987-1B1C-4DDC-9AF6-B19D40611F70}"
EndProject
Project("{FAE04EC0-301F-11D3-BF4B-00C04F79EFBC}") = "_09_Methods", "_Students\Kilyushik Vladislav\_09_Methods\_09_Methods.csproj", "{A2719BC7-C9AF-45B3-914A-2B1242A7C58A}"
EndProject
Project("{2150E333-8FDC-42A3-9474-1A3956D46DE8}") = "Lesson_10_CodeWars", "Lesson_10_CodeWars", "{DF2500C8-1DBD-479C-B7E7-0796C0001E5C}"
EndProject
Project("{2150E333-8FDC-42A3-9474-1A3956D46DE8}") = "Siahrovets Yehor", "Siahrovets Yehor", "{8C4BCC62-DEAA-4B23-B128-2828137D55FC}"
EndProject
Project("{FAE04EC0-301F-11D3-BF4B-00C04F79EFBC}") = "_09_Methods", "_Students\Siahrovets Yehor\_09_Methods\_09_Methods.csproj", "{749EF5EE-3883-44C9-8F5B-008522BCC79E}"
EndProject
Project("{2150E333-8FDC-42A3-9474-1A3956D46DE8}") = "Lesson_11_MagicalCrystal", "Lesson_11_MagicalCrystal", "{92F3CBAC-59ED-4FC7-8D43-BAD008E160A7}"
EndProject
Project("{FAE04EC0-301F-11D3-BF4B-00C04F79EFBC}") = "Lesson_11_MagicalCrystal_02", "Lesson_11_MagicalCrystal\Lesson_11_MagicalCrystal_02\Lesson_11_MagicalCrystal_02.csproj", "{F0A6490E-B647-4F95-B482-34EB81BC2C76}"
EndProject
Project("{FAE04EC0-301F-11D3-BF4B-00C04F79EFBC}") = "Lesson_11_MagicalCrystal_01", "Lesson_11_MagicalCrystal\Lesson_11_MagicalCrystal_01\Lesson_11_MagicalCrystal_01.csproj", "{A58CC194-4DF6-4997-AF42-1A229176B857}"
EndProject
Project("{FAE04EC0-301F-11D3-BF4B-00C04F79EFBC}") = "Lesson_10_CodeWars_2", "Lesson_10_CodeWars\Lesson_10_CodeWars_2\Lesson_10_CodeWars_2.csproj", "{EF9EF141-BDA8-450B-906A-EDB262E46629}"
EndProject
Project("{FAE04EC0-301F-11D3-BF4B-00C04F79EFBC}") = "Lesson_10_CodeWars_3", "Lesson_10_CodeWars\Lesson_10_CodeWars_3\Lesson_10_CodeWars_3.csproj", "{EF7D06E3-68DD-4F16-96D7-DBD67A4C3D2F}"
EndProject
Project("{FAE04EC0-301F-11D3-BF4B-00C04F79EFBC}") = "Lesson_10_CodeWars_4", "Lesson_10_CodeWars\Lesson_10_CodeWars_4\Lesson_10_CodeWars_4.csproj", "{2C262C92-28A1-428B-9E22-FE70C219694C}"
EndProject
Project("{2150E333-8FDC-42A3-9474-1A3956D46DE8}") = "Lesson_12_OOP", "Lesson_12_OOP", "{DD35C060-3EF8-460F-B7F2-CC05293D47E6}"
EndProject
Project("{FAE04EC0-301F-11D3-BF4B-00C04F79EFBC}") = "Lesson_12_OOP_1", "Lesson_12_OOP\Lesson_12_OOP_1\Lesson_12_OOP_1.csproj", "{BC75E7E3-C5DE-49AB-86F9-46B45C4871A3}"
EndProject
Project("{2150E333-8FDC-42A3-9474-1A3956D46DE8}") = "_Async_Await", "_Async_Await", "{E398C1B6-59E8-470B-A090-F1872227D663}"
EndProject
Project("{FAE04EC0-301F-11D3-BF4B-00C04F79EFBC}") = "_Async_Await_01", "_Async_Await\_Async_Await_01\_Async_Await_01.csproj", "{F01505EE-BFDC-405B-ADF1-6C6BC7973289}"
EndProject
Project("{FAE04EC0-301F-11D3-BF4B-00C04F79EFBC}") = "_Async_Await_02", "_Async_Await\_Async_Await_02\_Async_Await_02.csproj", "{A95D2FEC-074A-4B48-8D83-036B48E88876}"
EndProject
Project("{FAE04EC0-301F-11D3-BF4B-00C04F79EFBC}") = "Lesson_12_OOP_2", "Lesson_12_OOP\Lesson_12_OOP_2\Lesson_12_OOP_2.csproj", "{B8383A90-18C0-4144-ACB8-0DF3414F48F7}"
EndProject
Global
	GlobalSection(SolutionConfigurationPlatforms) = preSolution
		Debug|Any CPU = Debug|Any CPU
		Release|Any CPU = Release|Any CPU
	EndGlobalSection
	GlobalSection(ProjectConfigurationPlatforms) = postSolution
		{0CFFC52A-2960-4FA7-8A77-9AD967552834}.Debug|Any CPU.ActiveCfg = Debug|Any CPU
		{0CFFC52A-2960-4FA7-8A77-9AD967552834}.Debug|Any CPU.Build.0 = Debug|Any CPU
		{0CFFC52A-2960-4FA7-8A77-9AD967552834}.Release|Any CPU.ActiveCfg = Release|Any CPU
		{0CFFC52A-2960-4FA7-8A77-9AD967552834}.Release|Any CPU.Build.0 = Release|Any CPU
		{9BCB830C-2198-41CD-8B60-7E42C115F9E2}.Debug|Any CPU.ActiveCfg = Debug|Any CPU
		{9BCB830C-2198-41CD-8B60-7E42C115F9E2}.Debug|Any CPU.Build.0 = Debug|Any CPU
		{9BCB830C-2198-41CD-8B60-7E42C115F9E2}.Release|Any CPU.ActiveCfg = Release|Any CPU
		{9BCB830C-2198-41CD-8B60-7E42C115F9E2}.Release|Any CPU.Build.0 = Release|Any CPU
		{1986E603-C8AB-468D-8F02-32E02AC8815D}.Debug|Any CPU.ActiveCfg = Debug|Any CPU
		{1986E603-C8AB-468D-8F02-32E02AC8815D}.Debug|Any CPU.Build.0 = Debug|Any CPU
		{1986E603-C8AB-468D-8F02-32E02AC8815D}.Release|Any CPU.ActiveCfg = Release|Any CPU
		{1986E603-C8AB-468D-8F02-32E02AC8815D}.Release|Any CPU.Build.0 = Release|Any CPU
		{0CBFC127-F1EC-4C40-8313-E6197804A88D}.Debug|Any CPU.ActiveCfg = Debug|Any CPU
		{0CBFC127-F1EC-4C40-8313-E6197804A88D}.Debug|Any CPU.Build.0 = Debug|Any CPU
		{0CBFC127-F1EC-4C40-8313-E6197804A88D}.Release|Any CPU.ActiveCfg = Release|Any CPU
		{0CBFC127-F1EC-4C40-8313-E6197804A88D}.Release|Any CPU.Build.0 = Release|Any CPU
		{62F44936-194E-46F6-841C-32CFFEC377B4}.Debug|Any CPU.ActiveCfg = Debug|Any CPU
		{62F44936-194E-46F6-841C-32CFFEC377B4}.Debug|Any CPU.Build.0 = Debug|Any CPU
		{62F44936-194E-46F6-841C-32CFFEC377B4}.Release|Any CPU.ActiveCfg = Release|Any CPU
		{62F44936-194E-46F6-841C-32CFFEC377B4}.Release|Any CPU.Build.0 = Release|Any CPU
		{EC549E2C-2A9F-4714-AADF-9A07F6DF3159}.Debug|Any CPU.ActiveCfg = Debug|Any CPU
		{EC549E2C-2A9F-4714-AADF-9A07F6DF3159}.Debug|Any CPU.Build.0 = Debug|Any CPU
		{EC549E2C-2A9F-4714-AADF-9A07F6DF3159}.Release|Any CPU.ActiveCfg = Release|Any CPU
		{EC549E2C-2A9F-4714-AADF-9A07F6DF3159}.Release|Any CPU.Build.0 = Release|Any CPU
		{B6DC204E-07E3-4EDB-BBB7-267E6BC792AA}.Debug|Any CPU.ActiveCfg = Debug|Any CPU
		{B6DC204E-07E3-4EDB-BBB7-267E6BC792AA}.Debug|Any CPU.Build.0 = Debug|Any CPU
		{B6DC204E-07E3-4EDB-BBB7-267E6BC792AA}.Release|Any CPU.ActiveCfg = Release|Any CPU
		{B6DC204E-07E3-4EDB-BBB7-267E6BC792AA}.Release|Any CPU.Build.0 = Release|Any CPU
		{9A27CB52-946D-439C-BDC6-0F241940F2CE}.Debug|Any CPU.ActiveCfg = Debug|Any CPU
		{9A27CB52-946D-439C-BDC6-0F241940F2CE}.Debug|Any CPU.Build.0 = Debug|Any CPU
		{9A27CB52-946D-439C-BDC6-0F241940F2CE}.Release|Any CPU.ActiveCfg = Release|Any CPU
		{9A27CB52-946D-439C-BDC6-0F241940F2CE}.Release|Any CPU.Build.0 = Release|Any CPU
		{387981DB-56D7-4F09-9376-96940583E337}.Debug|Any CPU.ActiveCfg = Debug|Any CPU
		{387981DB-56D7-4F09-9376-96940583E337}.Debug|Any CPU.Build.0 = Debug|Any CPU
		{387981DB-56D7-4F09-9376-96940583E337}.Release|Any CPU.ActiveCfg = Release|Any CPU
		{387981DB-56D7-4F09-9376-96940583E337}.Release|Any CPU.Build.0 = Release|Any CPU
		{2C1889BE-501D-458A-A7AC-19D18CC151E3}.Debug|Any CPU.ActiveCfg = Debug|Any CPU
		{2C1889BE-501D-458A-A7AC-19D18CC151E3}.Debug|Any CPU.Build.0 = Debug|Any CPU
		{2C1889BE-501D-458A-A7AC-19D18CC151E3}.Release|Any CPU.ActiveCfg = Release|Any CPU
		{2C1889BE-501D-458A-A7AC-19D18CC151E3}.Release|Any CPU.Build.0 = Release|Any CPU
		{4629E642-788B-4DE1-A95D-B23089A23B63}.Debug|Any CPU.ActiveCfg = Debug|Any CPU
		{4629E642-788B-4DE1-A95D-B23089A23B63}.Debug|Any CPU.Build.0 = Debug|Any CPU
		{4629E642-788B-4DE1-A95D-B23089A23B63}.Release|Any CPU.ActiveCfg = Release|Any CPU
		{4629E642-788B-4DE1-A95D-B23089A23B63}.Release|Any CPU.Build.0 = Release|Any CPU
		{AA755C29-3FB9-46CB-A977-291E8546B175}.Debug|Any CPU.ActiveCfg = Debug|Any CPU
		{AA755C29-3FB9-46CB-A977-291E8546B175}.Debug|Any CPU.Build.0 = Debug|Any CPU
		{AA755C29-3FB9-46CB-A977-291E8546B175}.Release|Any CPU.ActiveCfg = Release|Any CPU
		{AA755C29-3FB9-46CB-A977-291E8546B175}.Release|Any CPU.Build.0 = Release|Any CPU
		{40C89174-D475-4F0E-890E-C45E89295197}.Debug|Any CPU.ActiveCfg = Debug|Any CPU
		{40C89174-D475-4F0E-890E-C45E89295197}.Debug|Any CPU.Build.0 = Debug|Any CPU
		{40C89174-D475-4F0E-890E-C45E89295197}.Release|Any CPU.ActiveCfg = Release|Any CPU
		{40C89174-D475-4F0E-890E-C45E89295197}.Release|Any CPU.Build.0 = Release|Any CPU
		{033A58B1-5939-43C1-87D2-8D67309D978E}.Debug|Any CPU.ActiveCfg = Debug|Any CPU
		{033A58B1-5939-43C1-87D2-8D67309D978E}.Debug|Any CPU.Build.0 = Debug|Any CPU
		{033A58B1-5939-43C1-87D2-8D67309D978E}.Release|Any CPU.ActiveCfg = Release|Any CPU
		{033A58B1-5939-43C1-87D2-8D67309D978E}.Release|Any CPU.Build.0 = Release|Any CPU
		{E6B26B84-B156-4810-BD7A-F63709BF8AFD}.Debug|Any CPU.ActiveCfg = Debug|Any CPU
		{E6B26B84-B156-4810-BD7A-F63709BF8AFD}.Debug|Any CPU.Build.0 = Debug|Any CPU
		{E6B26B84-B156-4810-BD7A-F63709BF8AFD}.Release|Any CPU.ActiveCfg = Release|Any CPU
		{E6B26B84-B156-4810-BD7A-F63709BF8AFD}.Release|Any CPU.Build.0 = Release|Any CPU
		{71E1396C-2FFE-4D70-9D33-8AE88289951E}.Debug|Any CPU.ActiveCfg = Debug|Any CPU
		{71E1396C-2FFE-4D70-9D33-8AE88289951E}.Debug|Any CPU.Build.0 = Debug|Any CPU
		{71E1396C-2FFE-4D70-9D33-8AE88289951E}.Release|Any CPU.ActiveCfg = Release|Any CPU
		{71E1396C-2FFE-4D70-9D33-8AE88289951E}.Release|Any CPU.Build.0 = Release|Any CPU
		{CC69BBBB-43AA-4EB3-946C-74B9D740219F}.Debug|Any CPU.ActiveCfg = Debug|Any CPU
		{CC69BBBB-43AA-4EB3-946C-74B9D740219F}.Debug|Any CPU.Build.0 = Debug|Any CPU
		{CC69BBBB-43AA-4EB3-946C-74B9D740219F}.Release|Any CPU.ActiveCfg = Release|Any CPU
		{CC69BBBB-43AA-4EB3-946C-74B9D740219F}.Release|Any CPU.Build.0 = Release|Any CPU
		{4F8D229C-F6B1-4B06-8931-DCCE11CC262C}.Debug|Any CPU.ActiveCfg = Debug|Any CPU
		{4F8D229C-F6B1-4B06-8931-DCCE11CC262C}.Debug|Any CPU.Build.0 = Debug|Any CPU
		{4F8D229C-F6B1-4B06-8931-DCCE11CC262C}.Release|Any CPU.ActiveCfg = Release|Any CPU
		{4F8D229C-F6B1-4B06-8931-DCCE11CC262C}.Release|Any CPU.Build.0 = Release|Any CPU
		{56F80568-2F43-4F96-B065-28C2FDDC3FE0}.Debug|Any CPU.ActiveCfg = Debug|Any CPU
		{56F80568-2F43-4F96-B065-28C2FDDC3FE0}.Debug|Any CPU.Build.0 = Debug|Any CPU
		{56F80568-2F43-4F96-B065-28C2FDDC3FE0}.Release|Any CPU.ActiveCfg = Release|Any CPU
		{56F80568-2F43-4F96-B065-28C2FDDC3FE0}.Release|Any CPU.Build.0 = Release|Any CPU
		{04AFCCBA-CF88-4765-B25A-4804AE4AE2D4}.Debug|Any CPU.ActiveCfg = Debug|Any CPU
		{04AFCCBA-CF88-4765-B25A-4804AE4AE2D4}.Debug|Any CPU.Build.0 = Debug|Any CPU
		{04AFCCBA-CF88-4765-B25A-4804AE4AE2D4}.Release|Any CPU.ActiveCfg = Release|Any CPU
		{04AFCCBA-CF88-4765-B25A-4804AE4AE2D4}.Release|Any CPU.Build.0 = Release|Any CPU
		{98048FAD-BF76-406A-9614-372F5CB91B4A}.Debug|Any CPU.ActiveCfg = Debug|Any CPU
		{98048FAD-BF76-406A-9614-372F5CB91B4A}.Debug|Any CPU.Build.0 = Debug|Any CPU
		{98048FAD-BF76-406A-9614-372F5CB91B4A}.Release|Any CPU.ActiveCfg = Release|Any CPU
		{98048FAD-BF76-406A-9614-372F5CB91B4A}.Release|Any CPU.Build.0 = Release|Any CPU
		{13DD25EF-3916-42FA-ADFF-9BEE885C6755}.Debug|Any CPU.ActiveCfg = Debug|Any CPU
		{13DD25EF-3916-42FA-ADFF-9BEE885C6755}.Debug|Any CPU.Build.0 = Debug|Any CPU
		{13DD25EF-3916-42FA-ADFF-9BEE885C6755}.Release|Any CPU.ActiveCfg = Release|Any CPU
		{13DD25EF-3916-42FA-ADFF-9BEE885C6755}.Release|Any CPU.Build.0 = Release|Any CPU
		{A2323F14-CB61-4EE8-BD8D-8349180E19C1}.Debug|Any CPU.ActiveCfg = Debug|Any CPU
		{A2323F14-CB61-4EE8-BD8D-8349180E19C1}.Debug|Any CPU.Build.0 = Debug|Any CPU
		{A2323F14-CB61-4EE8-BD8D-8349180E19C1}.Release|Any CPU.ActiveCfg = Release|Any CPU
		{A2323F14-CB61-4EE8-BD8D-8349180E19C1}.Release|Any CPU.Build.0 = Release|Any CPU
		{A70FDFA3-3909-42B1-9762-ADD7C2F80407}.Debug|Any CPU.ActiveCfg = Debug|Any CPU
		{A70FDFA3-3909-42B1-9762-ADD7C2F80407}.Debug|Any CPU.Build.0 = Debug|Any CPU
		{A70FDFA3-3909-42B1-9762-ADD7C2F80407}.Release|Any CPU.ActiveCfg = Release|Any CPU
		{A70FDFA3-3909-42B1-9762-ADD7C2F80407}.Release|Any CPU.Build.0 = Release|Any CPU
		{A96203DF-5FE6-47BF-812E-1A08E05E8198}.Debug|Any CPU.ActiveCfg = Debug|Any CPU
		{A96203DF-5FE6-47BF-812E-1A08E05E8198}.Debug|Any CPU.Build.0 = Debug|Any CPU
		{A96203DF-5FE6-47BF-812E-1A08E05E8198}.Release|Any CPU.ActiveCfg = Release|Any CPU
		{A96203DF-5FE6-47BF-812E-1A08E05E8198}.Release|Any CPU.Build.0 = Release|Any CPU
		{D8C249D6-B6D0-4CF4-BD13-5DA183E7B6DB}.Debug|Any CPU.ActiveCfg = Debug|Any CPU
		{D8C249D6-B6D0-4CF4-BD13-5DA183E7B6DB}.Debug|Any CPU.Build.0 = Debug|Any CPU
		{D8C249D6-B6D0-4CF4-BD13-5DA183E7B6DB}.Release|Any CPU.ActiveCfg = Release|Any CPU
		{D8C249D6-B6D0-4CF4-BD13-5DA183E7B6DB}.Release|Any CPU.Build.0 = Release|Any CPU
		{BF945965-D3E8-455A-9C6B-E7E6631F5644}.Debug|Any CPU.ActiveCfg = Debug|Any CPU
		{BF945965-D3E8-455A-9C6B-E7E6631F5644}.Debug|Any CPU.Build.0 = Debug|Any CPU
		{BF945965-D3E8-455A-9C6B-E7E6631F5644}.Release|Any CPU.ActiveCfg = Release|Any CPU
		{BF945965-D3E8-455A-9C6B-E7E6631F5644}.Release|Any CPU.Build.0 = Release|Any CPU
		{CB9898BE-4F42-48AC-BC26-7B89C39F3236}.Debug|Any CPU.ActiveCfg = Debug|Any CPU
		{CB9898BE-4F42-48AC-BC26-7B89C39F3236}.Debug|Any CPU.Build.0 = Debug|Any CPU
		{CB9898BE-4F42-48AC-BC26-7B89C39F3236}.Release|Any CPU.ActiveCfg = Release|Any CPU
		{CB9898BE-4F42-48AC-BC26-7B89C39F3236}.Release|Any CPU.Build.0 = Release|Any CPU
		{0FFD3452-685B-4A3A-AB6E-2C602F191AF2}.Debug|Any CPU.ActiveCfg = Debug|Any CPU
		{0FFD3452-685B-4A3A-AB6E-2C602F191AF2}.Debug|Any CPU.Build.0 = Debug|Any CPU
		{0FFD3452-685B-4A3A-AB6E-2C602F191AF2}.Release|Any CPU.ActiveCfg = Release|Any CPU
		{0FFD3452-685B-4A3A-AB6E-2C602F191AF2}.Release|Any CPU.Build.0 = Release|Any CPU
		{6F4D0BF4-F206-45DC-ACB0-E02A6DE6B5E7}.Debug|Any CPU.ActiveCfg = Debug|Any CPU
		{6F4D0BF4-F206-45DC-ACB0-E02A6DE6B5E7}.Debug|Any CPU.Build.0 = Debug|Any CPU
		{6F4D0BF4-F206-45DC-ACB0-E02A6DE6B5E7}.Release|Any CPU.ActiveCfg = Release|Any CPU
		{6F4D0BF4-F206-45DC-ACB0-E02A6DE6B5E7}.Release|Any CPU.Build.0 = Release|Any CPU
		{E23FAEFA-141C-4C54-82BA-10FFA069AFCE}.Debug|Any CPU.ActiveCfg = Debug|Any CPU
		{E23FAEFA-141C-4C54-82BA-10FFA069AFCE}.Debug|Any CPU.Build.0 = Debug|Any CPU
		{E23FAEFA-141C-4C54-82BA-10FFA069AFCE}.Release|Any CPU.ActiveCfg = Release|Any CPU
		{E23FAEFA-141C-4C54-82BA-10FFA069AFCE}.Release|Any CPU.Build.0 = Release|Any CPU
		{A7BD18C1-3C96-4F8F-A07C-5150166B3D87}.Debug|Any CPU.ActiveCfg = Debug|Any CPU
		{A7BD18C1-3C96-4F8F-A07C-5150166B3D87}.Debug|Any CPU.Build.0 = Debug|Any CPU
		{A7BD18C1-3C96-4F8F-A07C-5150166B3D87}.Release|Any CPU.ActiveCfg = Release|Any CPU
		{A7BD18C1-3C96-4F8F-A07C-5150166B3D87}.Release|Any CPU.Build.0 = Release|Any CPU
		{56DD0ECF-3E0D-42E7-A6A4-9B4B7E9E450B}.Debug|Any CPU.ActiveCfg = Debug|Any CPU
		{56DD0ECF-3E0D-42E7-A6A4-9B4B7E9E450B}.Debug|Any CPU.Build.0 = Debug|Any CPU
		{56DD0ECF-3E0D-42E7-A6A4-9B4B7E9E450B}.Release|Any CPU.ActiveCfg = Release|Any CPU
		{56DD0ECF-3E0D-42E7-A6A4-9B4B7E9E450B}.Release|Any CPU.Build.0 = Release|Any CPU
		{E1FD2A3A-AF25-4155-8A05-E86212491C6E}.Debug|Any CPU.ActiveCfg = Debug|Any CPU
		{E1FD2A3A-AF25-4155-8A05-E86212491C6E}.Debug|Any CPU.Build.0 = Debug|Any CPU
		{E1FD2A3A-AF25-4155-8A05-E86212491C6E}.Release|Any CPU.ActiveCfg = Release|Any CPU
		{E1FD2A3A-AF25-4155-8A05-E86212491C6E}.Release|Any CPU.Build.0 = Release|Any CPU
		{FBD2AE51-0B1E-4EFF-8455-F2CB803D1BDB}.Debug|Any CPU.ActiveCfg = Debug|Any CPU
		{FBD2AE51-0B1E-4EFF-8455-F2CB803D1BDB}.Debug|Any CPU.Build.0 = Debug|Any CPU
		{FBD2AE51-0B1E-4EFF-8455-F2CB803D1BDB}.Release|Any CPU.ActiveCfg = Release|Any CPU
		{FBD2AE51-0B1E-4EFF-8455-F2CB803D1BDB}.Release|Any CPU.Build.0 = Release|Any CPU
		{9A0F76AE-C14D-47AB-87B6-BD5E7C767061}.Debug|Any CPU.ActiveCfg = Debug|Any CPU
		{9A0F76AE-C14D-47AB-87B6-BD5E7C767061}.Debug|Any CPU.Build.0 = Debug|Any CPU
		{9A0F76AE-C14D-47AB-87B6-BD5E7C767061}.Release|Any CPU.ActiveCfg = Release|Any CPU
		{9A0F76AE-C14D-47AB-87B6-BD5E7C767061}.Release|Any CPU.Build.0 = Release|Any CPU
		{D6825DD6-056D-43D8-9612-C861C4B131AF}.Debug|Any CPU.ActiveCfg = Debug|Any CPU
		{D6825DD6-056D-43D8-9612-C861C4B131AF}.Debug|Any CPU.Build.0 = Debug|Any CPU
		{D6825DD6-056D-43D8-9612-C861C4B131AF}.Release|Any CPU.ActiveCfg = Release|Any CPU
		{D6825DD6-056D-43D8-9612-C861C4B131AF}.Release|Any CPU.Build.0 = Release|Any CPU
		{A4DF8A06-8669-4C55-B707-7E68DBB552A0}.Debug|Any CPU.ActiveCfg = Debug|Any CPU
		{A4DF8A06-8669-4C55-B707-7E68DBB552A0}.Debug|Any CPU.Build.0 = Debug|Any CPU
		{A4DF8A06-8669-4C55-B707-7E68DBB552A0}.Release|Any CPU.ActiveCfg = Release|Any CPU
		{A4DF8A06-8669-4C55-B707-7E68DBB552A0}.Release|Any CPU.Build.0 = Release|Any CPU
		{0A45EB98-1891-4FB7-A52C-1E9C5611F886}.Debug|Any CPU.ActiveCfg = Debug|Any CPU
		{0A45EB98-1891-4FB7-A52C-1E9C5611F886}.Debug|Any CPU.Build.0 = Debug|Any CPU
		{0A45EB98-1891-4FB7-A52C-1E9C5611F886}.Release|Any CPU.ActiveCfg = Release|Any CPU
		{0A45EB98-1891-4FB7-A52C-1E9C5611F886}.Release|Any CPU.Build.0 = Release|Any CPU
		{AE5500DE-9D70-4967-A59D-6E4A48E54083}.Debug|Any CPU.ActiveCfg = Debug|Any CPU
		{AE5500DE-9D70-4967-A59D-6E4A48E54083}.Debug|Any CPU.Build.0 = Debug|Any CPU
		{AE5500DE-9D70-4967-A59D-6E4A48E54083}.Release|Any CPU.ActiveCfg = Release|Any CPU
		{AE5500DE-9D70-4967-A59D-6E4A48E54083}.Release|Any CPU.Build.0 = Release|Any CPU
		{10F70E2D-744A-4C3C-A752-9A0A80153887}.Debug|Any CPU.ActiveCfg = Debug|Any CPU
		{10F70E2D-744A-4C3C-A752-9A0A80153887}.Debug|Any CPU.Build.0 = Debug|Any CPU
		{10F70E2D-744A-4C3C-A752-9A0A80153887}.Release|Any CPU.ActiveCfg = Release|Any CPU
		{10F70E2D-744A-4C3C-A752-9A0A80153887}.Release|Any CPU.Build.0 = Release|Any CPU
		{B968F302-B1C3-4716-8BE0-BB018A631A33}.Debug|Any CPU.ActiveCfg = Debug|Any CPU
		{B968F302-B1C3-4716-8BE0-BB018A631A33}.Debug|Any CPU.Build.0 = Debug|Any CPU
		{B968F302-B1C3-4716-8BE0-BB018A631A33}.Release|Any CPU.ActiveCfg = Release|Any CPU
		{B968F302-B1C3-4716-8BE0-BB018A631A33}.Release|Any CPU.Build.0 = Release|Any CPU
		{043E2F57-2868-49D8-B9AD-CA3EE89217F9}.Debug|Any CPU.ActiveCfg = Debug|Any CPU
		{043E2F57-2868-49D8-B9AD-CA3EE89217F9}.Debug|Any CPU.Build.0 = Debug|Any CPU
		{043E2F57-2868-49D8-B9AD-CA3EE89217F9}.Release|Any CPU.ActiveCfg = Release|Any CPU
		{043E2F57-2868-49D8-B9AD-CA3EE89217F9}.Release|Any CPU.Build.0 = Release|Any CPU
		{79DC05AC-6033-4A1D-ADB5-5A97C1CC2A86}.Debug|Any CPU.ActiveCfg = Debug|Any CPU
		{79DC05AC-6033-4A1D-ADB5-5A97C1CC2A86}.Debug|Any CPU.Build.0 = Debug|Any CPU
		{79DC05AC-6033-4A1D-ADB5-5A97C1CC2A86}.Release|Any CPU.ActiveCfg = Release|Any CPU
		{79DC05AC-6033-4A1D-ADB5-5A97C1CC2A86}.Release|Any CPU.Build.0 = Release|Any CPU
		{4CC682B6-7353-4960-8B03-5FBE879DCB9B}.Debug|Any CPU.ActiveCfg = Debug|Any CPU
		{4CC682B6-7353-4960-8B03-5FBE879DCB9B}.Debug|Any CPU.Build.0 = Debug|Any CPU
		{4CC682B6-7353-4960-8B03-5FBE879DCB9B}.Release|Any CPU.ActiveCfg = Release|Any CPU
		{4CC682B6-7353-4960-8B03-5FBE879DCB9B}.Release|Any CPU.Build.0 = Release|Any CPU
		{72C5C796-2EF2-4CF5-A2E9-DD10FAF2709E}.Debug|Any CPU.ActiveCfg = Debug|Any CPU
		{72C5C796-2EF2-4CF5-A2E9-DD10FAF2709E}.Debug|Any CPU.Build.0 = Debug|Any CPU
		{72C5C796-2EF2-4CF5-A2E9-DD10FAF2709E}.Release|Any CPU.ActiveCfg = Release|Any CPU
		{72C5C796-2EF2-4CF5-A2E9-DD10FAF2709E}.Release|Any CPU.Build.0 = Release|Any CPU
		{1F907D03-50DF-4EA0-A3AB-42E3D8B08058}.Debug|Any CPU.ActiveCfg = Debug|Any CPU
		{1F907D03-50DF-4EA0-A3AB-42E3D8B08058}.Debug|Any CPU.Build.0 = Debug|Any CPU
		{1F907D03-50DF-4EA0-A3AB-42E3D8B08058}.Release|Any CPU.ActiveCfg = Release|Any CPU
		{1F907D03-50DF-4EA0-A3AB-42E3D8B08058}.Release|Any CPU.Build.0 = Release|Any CPU
		{F6D2274D-CF63-45E7-9894-533B16FC3B3D}.Debug|Any CPU.ActiveCfg = Debug|Any CPU
		{F6D2274D-CF63-45E7-9894-533B16FC3B3D}.Debug|Any CPU.Build.0 = Debug|Any CPU
		{F6D2274D-CF63-45E7-9894-533B16FC3B3D}.Release|Any CPU.ActiveCfg = Release|Any CPU
		{F6D2274D-CF63-45E7-9894-533B16FC3B3D}.Release|Any CPU.Build.0 = Release|Any CPU
		{8F94D1FC-2B67-4216-B3A4-A7C6EEDD4B5B}.Debug|Any CPU.ActiveCfg = Debug|Any CPU
		{8F94D1FC-2B67-4216-B3A4-A7C6EEDD4B5B}.Debug|Any CPU.Build.0 = Debug|Any CPU
		{8F94D1FC-2B67-4216-B3A4-A7C6EEDD4B5B}.Release|Any CPU.ActiveCfg = Release|Any CPU
		{8F94D1FC-2B67-4216-B3A4-A7C6EEDD4B5B}.Release|Any CPU.Build.0 = Release|Any CPU
		{6AF0A29D-A744-44AB-8E2E-9A45E701727C}.Debug|Any CPU.ActiveCfg = Debug|Any CPU
		{6AF0A29D-A744-44AB-8E2E-9A45E701727C}.Debug|Any CPU.Build.0 = Debug|Any CPU
		{6AF0A29D-A744-44AB-8E2E-9A45E701727C}.Release|Any CPU.ActiveCfg = Release|Any CPU
		{6AF0A29D-A744-44AB-8E2E-9A45E701727C}.Release|Any CPU.Build.0 = Release|Any CPU
		{1E0DF852-0F92-4D30-A27A-E263E3F26DE2}.Debug|Any CPU.ActiveCfg = Debug|Any CPU
		{1E0DF852-0F92-4D30-A27A-E263E3F26DE2}.Debug|Any CPU.Build.0 = Debug|Any CPU
		{1E0DF852-0F92-4D30-A27A-E263E3F26DE2}.Release|Any CPU.ActiveCfg = Release|Any CPU
		{1E0DF852-0F92-4D30-A27A-E263E3F26DE2}.Release|Any CPU.Build.0 = Release|Any CPU
		{8FF4DB18-5908-4EAB-A912-79CCBE232796}.Debug|Any CPU.ActiveCfg = Debug|Any CPU
		{8FF4DB18-5908-4EAB-A912-79CCBE232796}.Debug|Any CPU.Build.0 = Debug|Any CPU
		{8FF4DB18-5908-4EAB-A912-79CCBE232796}.Release|Any CPU.ActiveCfg = Release|Any CPU
		{8FF4DB18-5908-4EAB-A912-79CCBE232796}.Release|Any CPU.Build.0 = Release|Any CPU
		{878A33F6-ABCB-4B98-9F7E-AC139915B5DE}.Debug|Any CPU.ActiveCfg = Debug|Any CPU
		{878A33F6-ABCB-4B98-9F7E-AC139915B5DE}.Debug|Any CPU.Build.0 = Debug|Any CPU
		{878A33F6-ABCB-4B98-9F7E-AC139915B5DE}.Release|Any CPU.ActiveCfg = Release|Any CPU
		{878A33F6-ABCB-4B98-9F7E-AC139915B5DE}.Release|Any CPU.Build.0 = Release|Any CPU
		{4CE80304-DEB1-4831-8248-0A093F23E095}.Debug|Any CPU.ActiveCfg = Debug|Any CPU
		{4CE80304-DEB1-4831-8248-0A093F23E095}.Debug|Any CPU.Build.0 = Debug|Any CPU
		{4CE80304-DEB1-4831-8248-0A093F23E095}.Release|Any CPU.ActiveCfg = Release|Any CPU
		{4CE80304-DEB1-4831-8248-0A093F23E095}.Release|Any CPU.Build.0 = Release|Any CPU
		{9F110695-4A34-4F98-B7EE-24A73B67E74A}.Debug|Any CPU.ActiveCfg = Debug|Any CPU
		{9F110695-4A34-4F98-B7EE-24A73B67E74A}.Debug|Any CPU.Build.0 = Debug|Any CPU
		{9F110695-4A34-4F98-B7EE-24A73B67E74A}.Release|Any CPU.ActiveCfg = Release|Any CPU
		{9F110695-4A34-4F98-B7EE-24A73B67E74A}.Release|Any CPU.Build.0 = Release|Any CPU
		{10703F8C-9005-4A5C-A939-AC838F2B2F6E}.Debug|Any CPU.ActiveCfg = Debug|Any CPU
		{10703F8C-9005-4A5C-A939-AC838F2B2F6E}.Debug|Any CPU.Build.0 = Debug|Any CPU
		{10703F8C-9005-4A5C-A939-AC838F2B2F6E}.Release|Any CPU.ActiveCfg = Release|Any CPU
		{10703F8C-9005-4A5C-A939-AC838F2B2F6E}.Release|Any CPU.Build.0 = Release|Any CPU
		{D67C4392-678D-43B3-890C-F5489B5D183E}.Debug|Any CPU.ActiveCfg = Debug|Any CPU
		{D67C4392-678D-43B3-890C-F5489B5D183E}.Debug|Any CPU.Build.0 = Debug|Any CPU
		{D67C4392-678D-43B3-890C-F5489B5D183E}.Release|Any CPU.ActiveCfg = Release|Any CPU
		{D67C4392-678D-43B3-890C-F5489B5D183E}.Release|Any CPU.Build.0 = Release|Any CPU
		{A5A4C160-FF24-4532-8412-CC91E7E913BF}.Debug|Any CPU.ActiveCfg = Debug|Any CPU
		{A5A4C160-FF24-4532-8412-CC91E7E913BF}.Debug|Any CPU.Build.0 = Debug|Any CPU
		{A5A4C160-FF24-4532-8412-CC91E7E913BF}.Release|Any CPU.ActiveCfg = Release|Any CPU
		{A5A4C160-FF24-4532-8412-CC91E7E913BF}.Release|Any CPU.Build.0 = Release|Any CPU
		{0522CFF8-8963-47D5-945F-9310EF15255C}.Debug|Any CPU.ActiveCfg = Debug|Any CPU
		{0522CFF8-8963-47D5-945F-9310EF15255C}.Debug|Any CPU.Build.0 = Debug|Any CPU
		{0522CFF8-8963-47D5-945F-9310EF15255C}.Release|Any CPU.ActiveCfg = Release|Any CPU
		{0522CFF8-8963-47D5-945F-9310EF15255C}.Release|Any CPU.Build.0 = Release|Any CPU
		{CADA9788-AF99-432B-90FA-9C1DF272CDF5}.Debug|Any CPU.ActiveCfg = Debug|Any CPU
		{CADA9788-AF99-432B-90FA-9C1DF272CDF5}.Debug|Any CPU.Build.0 = Debug|Any CPU
		{CADA9788-AF99-432B-90FA-9C1DF272CDF5}.Release|Any CPU.ActiveCfg = Release|Any CPU
		{CADA9788-AF99-432B-90FA-9C1DF272CDF5}.Release|Any CPU.Build.0 = Release|Any CPU
		{4858F4C1-4958-4A5D-AD93-391041788BA5}.Debug|Any CPU.ActiveCfg = Debug|Any CPU
		{4858F4C1-4958-4A5D-AD93-391041788BA5}.Debug|Any CPU.Build.0 = Debug|Any CPU
		{4858F4C1-4958-4A5D-AD93-391041788BA5}.Release|Any CPU.ActiveCfg = Release|Any CPU
		{4858F4C1-4958-4A5D-AD93-391041788BA5}.Release|Any CPU.Build.0 = Release|Any CPU
		{40AEABB6-57D6-4309-8AFE-92CC85C0B54A}.Debug|Any CPU.ActiveCfg = Debug|Any CPU
		{40AEABB6-57D6-4309-8AFE-92CC85C0B54A}.Debug|Any CPU.Build.0 = Debug|Any CPU
		{40AEABB6-57D6-4309-8AFE-92CC85C0B54A}.Release|Any CPU.ActiveCfg = Release|Any CPU
		{40AEABB6-57D6-4309-8AFE-92CC85C0B54A}.Release|Any CPU.Build.0 = Release|Any CPU
		{CD7FFDEE-022D-417C-B3C0-48C4FBCEE09A}.Debug|Any CPU.ActiveCfg = Debug|Any CPU
		{CD7FFDEE-022D-417C-B3C0-48C4FBCEE09A}.Debug|Any CPU.Build.0 = Debug|Any CPU
		{CD7FFDEE-022D-417C-B3C0-48C4FBCEE09A}.Release|Any CPU.ActiveCfg = Release|Any CPU
		{CD7FFDEE-022D-417C-B3C0-48C4FBCEE09A}.Release|Any CPU.Build.0 = Release|Any CPU
		{8AA56DA2-4183-40C2-B76A-B08D50B9905A}.Debug|Any CPU.ActiveCfg = Debug|Any CPU
		{8AA56DA2-4183-40C2-B76A-B08D50B9905A}.Debug|Any CPU.Build.0 = Debug|Any CPU
		{8AA56DA2-4183-40C2-B76A-B08D50B9905A}.Release|Any CPU.ActiveCfg = Release|Any CPU
		{8AA56DA2-4183-40C2-B76A-B08D50B9905A}.Release|Any CPU.Build.0 = Release|Any CPU
		{AB84C9CC-8593-4F70-8AB8-2BEA0828717C}.Debug|Any CPU.ActiveCfg = Debug|Any CPU
		{AB84C9CC-8593-4F70-8AB8-2BEA0828717C}.Debug|Any CPU.Build.0 = Debug|Any CPU
		{AB84C9CC-8593-4F70-8AB8-2BEA0828717C}.Release|Any CPU.ActiveCfg = Release|Any CPU
		{AB84C9CC-8593-4F70-8AB8-2BEA0828717C}.Release|Any CPU.Build.0 = Release|Any CPU
		{18CE64A3-693F-40DE-B8BA-C371CAC9AE2A}.Debug|Any CPU.ActiveCfg = Debug|Any CPU
		{18CE64A3-693F-40DE-B8BA-C371CAC9AE2A}.Debug|Any CPU.Build.0 = Debug|Any CPU
		{18CE64A3-693F-40DE-B8BA-C371CAC9AE2A}.Release|Any CPU.ActiveCfg = Release|Any CPU
		{18CE64A3-693F-40DE-B8BA-C371CAC9AE2A}.Release|Any CPU.Build.0 = Release|Any CPU
		{CBDAC341-3D9D-4B2C-8460-ABB7E5493A8E}.Debug|Any CPU.ActiveCfg = Debug|Any CPU
		{CBDAC341-3D9D-4B2C-8460-ABB7E5493A8E}.Debug|Any CPU.Build.0 = Debug|Any CPU
		{CBDAC341-3D9D-4B2C-8460-ABB7E5493A8E}.Release|Any CPU.ActiveCfg = Release|Any CPU
		{CBDAC341-3D9D-4B2C-8460-ABB7E5493A8E}.Release|Any CPU.Build.0 = Release|Any CPU
		{1B458376-6ACC-490B-A9F3-AFBE4DF6BA6A}.Debug|Any CPU.ActiveCfg = Debug|Any CPU
		{1B458376-6ACC-490B-A9F3-AFBE4DF6BA6A}.Debug|Any CPU.Build.0 = Debug|Any CPU
		{1B458376-6ACC-490B-A9F3-AFBE4DF6BA6A}.Release|Any CPU.ActiveCfg = Release|Any CPU
		{1B458376-6ACC-490B-A9F3-AFBE4DF6BA6A}.Release|Any CPU.Build.0 = Release|Any CPU
		{047B3C5B-071C-4DE7-8207-28DCF8FE63C7}.Debug|Any CPU.ActiveCfg = Debug|Any CPU
		{047B3C5B-071C-4DE7-8207-28DCF8FE63C7}.Debug|Any CPU.Build.0 = Debug|Any CPU
		{047B3C5B-071C-4DE7-8207-28DCF8FE63C7}.Release|Any CPU.ActiveCfg = Release|Any CPU
		{047B3C5B-071C-4DE7-8207-28DCF8FE63C7}.Release|Any CPU.Build.0 = Release|Any CPU
		{BD25E1BE-7009-4A78-BD26-766A22DFB336}.Debug|Any CPU.ActiveCfg = Debug|Any CPU
		{BD25E1BE-7009-4A78-BD26-766A22DFB336}.Debug|Any CPU.Build.0 = Debug|Any CPU
		{BD25E1BE-7009-4A78-BD26-766A22DFB336}.Release|Any CPU.ActiveCfg = Release|Any CPU
		{BD25E1BE-7009-4A78-BD26-766A22DFB336}.Release|Any CPU.Build.0 = Release|Any CPU
		{FED3EB25-68A9-48C2-BC7A-69C35E9455B1}.Debug|Any CPU.ActiveCfg = Debug|Any CPU
		{FED3EB25-68A9-48C2-BC7A-69C35E9455B1}.Debug|Any CPU.Build.0 = Debug|Any CPU
		{FED3EB25-68A9-48C2-BC7A-69C35E9455B1}.Release|Any CPU.ActiveCfg = Release|Any CPU
		{FED3EB25-68A9-48C2-BC7A-69C35E9455B1}.Release|Any CPU.Build.0 = Release|Any CPU
		{7A9BA750-230D-435D-AF73-E0EDA3F5697B}.Debug|Any CPU.ActiveCfg = Debug|Any CPU
		{7A9BA750-230D-435D-AF73-E0EDA3F5697B}.Debug|Any CPU.Build.0 = Debug|Any CPU
		{7A9BA750-230D-435D-AF73-E0EDA3F5697B}.Release|Any CPU.ActiveCfg = Release|Any CPU
		{7A9BA750-230D-435D-AF73-E0EDA3F5697B}.Release|Any CPU.Build.0 = Release|Any CPU
		{CF3BD1FA-A470-4944-A9D5-77DC8F181F4D}.Debug|Any CPU.ActiveCfg = Debug|Any CPU
		{CF3BD1FA-A470-4944-A9D5-77DC8F181F4D}.Debug|Any CPU.Build.0 = Debug|Any CPU
		{CF3BD1FA-A470-4944-A9D5-77DC8F181F4D}.Release|Any CPU.ActiveCfg = Release|Any CPU
		{CF3BD1FA-A470-4944-A9D5-77DC8F181F4D}.Release|Any CPU.Build.0 = Release|Any CPU
		{0B3D786B-4A41-4EDC-BA6F-EC69700D9C51}.Debug|Any CPU.ActiveCfg = Debug|Any CPU
		{0B3D786B-4A41-4EDC-BA6F-EC69700D9C51}.Debug|Any CPU.Build.0 = Debug|Any CPU
		{0B3D786B-4A41-4EDC-BA6F-EC69700D9C51}.Release|Any CPU.ActiveCfg = Release|Any CPU
		{0B3D786B-4A41-4EDC-BA6F-EC69700D9C51}.Release|Any CPU.Build.0 = Release|Any CPU
		{81E1FC02-2AEB-483B-A5DB-147BFE6D7298}.Debug|Any CPU.ActiveCfg = Debug|Any CPU
		{81E1FC02-2AEB-483B-A5DB-147BFE6D7298}.Debug|Any CPU.Build.0 = Debug|Any CPU
		{81E1FC02-2AEB-483B-A5DB-147BFE6D7298}.Release|Any CPU.ActiveCfg = Release|Any CPU
		{81E1FC02-2AEB-483B-A5DB-147BFE6D7298}.Release|Any CPU.Build.0 = Release|Any CPU
		{836DB416-913F-4378-AA44-D746C28B60A4}.Debug|Any CPU.ActiveCfg = Debug|Any CPU
		{836DB416-913F-4378-AA44-D746C28B60A4}.Debug|Any CPU.Build.0 = Debug|Any CPU
		{836DB416-913F-4378-AA44-D746C28B60A4}.Release|Any CPU.ActiveCfg = Release|Any CPU
		{836DB416-913F-4378-AA44-D746C28B60A4}.Release|Any CPU.Build.0 = Release|Any CPU
		{A81693DA-6D3D-432B-9D72-051F6751A526}.Debug|Any CPU.ActiveCfg = Debug|Any CPU
		{A81693DA-6D3D-432B-9D72-051F6751A526}.Debug|Any CPU.Build.0 = Debug|Any CPU
		{A81693DA-6D3D-432B-9D72-051F6751A526}.Release|Any CPU.ActiveCfg = Release|Any CPU
		{A81693DA-6D3D-432B-9D72-051F6751A526}.Release|Any CPU.Build.0 = Release|Any CPU
		{6AA8AEBD-EDAF-4E0C-8D6E-D87A868D7322}.Debug|Any CPU.ActiveCfg = Debug|Any CPU
		{6AA8AEBD-EDAF-4E0C-8D6E-D87A868D7322}.Debug|Any CPU.Build.0 = Debug|Any CPU
		{6AA8AEBD-EDAF-4E0C-8D6E-D87A868D7322}.Release|Any CPU.ActiveCfg = Release|Any CPU
		{6AA8AEBD-EDAF-4E0C-8D6E-D87A868D7322}.Release|Any CPU.Build.0 = Release|Any CPU
		{D3CB81D5-DB73-4B54-8806-2C55926CCF71}.Debug|Any CPU.ActiveCfg = Debug|Any CPU
		{D3CB81D5-DB73-4B54-8806-2C55926CCF71}.Debug|Any CPU.Build.0 = Debug|Any CPU
		{D3CB81D5-DB73-4B54-8806-2C55926CCF71}.Release|Any CPU.ActiveCfg = Release|Any CPU
		{D3CB81D5-DB73-4B54-8806-2C55926CCF71}.Release|Any CPU.Build.0 = Release|Any CPU
		{9F1BE59B-0637-4301-9306-F605430F286C}.Debug|Any CPU.ActiveCfg = Debug|Any CPU
		{9F1BE59B-0637-4301-9306-F605430F286C}.Debug|Any CPU.Build.0 = Debug|Any CPU
		{9F1BE59B-0637-4301-9306-F605430F286C}.Release|Any CPU.ActiveCfg = Release|Any CPU
		{9F1BE59B-0637-4301-9306-F605430F286C}.Release|Any CPU.Build.0 = Release|Any CPU
		{5EFE2645-9A7B-4FC6-ACA1-7ECC03A57310}.Debug|Any CPU.ActiveCfg = Debug|Any CPU
		{5EFE2645-9A7B-4FC6-ACA1-7ECC03A57310}.Debug|Any CPU.Build.0 = Debug|Any CPU
		{5EFE2645-9A7B-4FC6-ACA1-7ECC03A57310}.Release|Any CPU.ActiveCfg = Release|Any CPU
		{5EFE2645-9A7B-4FC6-ACA1-7ECC03A57310}.Release|Any CPU.Build.0 = Release|Any CPU
		{40E29F7A-F54F-4156-9906-41AF49E4C3B3}.Debug|Any CPU.ActiveCfg = Debug|Any CPU
		{40E29F7A-F54F-4156-9906-41AF49E4C3B3}.Debug|Any CPU.Build.0 = Debug|Any CPU
		{40E29F7A-F54F-4156-9906-41AF49E4C3B3}.Release|Any CPU.ActiveCfg = Release|Any CPU
		{40E29F7A-F54F-4156-9906-41AF49E4C3B3}.Release|Any CPU.Build.0 = Release|Any CPU
		{3DAC57A8-551A-47B8-BEE1-1BFA743C6C36}.Debug|Any CPU.ActiveCfg = Debug|Any CPU
		{3DAC57A8-551A-47B8-BEE1-1BFA743C6C36}.Debug|Any CPU.Build.0 = Debug|Any CPU
		{3DAC57A8-551A-47B8-BEE1-1BFA743C6C36}.Release|Any CPU.ActiveCfg = Release|Any CPU
		{3DAC57A8-551A-47B8-BEE1-1BFA743C6C36}.Release|Any CPU.Build.0 = Release|Any CPU
		{9361AEDC-EF47-4FD4-9B07-AA57E5B76C3B}.Debug|Any CPU.ActiveCfg = Debug|Any CPU
		{9361AEDC-EF47-4FD4-9B07-AA57E5B76C3B}.Debug|Any CPU.Build.0 = Debug|Any CPU
		{9361AEDC-EF47-4FD4-9B07-AA57E5B76C3B}.Release|Any CPU.ActiveCfg = Release|Any CPU
		{9361AEDC-EF47-4FD4-9B07-AA57E5B76C3B}.Release|Any CPU.Build.0 = Release|Any CPU
		{50E53E65-024E-48D1-98F6-EDE9320C5929}.Debug|Any CPU.ActiveCfg = Debug|Any CPU
		{50E53E65-024E-48D1-98F6-EDE9320C5929}.Debug|Any CPU.Build.0 = Debug|Any CPU
		{50E53E65-024E-48D1-98F6-EDE9320C5929}.Release|Any CPU.ActiveCfg = Release|Any CPU
		{50E53E65-024E-48D1-98F6-EDE9320C5929}.Release|Any CPU.Build.0 = Release|Any CPU
		{50E2CC8C-46F5-42AD-AE68-62975CCD2B3D}.Debug|Any CPU.ActiveCfg = Debug|Any CPU
		{50E2CC8C-46F5-42AD-AE68-62975CCD2B3D}.Debug|Any CPU.Build.0 = Debug|Any CPU
		{50E2CC8C-46F5-42AD-AE68-62975CCD2B3D}.Release|Any CPU.ActiveCfg = Release|Any CPU
		{50E2CC8C-46F5-42AD-AE68-62975CCD2B3D}.Release|Any CPU.Build.0 = Release|Any CPU
		{EDC509C5-21F1-4054-902E-684CB246D088}.Debug|Any CPU.ActiveCfg = Debug|Any CPU
		{EDC509C5-21F1-4054-902E-684CB246D088}.Debug|Any CPU.Build.0 = Debug|Any CPU
		{EDC509C5-21F1-4054-902E-684CB246D088}.Release|Any CPU.ActiveCfg = Release|Any CPU
		{EDC509C5-21F1-4054-902E-684CB246D088}.Release|Any CPU.Build.0 = Release|Any CPU
		{1DD60B01-E7CE-480B-9A1B-B42F92164747}.Debug|Any CPU.ActiveCfg = Debug|Any CPU
		{1DD60B01-E7CE-480B-9A1B-B42F92164747}.Debug|Any CPU.Build.0 = Debug|Any CPU
		{1DD60B01-E7CE-480B-9A1B-B42F92164747}.Release|Any CPU.ActiveCfg = Release|Any CPU
		{1DD60B01-E7CE-480B-9A1B-B42F92164747}.Release|Any CPU.Build.0 = Release|Any CPU
		{D081C529-18A8-48EA-9EBF-D24470C2E7A8}.Debug|Any CPU.ActiveCfg = Debug|Any CPU
		{D081C529-18A8-48EA-9EBF-D24470C2E7A8}.Debug|Any CPU.Build.0 = Debug|Any CPU
		{D081C529-18A8-48EA-9EBF-D24470C2E7A8}.Release|Any CPU.ActiveCfg = Release|Any CPU
		{D081C529-18A8-48EA-9EBF-D24470C2E7A8}.Release|Any CPU.Build.0 = Release|Any CPU
		{CDF5CF9D-58AD-4A69-97EC-AFCE8AA59F98}.Debug|Any CPU.ActiveCfg = Debug|Any CPU
		{CDF5CF9D-58AD-4A69-97EC-AFCE8AA59F98}.Debug|Any CPU.Build.0 = Debug|Any CPU
		{CDF5CF9D-58AD-4A69-97EC-AFCE8AA59F98}.Release|Any CPU.ActiveCfg = Release|Any CPU
		{CDF5CF9D-58AD-4A69-97EC-AFCE8AA59F98}.Release|Any CPU.Build.0 = Release|Any CPU
		{5D326250-5EA2-4927-A8B2-B8B394197E7F}.Debug|Any CPU.ActiveCfg = Debug|Any CPU
		{5D326250-5EA2-4927-A8B2-B8B394197E7F}.Debug|Any CPU.Build.0 = Debug|Any CPU
		{5D326250-5EA2-4927-A8B2-B8B394197E7F}.Release|Any CPU.ActiveCfg = Release|Any CPU
		{5D326250-5EA2-4927-A8B2-B8B394197E7F}.Release|Any CPU.Build.0 = Release|Any CPU
		{DA3608BA-31ED-4A41-8EEA-CD7AC4D28467}.Debug|Any CPU.ActiveCfg = Debug|Any CPU
		{DA3608BA-31ED-4A41-8EEA-CD7AC4D28467}.Debug|Any CPU.Build.0 = Debug|Any CPU
		{DA3608BA-31ED-4A41-8EEA-CD7AC4D28467}.Release|Any CPU.ActiveCfg = Release|Any CPU
		{DA3608BA-31ED-4A41-8EEA-CD7AC4D28467}.Release|Any CPU.Build.0 = Release|Any CPU
		{AE455AD0-D684-45FC-9191-DF9C52914D4D}.Debug|Any CPU.ActiveCfg = Debug|Any CPU
		{AE455AD0-D684-45FC-9191-DF9C52914D4D}.Debug|Any CPU.Build.0 = Debug|Any CPU
		{AE455AD0-D684-45FC-9191-DF9C52914D4D}.Release|Any CPU.ActiveCfg = Release|Any CPU
		{AE455AD0-D684-45FC-9191-DF9C52914D4D}.Release|Any CPU.Build.0 = Release|Any CPU
		{E7F7D6EE-D8D8-402A-9D0B-C53B30AAF0D4}.Debug|Any CPU.ActiveCfg = Debug|Any CPU
		{E7F7D6EE-D8D8-402A-9D0B-C53B30AAF0D4}.Debug|Any CPU.Build.0 = Debug|Any CPU
		{E7F7D6EE-D8D8-402A-9D0B-C53B30AAF0D4}.Release|Any CPU.ActiveCfg = Release|Any CPU
		{E7F7D6EE-D8D8-402A-9D0B-C53B30AAF0D4}.Release|Any CPU.Build.0 = Release|Any CPU
		{7C2038DA-1567-4722-844A-34E7ED62FDE4}.Debug|Any CPU.ActiveCfg = Debug|Any CPU
		{7C2038DA-1567-4722-844A-34E7ED62FDE4}.Debug|Any CPU.Build.0 = Debug|Any CPU
		{7C2038DA-1567-4722-844A-34E7ED62FDE4}.Release|Any CPU.ActiveCfg = Release|Any CPU
		{7C2038DA-1567-4722-844A-34E7ED62FDE4}.Release|Any CPU.Build.0 = Release|Any CPU
		{4D98E26A-E5A9-439B-B00E-E54EF1C28532}.Debug|Any CPU.ActiveCfg = Debug|Any CPU
		{4D98E26A-E5A9-439B-B00E-E54EF1C28532}.Debug|Any CPU.Build.0 = Debug|Any CPU
		{4D98E26A-E5A9-439B-B00E-E54EF1C28532}.Release|Any CPU.ActiveCfg = Release|Any CPU
		{4D98E26A-E5A9-439B-B00E-E54EF1C28532}.Release|Any CPU.Build.0 = Release|Any CPU
		{0F6B4BE9-B732-45CF-9D01-C6C4CD148953}.Debug|Any CPU.ActiveCfg = Debug|Any CPU
		{0F6B4BE9-B732-45CF-9D01-C6C4CD148953}.Debug|Any CPU.Build.0 = Debug|Any CPU
		{0F6B4BE9-B732-45CF-9D01-C6C4CD148953}.Release|Any CPU.ActiveCfg = Release|Any CPU
		{0F6B4BE9-B732-45CF-9D01-C6C4CD148953}.Release|Any CPU.Build.0 = Release|Any CPU
		{4A7C7200-9A16-4483-B361-C01758300FA0}.Debug|Any CPU.ActiveCfg = Debug|Any CPU
		{4A7C7200-9A16-4483-B361-C01758300FA0}.Debug|Any CPU.Build.0 = Debug|Any CPU
		{4A7C7200-9A16-4483-B361-C01758300FA0}.Release|Any CPU.ActiveCfg = Release|Any CPU
		{4A7C7200-9A16-4483-B361-C01758300FA0}.Release|Any CPU.Build.0 = Release|Any CPU
		{861DB106-D6D1-4C6D-A44F-46C39344F266}.Debug|Any CPU.ActiveCfg = Debug|Any CPU
		{861DB106-D6D1-4C6D-A44F-46C39344F266}.Debug|Any CPU.Build.0 = Debug|Any CPU
		{861DB106-D6D1-4C6D-A44F-46C39344F266}.Release|Any CPU.ActiveCfg = Release|Any CPU
		{861DB106-D6D1-4C6D-A44F-46C39344F266}.Release|Any CPU.Build.0 = Release|Any CPU
		{26EDF62F-7028-4A42-BABA-90A463047F5C}.Debug|Any CPU.ActiveCfg = Debug|Any CPU
		{26EDF62F-7028-4A42-BABA-90A463047F5C}.Debug|Any CPU.Build.0 = Debug|Any CPU
		{26EDF62F-7028-4A42-BABA-90A463047F5C}.Release|Any CPU.ActiveCfg = Release|Any CPU
		{26EDF62F-7028-4A42-BABA-90A463047F5C}.Release|Any CPU.Build.0 = Release|Any CPU
		{1C4F4793-07CE-49F3-BE87-884899CC5065}.Debug|Any CPU.ActiveCfg = Debug|Any CPU
		{1C4F4793-07CE-49F3-BE87-884899CC5065}.Debug|Any CPU.Build.0 = Debug|Any CPU
		{1C4F4793-07CE-49F3-BE87-884899CC5065}.Release|Any CPU.ActiveCfg = Release|Any CPU
		{1C4F4793-07CE-49F3-BE87-884899CC5065}.Release|Any CPU.Build.0 = Release|Any CPU
		{1B3AABCE-0BA0-4F32-9F98-CD399F0EA5FF}.Debug|Any CPU.ActiveCfg = Debug|Any CPU
		{1B3AABCE-0BA0-4F32-9F98-CD399F0EA5FF}.Debug|Any CPU.Build.0 = Debug|Any CPU
		{1B3AABCE-0BA0-4F32-9F98-CD399F0EA5FF}.Release|Any CPU.ActiveCfg = Release|Any CPU
		{1B3AABCE-0BA0-4F32-9F98-CD399F0EA5FF}.Release|Any CPU.Build.0 = Release|Any CPU
		{432A6523-ADE2-42C9-B474-6E1774853599}.Debug|Any CPU.ActiveCfg = Debug|Any CPU
		{432A6523-ADE2-42C9-B474-6E1774853599}.Debug|Any CPU.Build.0 = Debug|Any CPU
		{432A6523-ADE2-42C9-B474-6E1774853599}.Release|Any CPU.ActiveCfg = Release|Any CPU
		{432A6523-ADE2-42C9-B474-6E1774853599}.Release|Any CPU.Build.0 = Release|Any CPU
		{86F478B5-D29C-4020-8DDD-00771E683436}.Debug|Any CPU.ActiveCfg = Debug|Any CPU
		{86F478B5-D29C-4020-8DDD-00771E683436}.Debug|Any CPU.Build.0 = Debug|Any CPU
		{86F478B5-D29C-4020-8DDD-00771E683436}.Release|Any CPU.ActiveCfg = Release|Any CPU
		{86F478B5-D29C-4020-8DDD-00771E683436}.Release|Any CPU.Build.0 = Release|Any CPU
		{4820FC04-38A2-4211-905B-164B5AD0C542}.Debug|Any CPU.ActiveCfg = Debug|Any CPU
		{4820FC04-38A2-4211-905B-164B5AD0C542}.Debug|Any CPU.Build.0 = Debug|Any CPU
		{4820FC04-38A2-4211-905B-164B5AD0C542}.Release|Any CPU.ActiveCfg = Release|Any CPU
		{4820FC04-38A2-4211-905B-164B5AD0C542}.Release|Any CPU.Build.0 = Release|Any CPU
		{934912F0-EDB5-4016-B642-64518D60172D}.Debug|Any CPU.ActiveCfg = Debug|Any CPU
		{934912F0-EDB5-4016-B642-64518D60172D}.Debug|Any CPU.Build.0 = Debug|Any CPU
		{934912F0-EDB5-4016-B642-64518D60172D}.Release|Any CPU.ActiveCfg = Release|Any CPU
		{934912F0-EDB5-4016-B642-64518D60172D}.Release|Any CPU.Build.0 = Release|Any CPU
		{83EAD992-D4BC-44A6-A7C5-3B1355CBA91B}.Debug|Any CPU.ActiveCfg = Debug|Any CPU
		{83EAD992-D4BC-44A6-A7C5-3B1355CBA91B}.Debug|Any CPU.Build.0 = Debug|Any CPU
		{83EAD992-D4BC-44A6-A7C5-3B1355CBA91B}.Release|Any CPU.ActiveCfg = Release|Any CPU
		{83EAD992-D4BC-44A6-A7C5-3B1355CBA91B}.Release|Any CPU.Build.0 = Release|Any CPU
		{86F50272-9DE4-4066-926D-E6815AC56467}.Debug|Any CPU.ActiveCfg = Debug|Any CPU
		{86F50272-9DE4-4066-926D-E6815AC56467}.Debug|Any CPU.Build.0 = Debug|Any CPU
		{86F50272-9DE4-4066-926D-E6815AC56467}.Release|Any CPU.ActiveCfg = Release|Any CPU
		{86F50272-9DE4-4066-926D-E6815AC56467}.Release|Any CPU.Build.0 = Release|Any CPU
		{844E4766-119F-49A3-9509-3B4D3A708632}.Debug|Any CPU.ActiveCfg = Debug|Any CPU
		{844E4766-119F-49A3-9509-3B4D3A708632}.Debug|Any CPU.Build.0 = Debug|Any CPU
		{844E4766-119F-49A3-9509-3B4D3A708632}.Release|Any CPU.ActiveCfg = Release|Any CPU
		{844E4766-119F-49A3-9509-3B4D3A708632}.Release|Any CPU.Build.0 = Release|Any CPU
		{ABB0075E-F399-45C8-8C9F-CC78BCE8D302}.Debug|Any CPU.ActiveCfg = Debug|Any CPU
		{ABB0075E-F399-45C8-8C9F-CC78BCE8D302}.Debug|Any CPU.Build.0 = Debug|Any CPU
		{ABB0075E-F399-45C8-8C9F-CC78BCE8D302}.Release|Any CPU.ActiveCfg = Release|Any CPU
		{ABB0075E-F399-45C8-8C9F-CC78BCE8D302}.Release|Any CPU.Build.0 = Release|Any CPU
		{E3249E7E-8A70-413B-8E35-F074A9CD8149}.Debug|Any CPU.ActiveCfg = Debug|Any CPU
		{E3249E7E-8A70-413B-8E35-F074A9CD8149}.Debug|Any CPU.Build.0 = Debug|Any CPU
		{E3249E7E-8A70-413B-8E35-F074A9CD8149}.Release|Any CPU.ActiveCfg = Release|Any CPU
		{E3249E7E-8A70-413B-8E35-F074A9CD8149}.Release|Any CPU.Build.0 = Release|Any CPU
		{B24B63D9-1A80-4A80-9E82-0A03618002B0}.Debug|Any CPU.ActiveCfg = Debug|Any CPU
		{B24B63D9-1A80-4A80-9E82-0A03618002B0}.Debug|Any CPU.Build.0 = Debug|Any CPU
		{B24B63D9-1A80-4A80-9E82-0A03618002B0}.Release|Any CPU.ActiveCfg = Release|Any CPU
		{B24B63D9-1A80-4A80-9E82-0A03618002B0}.Release|Any CPU.Build.0 = Release|Any CPU
		{DBF3B3A7-F279-422C-B054-7C85CAE8D1B0}.Debug|Any CPU.ActiveCfg = Debug|Any CPU
		{DBF3B3A7-F279-422C-B054-7C85CAE8D1B0}.Debug|Any CPU.Build.0 = Debug|Any CPU
		{DBF3B3A7-F279-422C-B054-7C85CAE8D1B0}.Release|Any CPU.ActiveCfg = Release|Any CPU
		{DBF3B3A7-F279-422C-B054-7C85CAE8D1B0}.Release|Any CPU.Build.0 = Release|Any CPU
		{CFB2F486-9BD3-4FFE-A8CC-B5961CAD3C53}.Debug|Any CPU.ActiveCfg = Debug|Any CPU
		{CFB2F486-9BD3-4FFE-A8CC-B5961CAD3C53}.Debug|Any CPU.Build.0 = Debug|Any CPU
		{CFB2F486-9BD3-4FFE-A8CC-B5961CAD3C53}.Release|Any CPU.ActiveCfg = Release|Any CPU
		{CFB2F486-9BD3-4FFE-A8CC-B5961CAD3C53}.Release|Any CPU.Build.0 = Release|Any CPU
		{7EB524E1-8636-44B7-8F31-D36B64985727}.Debug|Any CPU.ActiveCfg = Debug|Any CPU
		{7EB524E1-8636-44B7-8F31-D36B64985727}.Debug|Any CPU.Build.0 = Debug|Any CPU
		{7EB524E1-8636-44B7-8F31-D36B64985727}.Release|Any CPU.ActiveCfg = Release|Any CPU
		{7EB524E1-8636-44B7-8F31-D36B64985727}.Release|Any CPU.Build.0 = Release|Any CPU
		{4DC0B701-B0EB-4381-B0B6-831A8378B702}.Debug|Any CPU.ActiveCfg = Debug|Any CPU
		{4DC0B701-B0EB-4381-B0B6-831A8378B702}.Debug|Any CPU.Build.0 = Debug|Any CPU
		{4DC0B701-B0EB-4381-B0B6-831A8378B702}.Release|Any CPU.ActiveCfg = Release|Any CPU
		{4DC0B701-B0EB-4381-B0B6-831A8378B702}.Release|Any CPU.Build.0 = Release|Any CPU
		{9B5CFF49-AC66-4EDD-9CC4-B4B776DE39D1}.Debug|Any CPU.ActiveCfg = Debug|Any CPU
		{9B5CFF49-AC66-4EDD-9CC4-B4B776DE39D1}.Debug|Any CPU.Build.0 = Debug|Any CPU
		{9B5CFF49-AC66-4EDD-9CC4-B4B776DE39D1}.Release|Any CPU.ActiveCfg = Release|Any CPU
		{9B5CFF49-AC66-4EDD-9CC4-B4B776DE39D1}.Release|Any CPU.Build.0 = Release|Any CPU
		{AB868646-40D7-4FBB-95E7-107DE138E0B4}.Debug|Any CPU.ActiveCfg = Debug|Any CPU
		{AB868646-40D7-4FBB-95E7-107DE138E0B4}.Debug|Any CPU.Build.0 = Debug|Any CPU
		{AB868646-40D7-4FBB-95E7-107DE138E0B4}.Release|Any CPU.ActiveCfg = Release|Any CPU
		{AB868646-40D7-4FBB-95E7-107DE138E0B4}.Release|Any CPU.Build.0 = Release|Any CPU
		{A2719BC7-C9AF-45B3-914A-2B1242A7C58A}.Debug|Any CPU.ActiveCfg = Debug|Any CPU
		{A2719BC7-C9AF-45B3-914A-2B1242A7C58A}.Debug|Any CPU.Build.0 = Debug|Any CPU
		{A2719BC7-C9AF-45B3-914A-2B1242A7C58A}.Release|Any CPU.ActiveCfg = Release|Any CPU
		{A2719BC7-C9AF-45B3-914A-2B1242A7C58A}.Release|Any CPU.Build.0 = Release|Any CPU
		{749EF5EE-3883-44C9-8F5B-008522BCC79E}.Debug|Any CPU.ActiveCfg = Debug|Any CPU
		{749EF5EE-3883-44C9-8F5B-008522BCC79E}.Debug|Any CPU.Build.0 = Debug|Any CPU
		{749EF5EE-3883-44C9-8F5B-008522BCC79E}.Release|Any CPU.ActiveCfg = Release|Any CPU
		{749EF5EE-3883-44C9-8F5B-008522BCC79E}.Release|Any CPU.Build.0 = Release|Any CPU
		{F0A6490E-B647-4F95-B482-34EB81BC2C76}.Debug|Any CPU.ActiveCfg = Debug|Any CPU
		{F0A6490E-B647-4F95-B482-34EB81BC2C76}.Debug|Any CPU.Build.0 = Debug|Any CPU
		{F0A6490E-B647-4F95-B482-34EB81BC2C76}.Release|Any CPU.ActiveCfg = Release|Any CPU
		{F0A6490E-B647-4F95-B482-34EB81BC2C76}.Release|Any CPU.Build.0 = Release|Any CPU
		{A58CC194-4DF6-4997-AF42-1A229176B857}.Debug|Any CPU.ActiveCfg = Debug|Any CPU
		{A58CC194-4DF6-4997-AF42-1A229176B857}.Debug|Any CPU.Build.0 = Debug|Any CPU
		{A58CC194-4DF6-4997-AF42-1A229176B857}.Release|Any CPU.ActiveCfg = Release|Any CPU
		{A58CC194-4DF6-4997-AF42-1A229176B857}.Release|Any CPU.Build.0 = Release|Any CPU
		{EF9EF141-BDA8-450B-906A-EDB262E46629}.Debug|Any CPU.ActiveCfg = Debug|Any CPU
		{EF9EF141-BDA8-450B-906A-EDB262E46629}.Debug|Any CPU.Build.0 = Debug|Any CPU
		{EF9EF141-BDA8-450B-906A-EDB262E46629}.Release|Any CPU.ActiveCfg = Release|Any CPU
		{EF9EF141-BDA8-450B-906A-EDB262E46629}.Release|Any CPU.Build.0 = Release|Any CPU
		{EF7D06E3-68DD-4F16-96D7-DBD67A4C3D2F}.Debug|Any CPU.ActiveCfg = Debug|Any CPU
		{EF7D06E3-68DD-4F16-96D7-DBD67A4C3D2F}.Debug|Any CPU.Build.0 = Debug|Any CPU
		{EF7D06E3-68DD-4F16-96D7-DBD67A4C3D2F}.Release|Any CPU.ActiveCfg = Release|Any CPU
		{EF7D06E3-68DD-4F16-96D7-DBD67A4C3D2F}.Release|Any CPU.Build.0 = Release|Any CPU
		{2C262C92-28A1-428B-9E22-FE70C219694C}.Debug|Any CPU.ActiveCfg = Debug|Any CPU
		{2C262C92-28A1-428B-9E22-FE70C219694C}.Debug|Any CPU.Build.0 = Debug|Any CPU
		{2C262C92-28A1-428B-9E22-FE70C219694C}.Release|Any CPU.ActiveCfg = Release|Any CPU
		{2C262C92-28A1-428B-9E22-FE70C219694C}.Release|Any CPU.Build.0 = Release|Any CPU
		{BC75E7E3-C5DE-49AB-86F9-46B45C4871A3}.Debug|Any CPU.ActiveCfg = Debug|Any CPU
		{BC75E7E3-C5DE-49AB-86F9-46B45C4871A3}.Debug|Any CPU.Build.0 = Debug|Any CPU
		{BC75E7E3-C5DE-49AB-86F9-46B45C4871A3}.Release|Any CPU.ActiveCfg = Release|Any CPU
		{BC75E7E3-C5DE-49AB-86F9-46B45C4871A3}.Release|Any CPU.Build.0 = Release|Any CPU
		{F01505EE-BFDC-405B-ADF1-6C6BC7973289}.Debug|Any CPU.ActiveCfg = Debug|Any CPU
		{F01505EE-BFDC-405B-ADF1-6C6BC7973289}.Debug|Any CPU.Build.0 = Debug|Any CPU
		{F01505EE-BFDC-405B-ADF1-6C6BC7973289}.Release|Any CPU.ActiveCfg = Release|Any CPU
		{F01505EE-BFDC-405B-ADF1-6C6BC7973289}.Release|Any CPU.Build.0 = Release|Any CPU
		{A95D2FEC-074A-4B48-8D83-036B48E88876}.Debug|Any CPU.ActiveCfg = Debug|Any CPU
		{A95D2FEC-074A-4B48-8D83-036B48E88876}.Debug|Any CPU.Build.0 = Debug|Any CPU
		{A95D2FEC-074A-4B48-8D83-036B48E88876}.Release|Any CPU.ActiveCfg = Release|Any CPU
		{A95D2FEC-074A-4B48-8D83-036B48E88876}.Release|Any CPU.Build.0 = Release|Any CPU
		{B8383A90-18C0-4144-ACB8-0DF3414F48F7}.Debug|Any CPU.ActiveCfg = Debug|Any CPU
		{B8383A90-18C0-4144-ACB8-0DF3414F48F7}.Debug|Any CPU.Build.0 = Debug|Any CPU
		{B8383A90-18C0-4144-ACB8-0DF3414F48F7}.Release|Any CPU.ActiveCfg = Release|Any CPU
		{B8383A90-18C0-4144-ACB8-0DF3414F48F7}.Release|Any CPU.Build.0 = Release|Any CPU
	EndGlobalSection
	GlobalSection(NestedProjects) = preSolution
		{0CFFC52A-2960-4FA7-8A77-9AD967552834} = {6E5CC7C5-51FE-4ED6-868F-3FA86FD48570}
		{9FEDAE89-AC35-45C4-AE70-75B331220086} = {D3D3E44F-CC96-405F-8B53-63F35CDBE58A}
		{CC9D3D4B-4C3C-4199-97EC-6D59C1FDF211} = {D3D3E44F-CC96-405F-8B53-63F35CDBE58A}
		{B844302D-B8AB-42E6-B214-3455DCDAFA0D} = {D3D3E44F-CC96-405F-8B53-63F35CDBE58A}
		{2320F1E8-FC61-4A55-94ED-C29A1423A578} = {D3D3E44F-CC96-405F-8B53-63F35CDBE58A}
		{1986E603-C8AB-468D-8F02-32E02AC8815D} = {31010573-B031-46A5-8C25-FEF43DB7E3BE}
		{0CBFC127-F1EC-4C40-8313-E6197804A88D} = {31010573-B031-46A5-8C25-FEF43DB7E3BE}
		{62F44936-194E-46F6-841C-32CFFEC377B4} = {31010573-B031-46A5-8C25-FEF43DB7E3BE}
		{EC549E2C-2A9F-4714-AADF-9A07F6DF3159} = {0056FA7D-FC8C-4DAD-8D2C-E4072B5958B1}
		{B6DC204E-07E3-4EDB-BBB7-267E6BC792AA} = {0056FA7D-FC8C-4DAD-8D2C-E4072B5958B1}
		{9A27CB52-946D-439C-BDC6-0F241940F2CE} = {0056FA7D-FC8C-4DAD-8D2C-E4072B5958B1}
		{387981DB-56D7-4F09-9376-96940583E337} = {6738148E-E6A8-4E89-AF17-6797A87EF583}
		{2C1889BE-501D-458A-A7AC-19D18CC151E3} = {6738148E-E6A8-4E89-AF17-6797A87EF583}
		{4629E642-788B-4DE1-A95D-B23089A23B63} = {6738148E-E6A8-4E89-AF17-6797A87EF583}
		{AA755C29-3FB9-46CB-A977-291E8546B175} = {6738148E-E6A8-4E89-AF17-6797A87EF583}
		{40C89174-D475-4F0E-890E-C45E89295197} = {6738148E-E6A8-4E89-AF17-6797A87EF583}
		{033A58B1-5939-43C1-87D2-8D67309D978E} = {6738148E-E6A8-4E89-AF17-6797A87EF583}
		{E6B26B84-B156-4810-BD7A-F63709BF8AFD} = {6738148E-E6A8-4E89-AF17-6797A87EF583}
		{71E1396C-2FFE-4D70-9D33-8AE88289951E} = {89198672-0B1F-4CD3-A926-FE82C6C2BA6E}
		{CC69BBBB-43AA-4EB3-946C-74B9D740219F} = {89198672-0B1F-4CD3-A926-FE82C6C2BA6E}
		{4F8D229C-F6B1-4B06-8931-DCCE11CC262C} = {89198672-0B1F-4CD3-A926-FE82C6C2BA6E}
		{56F80568-2F43-4F96-B065-28C2FDDC3FE0} = {89198672-0B1F-4CD3-A926-FE82C6C2BA6E}
		{04AFCCBA-CF88-4765-B25A-4804AE4AE2D4} = {89198672-0B1F-4CD3-A926-FE82C6C2BA6E}
		{98048FAD-BF76-406A-9614-372F5CB91B4A} = {89198672-0B1F-4CD3-A926-FE82C6C2BA6E}
		{13DD25EF-3916-42FA-ADFF-9BEE885C6755} = {89198672-0B1F-4CD3-A926-FE82C6C2BA6E}
		{A2323F14-CB61-4EE8-BD8D-8349180E19C1} = {F0277186-ECEC-4F65-9CBA-08983D6D5028}
		{A70FDFA3-3909-42B1-9762-ADD7C2F80407} = {F0277186-ECEC-4F65-9CBA-08983D6D5028}
		{A96203DF-5FE6-47BF-812E-1A08E05E8198} = {F0277186-ECEC-4F65-9CBA-08983D6D5028}
		{D8C249D6-B6D0-4CF4-BD13-5DA183E7B6DB} = {F0277186-ECEC-4F65-9CBA-08983D6D5028}
		{BF945965-D3E8-455A-9C6B-E7E6631F5644} = {F0277186-ECEC-4F65-9CBA-08983D6D5028}
		{CB9898BE-4F42-48AC-BC26-7B89C39F3236} = {CC9D3D4B-4C3C-4199-97EC-6D59C1FDF211}
		{0FFD3452-685B-4A3A-AB6E-2C602F191AF2} = {9FEDAE89-AC35-45C4-AE70-75B331220086}
		{6F4D0BF4-F206-45DC-ACB0-E02A6DE6B5E7} = {9FEDAE89-AC35-45C4-AE70-75B331220086}
		{E23FAEFA-141C-4C54-82BA-10FFA069AFCE} = {D3D3E44F-CC96-405F-8B53-63F35CDBE58A}
		{A7BD18C1-3C96-4F8F-A07C-5150166B3D87} = {2320F1E8-FC61-4A55-94ED-C29A1423A578}
		{51008A29-E82C-4FE0-A5E6-91CA0692233C} = {D3D3E44F-CC96-405F-8B53-63F35CDBE58A}
		{56DD0ECF-3E0D-42E7-A6A4-9B4B7E9E450B} = {51008A29-E82C-4FE0-A5E6-91CA0692233C}
		{E1FD2A3A-AF25-4155-8A05-E86212491C6E} = {3F94AFDC-9E5D-4E03-8824-50FFB7B4CAF5}
		{FBD2AE51-0B1E-4EFF-8455-F2CB803D1BDB} = {CF82B407-CF34-4E6A-B58E-E00C014FEAD6}
		{9A0F76AE-C14D-47AB-87B6-BD5E7C767061} = {CF82B407-CF34-4E6A-B58E-E00C014FEAD6}
		{D6825DD6-056D-43D8-9612-C861C4B131AF} = {F0277186-ECEC-4F65-9CBA-08983D6D5028}
		{A5D4F0F7-B88C-4D05-A942-3F204829D6E1} = {D3D3E44F-CC96-405F-8B53-63F35CDBE58A}
		{A4DF8A06-8669-4C55-B707-7E68DBB552A0} = {A5D4F0F7-B88C-4D05-A942-3F204829D6E1}
		{0A45EB98-1891-4FB7-A52C-1E9C5611F886} = {F0277186-ECEC-4F65-9CBA-08983D6D5028}
		{AE5500DE-9D70-4967-A59D-6E4A48E54083} = {CF82B407-CF34-4E6A-B58E-E00C014FEAD6}
		{10F70E2D-744A-4C3C-A752-9A0A80153887} = {B844302D-B8AB-42E6-B214-3455DCDAFA0D}
		{B968F302-B1C3-4716-8BE0-BB018A631A33} = {CF82B407-CF34-4E6A-B58E-E00C014FEAD6}
		{043E2F57-2868-49D8-B9AD-CA3EE89217F9} = {CF82B407-CF34-4E6A-B58E-E00C014FEAD6}
		{79DC05AC-6033-4A1D-ADB5-5A97C1CC2A86} = {CF82B407-CF34-4E6A-B58E-E00C014FEAD6}
		{4CC682B6-7353-4960-8B03-5FBE879DCB9B} = {CF82B407-CF34-4E6A-B58E-E00C014FEAD6}
		{72C5C796-2EF2-4CF5-A2E9-DD10FAF2709E} = {98E3FD1B-E4CB-4ED5-832B-F8697CACAB92}
		{1F907D03-50DF-4EA0-A3AB-42E3D8B08058} = {CF82B407-CF34-4E6A-B58E-E00C014FEAD6}
		{F6D2274D-CF63-45E7-9894-533B16FC3B3D} = {CF82B407-CF34-4E6A-B58E-E00C014FEAD6}
		{8F94D1FC-2B67-4216-B3A4-A7C6EEDD4B5B} = {CF82B407-CF34-4E6A-B58E-E00C014FEAD6}
		{E53B3BF9-4255-426B-B681-3CE78B912B41} = {82C785A7-93C9-49E4-8689-F5E2DF541754}
		{6AF0A29D-A744-44AB-8E2E-9A45E701727C} = {E53B3BF9-4255-426B-B681-3CE78B912B41}
		{1E0DF852-0F92-4D30-A27A-E263E3F26DE2} = {E53B3BF9-4255-426B-B681-3CE78B912B41}
		{8FF4DB18-5908-4EAB-A912-79CCBE232796} = {E53B3BF9-4255-426B-B681-3CE78B912B41}
		{878A33F6-ABCB-4B98-9F7E-AC139915B5DE} = {E53B3BF9-4255-426B-B681-3CE78B912B41}
		{4CE80304-DEB1-4831-8248-0A093F23E095} = {E53B3BF9-4255-426B-B681-3CE78B912B41}
		{9F110695-4A34-4F98-B7EE-24A73B67E74A} = {E53B3BF9-4255-426B-B681-3CE78B912B41}
		{10703F8C-9005-4A5C-A939-AC838F2B2F6E} = {E53B3BF9-4255-426B-B681-3CE78B912B41}
		{D67C4392-678D-43B3-890C-F5489B5D183E} = {E53B3BF9-4255-426B-B681-3CE78B912B41}
		{A5A4C160-FF24-4532-8412-CC91E7E913BF} = {E53B3BF9-4255-426B-B681-3CE78B912B41}
		{0522CFF8-8963-47D5-945F-9310EF15255C} = {E53B3BF9-4255-426B-B681-3CE78B912B41}
		{C0FB9948-144F-4A1A-A78F-F2D8C3D8A182} = {82C785A7-93C9-49E4-8689-F5E2DF541754}
		{CADA9788-AF99-432B-90FA-9C1DF272CDF5} = {C0FB9948-144F-4A1A-A78F-F2D8C3D8A182}
		{4858F4C1-4958-4A5D-AD93-391041788BA5} = {C0FB9948-144F-4A1A-A78F-F2D8C3D8A182}
		{40AEABB6-57D6-4309-8AFE-92CC85C0B54A} = {98E3FD1B-E4CB-4ED5-832B-F8697CACAB92}
		{CD7FFDEE-022D-417C-B3C0-48C4FBCEE09A} = {98E3FD1B-E4CB-4ED5-832B-F8697CACAB92}
		{8AA56DA2-4183-40C2-B76A-B08D50B9905A} = {98E3FD1B-E4CB-4ED5-832B-F8697CACAB92}
		{AB84C9CC-8593-4F70-8AB8-2BEA0828717C} = {C0FB9948-144F-4A1A-A78F-F2D8C3D8A182}
		{18CE64A3-693F-40DE-B8BA-C371CAC9AE2A} = {C0FB9948-144F-4A1A-A78F-F2D8C3D8A182}
		{CBDAC341-3D9D-4B2C-8460-ABB7E5493A8E} = {C0FB9948-144F-4A1A-A78F-F2D8C3D8A182}
		{1B458376-6ACC-490B-A9F3-AFBE4DF6BA6A} = {C0FB9948-144F-4A1A-A78F-F2D8C3D8A182}
		{047B3C5B-071C-4DE7-8207-28DCF8FE63C7} = {A419F164-AD8A-40A6-A3CA-6ED014BC0464}
		{BD25E1BE-7009-4A78-BD26-766A22DFB336} = {A419F164-AD8A-40A6-A3CA-6ED014BC0464}
		{FED3EB25-68A9-48C2-BC7A-69C35E9455B1} = {1E4198B0-F07D-49D0-8A37-09B84F5FDDE7}
		{7A9BA750-230D-435D-AF73-E0EDA3F5697B} = {98E3FD1B-E4CB-4ED5-832B-F8697CACAB92}
		{CF3BD1FA-A470-4944-A9D5-77DC8F181F4D} = {98E3FD1B-E4CB-4ED5-832B-F8697CACAB92}
		{0B3D786B-4A41-4EDC-BA6F-EC69700D9C51} = {98E3FD1B-E4CB-4ED5-832B-F8697CACAB92}
		{81E1FC02-2AEB-483B-A5DB-147BFE6D7298} = {98E3FD1B-E4CB-4ED5-832B-F8697CACAB92}
		{836DB416-913F-4378-AA44-D746C28B60A4} = {98E3FD1B-E4CB-4ED5-832B-F8697CACAB92}
		{A81693DA-6D3D-432B-9D72-051F6751A526} = {27B10086-13F9-4C22-9EC8-C18689F0BE9B}
		{6AA8AEBD-EDAF-4E0C-8D6E-D87A868D7322} = {A419F164-AD8A-40A6-A3CA-6ED014BC0464}
		{D3CB81D5-DB73-4B54-8806-2C55926CCF71} = {A419F164-AD8A-40A6-A3CA-6ED014BC0464}
		{9F1BE59B-0637-4301-9306-F605430F286C} = {A419F164-AD8A-40A6-A3CA-6ED014BC0464}
		{E49A791E-0DDF-4A7E-B19F-7400A09510FB} = {D3D3E44F-CC96-405F-8B53-63F35CDBE58A}
		{5EFE2645-9A7B-4FC6-ACA1-7ECC03A57310} = {E49A791E-0DDF-4A7E-B19F-7400A09510FB}
		{40E29F7A-F54F-4156-9906-41AF49E4C3B3} = {E49A791E-0DDF-4A7E-B19F-7400A09510FB}
		{3DAC57A8-551A-47B8-BEE1-1BFA743C6C36} = {E49A791E-0DDF-4A7E-B19F-7400A09510FB}
		{9361AEDC-EF47-4FD4-9B07-AA57E5B76C3B} = {E49A791E-0DDF-4A7E-B19F-7400A09510FB}
		{50E53E65-024E-48D1-98F6-EDE9320C5929} = {E49A791E-0DDF-4A7E-B19F-7400A09510FB}
		{50E2CC8C-46F5-42AD-AE68-62975CCD2B3D} = {E49A791E-0DDF-4A7E-B19F-7400A09510FB}
		{EDC509C5-21F1-4054-902E-684CB246D088} = {E49A791E-0DDF-4A7E-B19F-7400A09510FB}
		{1DD60B01-E7CE-480B-9A1B-B42F92164747} = {E49A791E-0DDF-4A7E-B19F-7400A09510FB}
		{D081C529-18A8-48EA-9EBF-D24470C2E7A8} = {E49A791E-0DDF-4A7E-B19F-7400A09510FB}
		{CDF5CF9D-58AD-4A69-97EC-AFCE8AA59F98} = {E49A791E-0DDF-4A7E-B19F-7400A09510FB}
		{5D326250-5EA2-4927-A8B2-B8B394197E7F} = {98E3FD1B-E4CB-4ED5-832B-F8697CACAB92}
		{DA3608BA-31ED-4A41-8EEA-CD7AC4D28467} = {E49A791E-0DDF-4A7E-B19F-7400A09510FB}
		{AE455AD0-D684-45FC-9191-DF9C52914D4D} = {E49A791E-0DDF-4A7E-B19F-7400A09510FB}
		{E7F7D6EE-D8D8-402A-9D0B-C53B30AAF0D4} = {E49A791E-0DDF-4A7E-B19F-7400A09510FB}
		{7C2038DA-1567-4722-844A-34E7ED62FDE4} = {E49A791E-0DDF-4A7E-B19F-7400A09510FB}
		{4D98E26A-E5A9-439B-B00E-E54EF1C28532} = {E49A791E-0DDF-4A7E-B19F-7400A09510FB}
		{0F6B4BE9-B732-45CF-9D01-C6C4CD148953} = {E49A791E-0DDF-4A7E-B19F-7400A09510FB}
		{4A7C7200-9A16-4483-B361-C01758300FA0} = {E49A791E-0DDF-4A7E-B19F-7400A09510FB}
		{861DB106-D6D1-4C6D-A44F-46C39344F266} = {E49A791E-0DDF-4A7E-B19F-7400A09510FB}
		{26EDF62F-7028-4A42-BABA-90A463047F5C} = {E49A791E-0DDF-4A7E-B19F-7400A09510FB}
		{1C4F4793-07CE-49F3-BE87-884899CC5065} = {A419F164-AD8A-40A6-A3CA-6ED014BC0464}
		{1B3AABCE-0BA0-4F32-9F98-CD399F0EA5FF} = {D41D3EBA-7923-4808-BCEC-317C0F927F57}
		{432A6523-ADE2-42C9-B474-6E1774853599} = {FB1C5D98-E39F-4243-A494-6B16B4154774}
		{86F478B5-D29C-4020-8DDD-00771E683436} = {0BFF94B6-90C0-4A92-814E-F5B5D57C0622}
		{4820FC04-38A2-4211-905B-164B5AD0C542} = {0BFF94B6-90C0-4A92-814E-F5B5D57C0622}
		{934912F0-EDB5-4016-B642-64518D60172D} = {0BFF94B6-90C0-4A92-814E-F5B5D57C0622}
		{83EAD992-D4BC-44A6-A7C5-3B1355CBA91B} = {0BFF94B6-90C0-4A92-814E-F5B5D57C0622}
		{86F50272-9DE4-4066-926D-E6815AC56467} = {0BFF94B6-90C0-4A92-814E-F5B5D57C0622}
		{844E4766-119F-49A3-9509-3B4D3A708632} = {0BFF94B6-90C0-4A92-814E-F5B5D57C0622}
		{ABB0075E-F399-45C8-8C9F-CC78BCE8D302} = {0BFF94B6-90C0-4A92-814E-F5B5D57C0622}
		{E3249E7E-8A70-413B-8E35-F074A9CD8149} = {0BFF94B6-90C0-4A92-814E-F5B5D57C0622}
		{B24B63D9-1A80-4A80-9E82-0A03618002B0} = {0BFF94B6-90C0-4A92-814E-F5B5D57C0622}
		{DBF3B3A7-F279-422C-B054-7C85CAE8D1B0} = {0BFF94B6-90C0-4A92-814E-F5B5D57C0622}
		{CFB2F486-9BD3-4FFE-A8CC-B5961CAD3C53} = {0BFF94B6-90C0-4A92-814E-F5B5D57C0622}
		{7EB524E1-8636-44B7-8F31-D36B64985727} = {0BFF94B6-90C0-4A92-814E-F5B5D57C0622}
		{4DC0B701-B0EB-4381-B0B6-831A8378B702} = {E49A791E-0DDF-4A7E-B19F-7400A09510FB}
		{9B5CFF49-AC66-4EDD-9CC4-B4B776DE39D1} = {E49A791E-0DDF-4A7E-B19F-7400A09510FB}
		{53AD3653-6405-4D18-8225-28D7718EF694} = {D3D3E44F-CC96-405F-8B53-63F35CDBE58A}
		{AB868646-40D7-4FBB-95E7-107DE138E0B4} = {53AD3653-6405-4D18-8225-28D7718EF694}
		{90028987-1B1C-4DDC-9AF6-B19D40611F70} = {D3D3E44F-CC96-405F-8B53-63F35CDBE58A}
		{A2719BC7-C9AF-45B3-914A-2B1242A7C58A} = {90028987-1B1C-4DDC-9AF6-B19D40611F70}
		{8C4BCC62-DEAA-4B23-B128-2828137D55FC} = {D3D3E44F-CC96-405F-8B53-63F35CDBE58A}
		{749EF5EE-3883-44C9-8F5B-008522BCC79E} = {8C4BCC62-DEAA-4B23-B128-2828137D55FC}
		{F0A6490E-B647-4F95-B482-34EB81BC2C76} = {92F3CBAC-59ED-4FC7-8D43-BAD008E160A7}
		{A58CC194-4DF6-4997-AF42-1A229176B857} = {92F3CBAC-59ED-4FC7-8D43-BAD008E160A7}
		{EF9EF141-BDA8-450B-906A-EDB262E46629} = {DF2500C8-1DBD-479C-B7E7-0796C0001E5C}
		{EF7D06E3-68DD-4F16-96D7-DBD67A4C3D2F} = {DF2500C8-1DBD-479C-B7E7-0796C0001E5C}
		{2C262C92-28A1-428B-9E22-FE70C219694C} = {DF2500C8-1DBD-479C-B7E7-0796C0001E5C}
		{BC75E7E3-C5DE-49AB-86F9-46B45C4871A3} = {DD35C060-3EF8-460F-B7F2-CC05293D47E6}
		{F01505EE-BFDC-405B-ADF1-6C6BC7973289} = {E398C1B6-59E8-470B-A090-F1872227D663}
		{A95D2FEC-074A-4B48-8D83-036B48E88876} = {E398C1B6-59E8-470B-A090-F1872227D663}
		{B8383A90-18C0-4144-ACB8-0DF3414F48F7} = {DD35C060-3EF8-460F-B7F2-CC05293D47E6}
	EndGlobalSection
EndGlobal
