
Microsoft Visual Studio Solution File, Format Version 12.00
Project("{2150E333-8FDC-42A3-9474-1A3956D46DE8}") = "Lesson_1_Variables", "Lesson_1_Variables", "{31010573-B031-46A5-8C25-FEF43DB7E3BE}"
EndProject
Project("{2150E333-8FDC-42A3-9474-1A3956D46DE8}") = "Lesson_2_Operators", "Lesson_2_Operators", "{0056FA7D-FC8C-4DAD-8D2C-E4072B5958B1}"
EndProject
Project("{2150E333-8FDC-42A3-9474-1A3956D46DE8}") = "Lesson_3_Conditionals_IfElse", "Lesson_3_Conditionals_IfElse", "{6738148E-E6A8-4E89-AF17-6797A87EF583}"
EndProject
Project("{2150E333-8FDC-42A3-9474-1A3956D46DE8}") = "Lesson_4_Conditionals_Switch", "Lesson_4_Conditionals_Switch", "{89198672-0B1F-4CD3-A926-FE82C6C2BA6E}"
EndProject
Project("{2150E333-8FDC-42A3-9474-1A3956D46DE8}") = "_Questions", "_Questions", "{6E5CC7C5-51FE-4ED6-868F-3FA86FD48570}"
EndProject
Project("{FAE04EC0-301F-11D3-BF4B-00C04F79EFBC}") = "Questions_1", "Questions_1\Questions_1.csproj", "{0CFFC52A-2960-4FA7-8A77-9AD967552834}"
EndProject
Project("{2150E333-8FDC-42A3-9474-1A3956D46DE8}") = "Lesson_5_Cycles", "Lesson_5_Cycles", "{F0277186-ECEC-4F65-9CBA-08983D6D5028}"
EndProject
Project("{2150E333-8FDC-42A3-9474-1A3956D46DE8}") = "_Students", "_Students", "{D3D3E44F-CC96-405F-8B53-63F35CDBE58A}"
EndProject
Project("{2150E333-8FDC-42A3-9474-1A3956D46DE8}") = "Kovalenko Tymofii", "Kovalenko Tymofii", "{9FEDAE89-AC35-45C4-AE70-75B331220086}"
EndProject
Project("{2150E333-8FDC-42A3-9474-1A3956D46DE8}") = "Derev'yanko Roman", "Derev'yanko Roman", "{CC9D3D4B-4C3C-4199-97EC-6D59C1FDF211}"
EndProject
Project("{2150E333-8FDC-42A3-9474-1A3956D46DE8}") = "Anpilogov Mitya ", "Anpilogov Mitya ", "{B844302D-B8AB-42E6-B214-3455DCDAFA0D}"
EndProject
Project("{2150E333-8FDC-42A3-9474-1A3956D46DE8}") = "Dobrytsia Mykyta", "Dobrytsia Mykyta", "{2320F1E8-FC61-4A55-94ED-C29A1423A578}"
EndProject
Project("{FAE04EC0-301F-11D3-BF4B-00C04F79EFBC}") = "Sample", "Sample\Sample.csproj", "{9BCB830C-2198-41CD-8B60-7E42C115F9E2}"
EndProject
Project("{FAE04EC0-301F-11D3-BF4B-00C04F79EFBC}") = "Lesson_1_Variables_1", "Lesson_1_Variables\Lesson_1_Variables_1\Lesson_1_Variables_1.csproj", "{1986E603-C8AB-468D-8F02-32E02AC8815D}"
EndProject
Project("{FAE04EC0-301F-11D3-BF4B-00C04F79EFBC}") = "Lesson_1_Variables_2", "Lesson_1_Variables\Lesson_1_Variables_2\Lesson_1_Variables_2.csproj", "{0CBFC127-F1EC-4C40-8313-E6197804A88D}"
EndProject
Project("{FAE04EC0-301F-11D3-BF4B-00C04F79EFBC}") = "Lesson_1_Variables_3", "Lesson_1_Variables\Lesson_1_Variables_3\Lesson_1_Variables_3.csproj", "{62F44936-194E-46F6-841C-32CFFEC377B4}"
EndProject
Project("{FAE04EC0-301F-11D3-BF4B-00C04F79EFBC}") = "Lesson_2_Operators_1_MathOperators", "Lesson_2_Operators\Lesson_2_Operators_1_MathOperators\Lesson_2_Operators_1_MathOperators.csproj", "{EC549E2C-2A9F-4714-AADF-9A07F6DF3159}"
EndProject
Project("{FAE04EC0-301F-11D3-BF4B-00C04F79EFBC}") = "Lesson_2_Operators_2_EqualityOperators", "Lesson_2_Operators\Lesson_2_Operators_2_EqualityOperators\Lesson_2_Operators_2_EqualityOperators.csproj", "{B6DC204E-07E3-4EDB-BBB7-267E6BC792AA}"
EndProject
Project("{FAE04EC0-301F-11D3-BF4B-00C04F79EFBC}") = "Lesson_2_Operators_LogicOperators", "Lesson_2_Operators\Lesson_2_Operators_LogicOperators\Lesson_2_Operators_LogicOperators.csproj", "{9A27CB52-946D-439C-BDC6-0F241940F2CE}"
EndProject
Project("{FAE04EC0-301F-11D3-BF4B-00C04F79EFBC}") = "Lesson_3_Conditionals_IfElse_0_Slider", "Lesson_3_Conditionals\Lesson_3_Conditionals_IfElse_0_Slider\Lesson_3_Conditionals_IfElse_0_Slider.csproj", "{387981DB-56D7-4F09-9376-96940583E337}"
EndProject
Project("{FAE04EC0-301F-11D3-BF4B-00C04F79EFBC}") = "Lesson_3_Conditionals_IfElse_1", "Lesson_3_Conditionals\Lesson_3_Conditionals_IfElse_1\Lesson_3_Conditionals_IfElse_1.csproj", "{2C1889BE-501D-458A-A7AC-19D18CC151E3}"
EndProject
Project("{FAE04EC0-301F-11D3-BF4B-00C04F79EFBC}") = "Lesson_3_Conditionals_IfElse_2", "Lesson_3_Conditionals\Lesson_3_Conditionals_IfElse_2\Lesson_3_Conditionals_IfElse_2.csproj", "{4629E642-788B-4DE1-A95D-B23089A23B63}"
EndProject
Project("{FAE04EC0-301F-11D3-BF4B-00C04F79EFBC}") = "Lesson_3_Conditionals_IfElse_4", "Lesson_3_Conditionals\Lesson_3_Conditionals_IfElse_4\Lesson_3_Conditionals_IfElse_4.csproj", "{AA755C29-3FB9-46CB-A977-291E8546B175}"
EndProject
Project("{FAE04EC0-301F-11D3-BF4B-00C04F79EFBC}") = "Lesson_3_Conditionals_IfElse_5", "Lesson_3_Conditionals\Lesson_3_Conditionals_IfElse_5\Lesson_3_Conditionals_IfElse_5.csproj", "{40C89174-D475-4F0E-890E-C45E89295197}"
EndProject
Project("{FAE04EC0-301F-11D3-BF4B-00C04F79EFBC}") = "Lesson_3_Conditionals_IfElse_6", "Lesson_3_Conditionals\Lesson_3_Conditionals_IfElse_6\Lesson_3_Conditionals_IfElse_6.csproj", "{033A58B1-5939-43C1-87D2-8D67309D978E}"
EndProject
Project("{FAE04EC0-301F-11D3-BF4B-00C04F79EFBC}") = "Lesson_3_Conditionals_IfElse_7", "Lesson_3_Conditionals\Lesson_3_Conditionals_IfElse_7\Lesson_3_Conditionals_IfElse_7.csproj", "{E6B26B84-B156-4810-BD7A-F63709BF8AFD}"
EndProject
Project("{FAE04EC0-301F-11D3-BF4B-00C04F79EFBC}") = "Lesson_4_Conditionals_Switch_1", "Lesson_4_Conditionals_Switch\Lesson_4_Conditionals_Switch_1\Lesson_4_Conditionals_Switch_1.csproj", "{71E1396C-2FFE-4D70-9D33-8AE88289951E}"
EndProject
Project("{FAE04EC0-301F-11D3-BF4B-00C04F79EFBC}") = "Lesson_4_Conditionals_Switch_2", "Lesson_4_Conditionals_Switch\Lesson_4_Conditionals_Switch_2\Lesson_4_Conditionals_Switch_2.csproj", "{CC69BBBB-43AA-4EB3-946C-74B9D740219F}"
EndProject
Project("{FAE04EC0-301F-11D3-BF4B-00C04F79EFBC}") = "Lesson_4_Conditionals_Switch_3", "Lesson_4_Conditionals_Switch\Lesson_4_Conditionals_Switch_3\Lesson_4_Conditionals_Switch_3.csproj", "{4F8D229C-F6B1-4B06-8931-DCCE11CC262C}"
EndProject
Project("{FAE04EC0-301F-11D3-BF4B-00C04F79EFBC}") = "Lesson_4_Conditionals_Switch_4", "Lesson_4_Conditionals_Switch\Lesson_4_Conditionals_Switch_4\Lesson_4_Conditionals_Switch_4.csproj", "{56F80568-2F43-4F96-B065-28C2FDDC3FE0}"
EndProject
Project("{FAE04EC0-301F-11D3-BF4B-00C04F79EFBC}") = "Lesson_4_Conditionals_Switch_5", "Lesson_4_Conditionals_Switch\Lesson_4_Conditionals_Switch_5\Lesson_4_Conditionals_Switch_5.csproj", "{04AFCCBA-CF88-4765-B25A-4804AE4AE2D4}"
EndProject
Project("{FAE04EC0-301F-11D3-BF4B-00C04F79EFBC}") = "Lesson_4_Conditionals_Switch_6", "Lesson_4_Conditionals_Switch\Lesson_4_Conditionals_Switch_6\Lesson_4_Conditionals_Switch_6.csproj", "{98048FAD-BF76-406A-9614-372F5CB91B4A}"
EndProject
Project("{FAE04EC0-301F-11D3-BF4B-00C04F79EFBC}") = "Lesson_4_Conditionals_Switch_7", "Lesson_4_Conditionals_Switch\Lesson_4_Conditionals_Switch_7\Lesson_4_Conditionals_Switch_7.csproj", "{13DD25EF-3916-42FA-ADFF-9BEE885C6755}"
EndProject
Project("{FAE04EC0-301F-11D3-BF4B-00C04F79EFBC}") = "Lesson_5_Cycles_1", "Lesson_5_Cycles\Lesson_5_Cycles_1\Lesson_5_Cycles_1.csproj", "{A2323F14-CB61-4EE8-BD8D-8349180E19C1}"
EndProject
Project("{FAE04EC0-301F-11D3-BF4B-00C04F79EFBC}") = "Lesson_5_Cycles_2", "Lesson_5_Cycles\Lesson_5_Cycles_2\Lesson_5_Cycles_2.csproj", "{A70FDFA3-3909-42B1-9762-ADD7C2F80407}"
EndProject
Project("{FAE04EC0-301F-11D3-BF4B-00C04F79EFBC}") = "Lesson_5_Cycles_3", "Lesson_5_Cycles\Lesson_5_Cycles_3\Lesson_5_Cycles_3.csproj", "{A96203DF-5FE6-47BF-812E-1A08E05E8198}"
EndProject
Project("{FAE04EC0-301F-11D3-BF4B-00C04F79EFBC}") = "Lesson_5_Cycles_4", "Lesson_5_Cycles\Lesson_5_Cycles_4\Lesson_5_Cycles_4.csproj", "{D8C249D6-B6D0-4CF4-BD13-5DA183E7B6DB}"
EndProject
Project("{FAE04EC0-301F-11D3-BF4B-00C04F79EFBC}") = "Lesson_5_Cycles_5", "Lesson_5_Cycles\Lesson_5_Cycles_5\Lesson_5_Cycles_5.csproj", "{BF945965-D3E8-455A-9C6B-E7E6631F5644}"
EndProject
Project("{FAE04EC0-301F-11D3-BF4B-00C04F79EFBC}") = "03_IF_ELSE", "_Students\Derev'yanko Roman\03_IF_ELSE\03_IF_ELSE.csproj", "{CB9898BE-4F42-48AC-BC26-7B89C39F3236}"
EndProject
Project("{FAE04EC0-301F-11D3-BF4B-00C04F79EFBC}") = "_03_IF_ELSE", "_Students\Kovalenko Tymofii\_03_IF_ELSE\_03_IF_ELSE.csproj", "{0FFD3452-685B-4A3A-AB6E-2C602F191AF2}"
EndProject
Project("{FAE04EC0-301F-11D3-BF4B-00C04F79EFBC}") = "_04_Switch", "_Students\Kovalenko Tymofii\_04_SWITCH\_04_Switch.csproj", "{6F4D0BF4-F206-45DC-ACB0-E02A6DE6B5E7}"
EndProject
Project("{FAE04EC0-301F-11D3-BF4B-00C04F79EFBC}") = "_HomeWorksCheck", "_Students\_HomeWorksCheck\_HomeWorksCheck.csproj", "{E23FAEFA-141C-4C54-82BA-10FFA069AFCE}"
EndProject
Project("{FAE04EC0-301F-11D3-BF4B-00C04F79EFBC}") = "_05_CYCLES", "_Students\Dobrytsia Mykyta\_05_CYCLES\_05_CYCLES.csproj", "{A7BD18C1-3C96-4F8F-A07C-5150166B3D87}"
EndProject
Project("{2150E333-8FDC-42A3-9474-1A3956D46DE8}") = "Fisun Denys", "Fisun Denys", "{51008A29-E82C-4FE0-A5E6-91CA0692233C}"
EndProject
Project("{FAE04EC0-301F-11D3-BF4B-00C04F79EFBC}") = "_04_SWITCH", "_Students\Fisun Denys\_04_SWITCH\_04_SWITCH.csproj", "{56DD0ECF-3E0D-42E7-A6A4-9B4B7E9E450B}"
EndProject
Project("{2150E333-8FDC-42A3-9474-1A3956D46DE8}") = "Hearthstone", "Hearthstone", "{3F94AFDC-9E5D-4E03-8824-50FFB7B4CAF5}"
EndProject
Project("{FAE04EC0-301F-11D3-BF4B-00C04F79EFBC}") = "Hearthstone", "Hearthstone\Hearthstone\Hearthstone.csproj", "{E1FD2A3A-AF25-4155-8A05-E86212491C6E}"
EndProject
Project("{2150E333-8FDC-42A3-9474-1A3956D46DE8}") = "Lesson_6_Arrays", "Lesson_6_Arrays", "{CF82B407-CF34-4E6A-B58E-E00C014FEAD6}"
EndProject
Project("{FAE04EC0-301F-11D3-BF4B-00C04F79EFBC}") = "Lesson_6_Arrays_1", "Lesson_6_Arrays\Lesson_6_Arrays_1\Lesson_6_Arrays_1.csproj", "{FBD2AE51-0B1E-4EFF-8455-F2CB803D1BDB}"
EndProject
Project("{FAE04EC0-301F-11D3-BF4B-00C04F79EFBC}") = "Lesson_6_Arrays_2", "Lesson_6_Arrays\Lesson_6_Arrays_2\Lesson_6_Arrays_2.csproj", "{9A0F76AE-C14D-47AB-87B6-BD5E7C767061}"
EndProject
Project("{FAE04EC0-301F-11D3-BF4B-00C04F79EFBC}") = "Lesson_5_Cycles_6", "Lesson_5_Cycles\Lesson_5_Cycles_6\Lesson_5_Cycles_6.csproj", "{D6825DD6-056D-43D8-9612-C861C4B131AF}"
EndProject
Project("{2150E333-8FDC-42A3-9474-1A3956D46DE8}") = "Vykliuk Tetiana", "Vykliuk Tetiana", "{A5D4F0F7-B88C-4D05-A942-3F204829D6E1}"
EndProject
Project("{FAE04EC0-301F-11D3-BF4B-00C04F79EFBC}") = "_05_CYCLES", "_Students\Vykliuk Tetiana\_05_CYCLES\_05_CYCLES.csproj", "{A4DF8A06-8669-4C55-B707-7E68DBB552A0}"
EndProject
Project("{FAE04EC0-301F-11D3-BF4B-00C04F79EFBC}") = "Lesson_5_Cycles_7_Update", "Lesson_5_Cycles\Lesson_5_Cycles_7_Update\Lesson_5_Cycles_7_Update.csproj", "{0A45EB98-1891-4FB7-A52C-1E9C5611F886}"
EndProject
Project("{FAE04EC0-301F-11D3-BF4B-00C04F79EFBC}") = "Lesson_6_Arrays_3", "Lesson_6_Arrays\Lesson_6_Arrays_3\Lesson_6_Arrays_3.csproj", "{AE5500DE-9D70-4967-A59D-6E4A48E54083}"
EndProject
Project("{FAE04EC0-301F-11D3-BF4B-00C04F79EFBC}") = "05_CYCLES", "_Students\Anpilogov Mitya\05_CYCLES\05_CYCLES.csproj", "{10F70E2D-744A-4C3C-A752-9A0A80153887}"
EndProject
Project("{FAE04EC0-301F-11D3-BF4B-00C04F79EFBC}") = "Lesson_6_Arrays_4", "Lesson_6_Arrays\Lesson_6_Arrays_4\Lesson_6_Arrays_4.csproj", "{B968F302-B1C3-4716-8BE0-BB018A631A33}"
EndProject
Project("{FAE04EC0-301F-11D3-BF4B-00C04F79EFBC}") = "Lesson_6_Arrays_5", "Lesson_6_Arrays\Lesson_6_Arrays_5\Lesson_6_Arrays_5.csproj", "{043E2F57-2868-49D8-B9AD-CA3EE89217F9}"
EndProject
Project("{FAE04EC0-301F-11D3-BF4B-00C04F79EFBC}") = "Lesson_6_Arrays_6", "Lesson_6_Arrays\Lesson_6_Arrays_6\Lesson_6_Arrays_6.csproj", "{79DC05AC-6033-4A1D-ADB5-5A97C1CC2A86}"
EndProject
Project("{FAE04EC0-301F-11D3-BF4B-00C04F79EFBC}") = "Lesson_6_Arrays_7", "Lesson_6_Arrays\Lesson_6_Arrays_7\Lesson_6_Arrays_7.csproj", "{4CC682B6-7353-4960-8B03-5FBE879DCB9B}"
EndProject
Project("{2150E333-8FDC-42A3-9474-1A3956D46DE8}") = "Lesson_7_List_Dictionary", "Lesson_7_List_Dictionary", "{98E3FD1B-E4CB-4ED5-832B-F8697CACAB92}"
	ProjectSection(SolutionItems) = preProject
		Lesson_7_List_Dictionary\QA.MD = Lesson_7_List_Dictionary\QA.MD
		Lesson_7_List_Dictionary\ListComands.MD = Lesson_7_List_Dictionary\ListComands.MD
		Lesson_7_List_Dictionary\HW.MD = Lesson_7_List_Dictionary\HW.MD
		Lesson_7_List_Dictionary\DictComands.MD = Lesson_7_List_Dictionary\DictComands.MD
	EndProjectSection
EndProject
Project("{FAE04EC0-301F-11D3-BF4B-00C04F79EFBC}") = "Lesson_7_List_Dictionary_1", "Lesson_7_List_Dictionary\Lesson_7_List_Dictionary_1\Lesson_7_List_Dictionary_1.csproj", "{72C5C796-2EF2-4CF5-A2E9-DD10FAF2709E}"
EndProject
Project("{FAE04EC0-301F-11D3-BF4B-00C04F79EFBC}") = "Lesson_6_Arrays_8_HW", "Lesson_6_Arrays\Lesson_6_Arrays_8_HW\Lesson_6_Arrays_8_HW.csproj", "{1F907D03-50DF-4EA0-A3AB-42E3D8B08058}"
EndProject
Project("{FAE04EC0-301F-11D3-BF4B-00C04F79EFBC}") = "Lesson_6_Arrays_9", "Lesson_6_Arrays\Lesson_6_Arrays_9\Lesson_6_Arrays_9.csproj", "{F6D2274D-CF63-45E7-9894-533B16FC3B3D}"
EndProject
Project("{FAE04EC0-301F-11D3-BF4B-00C04F79EFBC}") = "Lesson_6_Arrays_10", "Lesson_6_Arrays\Lesson_6_Arrays_10\Lesson_6_Arrays_10.csproj", "{8F94D1FC-2B67-4216-B3A4-A7C6EEDD4B5B}"
EndProject
Project("{2150E333-8FDC-42A3-9474-1A3956D46DE8}") = "_MyHomeworks", "_MyHomeworks", "{82C785A7-93C9-49E4-8689-F5E2DF541754}"
EndProject
Project("{2150E333-8FDC-42A3-9474-1A3956D46DE8}") = "07_List", "07_List", "{E53B3BF9-4255-426B-B681-3CE78B912B41}"
EndProject
Project("{FAE04EC0-301F-11D3-BF4B-00C04F79EFBC}") = "07_List_01", "_MyHomeworks\07_List\07_List_01\07_List_01.csproj", "{6AF0A29D-A744-44AB-8E2E-9A45E701727C}"
EndProject
Project("{FAE04EC0-301F-11D3-BF4B-00C04F79EFBC}") = "07_List_02", "_MyHomeworks\07_List\07_List_02\07_List_02.csproj", "{1E0DF852-0F92-4D30-A27A-E263E3F26DE2}"
EndProject
Project("{FAE04EC0-301F-11D3-BF4B-00C04F79EFBC}") = "07_List_03", "_MyHomeworks\07_List\07_List_03\07_List_03.csproj", "{8FF4DB18-5908-4EAB-A912-79CCBE232796}"
EndProject
Project("{FAE04EC0-301F-11D3-BF4B-00C04F79EFBC}") = "07_List_04", "_MyHomeworks\07_List\07_List_04\07_List_04.csproj", "{878A33F6-ABCB-4B98-9F7E-AC139915B5DE}"
EndProject
Project("{FAE04EC0-301F-11D3-BF4B-00C04F79EFBC}") = "07_List_05", "_MyHomeworks\07_List\07_List_05\07_List_05.csproj", "{4CE80304-DEB1-4831-8248-0A093F23E095}"
EndProject
Project("{FAE04EC0-301F-11D3-BF4B-00C04F79EFBC}") = "07_List_06", "_MyHomeworks\07_List\07_List_06\07_List_06.csproj", "{9F110695-4A34-4F98-B7EE-24A73B67E74A}"
EndProject
Project("{FAE04EC0-301F-11D3-BF4B-00C04F79EFBC}") = "07_List_07", "_MyHomeworks\07_List\07_List_07\07_List_07.csproj", "{10703F8C-9005-4A5C-A939-AC838F2B2F6E}"
EndProject
Project("{FAE04EC0-301F-11D3-BF4B-00C04F79EFBC}") = "07_List_08", "_MyHomeworks\07_List\07_List_08\07_List_08.csproj", "{D67C4392-678D-43B3-890C-F5489B5D183E}"
EndProject
Project("{FAE04EC0-301F-11D3-BF4B-00C04F79EFBC}") = "07_List_09", "_MyHomeworks\07_List\07_List_09\07_List_09.csproj", "{A5A4C160-FF24-4532-8412-CC91E7E913BF}"
EndProject
Project("{FAE04EC0-301F-11D3-BF4B-00C04F79EFBC}") = "07_List_10", "_MyHomeworks\07_List\07_List_10\07_List_10.csproj", "{0522CFF8-8963-47D5-945F-9310EF15255C}"
EndProject
Project("{2150E333-8FDC-42A3-9474-1A3956D46DE8}") = "07_Dict", "07_Dict", "{C0FB9948-144F-4A1A-A78F-F2D8C3D8A182}"
EndProject
Project("{FAE04EC0-301F-11D3-BF4B-00C04F79EFBC}") = "07_Dict_1", "_MyHomeworks\07_Dict\07_Dict_1\07_Dict_1.csproj", "{CADA9788-AF99-432B-90FA-9C1DF272CDF5}"
EndProject
Project("{FAE04EC0-301F-11D3-BF4B-00C04F79EFBC}") = "07_Dict_2", "_MyHomeworks\07_Dict\07_Dict_2\07_Dict_2.csproj", "{4858F4C1-4958-4A5D-AD93-391041788BA5}"
EndProject
Project("{FAE04EC0-301F-11D3-BF4B-00C04F79EFBC}") = "Lesson_7_List_Dictionary_2", "Lesson_7_List_Dictionary\Lesson_7_List_Dictionary_2\Lesson_7_List_Dictionary_2.csproj", "{40AEABB6-57D6-4309-8AFE-92CC85C0B54A}"
EndProject
Project("{FAE04EC0-301F-11D3-BF4B-00C04F79EFBC}") = "Lesson_7_List_Dictionary_3", "Lesson_7_List_Dictionary\Lesson_7_List_Dictionary_3\Lesson_7_List_Dictionary_3.csproj", "{CD7FFDEE-022D-417C-B3C0-48C4FBCEE09A}"
EndProject
Project("{FAE04EC0-301F-11D3-BF4B-00C04F79EFBC}") = "Lesson_7_List_Dictionary_4", "Lesson_7_List_Dictionary\Lesson_7_List_Dictionary_4\Lesson_7_List_Dictionary_4.csproj", "{8AA56DA2-4183-40C2-B76A-B08D50B9905A}"
EndProject
Project("{FAE04EC0-301F-11D3-BF4B-00C04F79EFBC}") = "07_Dict_6", "_MyHomeworks\07_Dict\07_Dict_6\07_Dict_6.csproj", "{AB84C9CC-8593-4F70-8AB8-2BEA0828717C}"
EndProject
Project("{FAE04EC0-301F-11D3-BF4B-00C04F79EFBC}") = "07_Dict_7", "_MyHomeworks\07_Dict\07_Dict_7\07_Dict_7.csproj", "{18CE64A3-693F-40DE-B8BA-C371CAC9AE2A}"
EndProject
Project("{FAE04EC0-301F-11D3-BF4B-00C04F79EFBC}") = "07_Dict_8", "_MyHomeworks\07_Dict\07_Dict_8\07_Dict_8.csproj", "{CBDAC341-3D9D-4B2C-8460-ABB7E5493A8E}"
EndProject
Project("{FAE04EC0-301F-11D3-BF4B-00C04F79EFBC}") = "07_Dict_3", "_MyHomeworks\07_Dict\07_Dict_3\07_Dict_3.csproj", "{1B458376-6ACC-490B-A9F3-AFBE4DF6BA6A}"
EndProject
Project("{2150E333-8FDC-42A3-9474-1A3956D46DE8}") = "Lesson_8_Strings", "Lesson_8_Strings", "{A419F164-AD8A-40A6-A3CA-6ED014BC0464}"
EndProject
Project("{FAE04EC0-301F-11D3-BF4B-00C04F79EFBC}") = "Lesson_8_Strings_1", "Lesson_8_Strings\Lesson_8_Strings_1\Lesson_8_Strings_1.csproj", "{047B3C5B-071C-4DE7-8207-28DCF8FE63C7}"
EndProject
Project("{FAE04EC0-301F-11D3-BF4B-00C04F79EFBC}") = "Lesson_8_Strings_2", "Lesson_8_Strings\Lesson_8_Strings_2\Lesson_8_Strings_2.csproj", "{BD25E1BE-7009-4A78-BD26-766A22DFB336}"
EndProject
Project("{2150E333-8FDC-42A3-9474-1A3956D46DE8}") = "_SpaceInvaders", "_SpaceInvaders", "{27B10086-13F9-4C22-9EC8-C18689F0BE9B}"
EndProject
Project("{FAE04EC0-301F-11D3-BF4B-00C04F79EFBC}") = "SpaceInvaders", "SpaceInvaders\SpaceInvaders.csproj", "{A4A088AE-3491-4FD9-A8A3-C3EE4A135F4D}"
EndProject
Project("{2150E333-8FDC-42A3-9474-1A3956D46DE8}") = "_SuperMarioBros", "_SuperMarioBros", "{1E4198B0-F07D-49D0-8A37-09B84F5FDDE7}"
EndProject
Project("{FAE04EC0-301F-11D3-BF4B-00C04F79EFBC}") = "SuperMarioBros", "_SuperMarioBros\SuperMarioBros\SuperMarioBros.csproj", "{FED3EB25-68A9-48C2-BC7A-69C35E9455B1}"
EndProject
Project("{FAE04EC0-301F-11D3-BF4B-00C04F79EFBC}") = "Lesson_7_List_Dictionary_5", "Lesson_7_List_Dictionary\Lesson_7_List_Dictionary_5\Lesson_7_List_Dictionary_5.csproj", "{7A9BA750-230D-435D-AF73-E0EDA3F5697B}"
EndProject
Project("{FAE04EC0-301F-11D3-BF4B-00C04F79EFBC}") = "Lesson_7_List_Dictionary_6", "Lesson_7_List_Dictionary\Lesson_7_List_Dictionary_6\Lesson_7_List_Dictionary_6.csproj", "{CF3BD1FA-A470-4944-A9D5-77DC8F181F4D}"
EndProject
Project("{FAE04EC0-301F-11D3-BF4B-00C04F79EFBC}") = "Lesson_7_List_Dictionary_7", "Lesson_7_List_Dictionary\Lesson_7_List_Dictionary_7\Lesson_7_List_Dictionary_7.csproj", "{0B3D786B-4A41-4EDC-BA6F-EC69700D9C51}"
EndProject
Project("{FAE04EC0-301F-11D3-BF4B-00C04F79EFBC}") = "Lesson_7_List_Dictionary_8", "Lesson_7_List_Dictionary\Lesson_7_List_Dictionary_8\Lesson_7_List_Dictionary_8.csproj", "{81E1FC02-2AEB-483B-A5DB-147BFE6D7298}"
EndProject
Project("{FAE04EC0-301F-11D3-BF4B-00C04F79EFBC}") = "Lesson_7_List_Dictionary_9", "Lesson_7_List_Dictionary\Lesson_7_List_Dictionary_9\Lesson_7_List_Dictionary_9.csproj", "{836DB416-913F-4378-AA44-D746C28B60A4}"
EndProject
Global
	GlobalSection(SolutionConfigurationPlatforms) = preSolution
		Debug|Any CPU = Debug|Any CPU
		Release|Any CPU = Release|Any CPU
	EndGlobalSection
	GlobalSection(ProjectConfigurationPlatforms) = postSolution
		{0CFFC52A-2960-4FA7-8A77-9AD967552834}.Debug|Any CPU.ActiveCfg = Debug|Any CPU
		{0CFFC52A-2960-4FA7-8A77-9AD967552834}.Debug|Any CPU.Build.0 = Debug|Any CPU
		{0CFFC52A-2960-4FA7-8A77-9AD967552834}.Release|Any CPU.ActiveCfg = Release|Any CPU
		{0CFFC52A-2960-4FA7-8A77-9AD967552834}.Release|Any CPU.Build.0 = Release|Any CPU
		{9BCB830C-2198-41CD-8B60-7E42C115F9E2}.Debug|Any CPU.ActiveCfg = Debug|Any CPU
		{9BCB830C-2198-41CD-8B60-7E42C115F9E2}.Debug|Any CPU.Build.0 = Debug|Any CPU
		{9BCB830C-2198-41CD-8B60-7E42C115F9E2}.Release|Any CPU.ActiveCfg = Release|Any CPU
		{9BCB830C-2198-41CD-8B60-7E42C115F9E2}.Release|Any CPU.Build.0 = Release|Any CPU
		{1986E603-C8AB-468D-8F02-32E02AC8815D}.Debug|Any CPU.ActiveCfg = Debug|Any CPU
		{1986E603-C8AB-468D-8F02-32E02AC8815D}.Debug|Any CPU.Build.0 = Debug|Any CPU
		{1986E603-C8AB-468D-8F02-32E02AC8815D}.Release|Any CPU.ActiveCfg = Release|Any CPU
		{1986E603-C8AB-468D-8F02-32E02AC8815D}.Release|Any CPU.Build.0 = Release|Any CPU
		{0CBFC127-F1EC-4C40-8313-E6197804A88D}.Debug|Any CPU.ActiveCfg = Debug|Any CPU
		{0CBFC127-F1EC-4C40-8313-E6197804A88D}.Debug|Any CPU.Build.0 = Debug|Any CPU
		{0CBFC127-F1EC-4C40-8313-E6197804A88D}.Release|Any CPU.ActiveCfg = Release|Any CPU
		{0CBFC127-F1EC-4C40-8313-E6197804A88D}.Release|Any CPU.Build.0 = Release|Any CPU
		{62F44936-194E-46F6-841C-32CFFEC377B4}.Debug|Any CPU.ActiveCfg = Debug|Any CPU
		{62F44936-194E-46F6-841C-32CFFEC377B4}.Debug|Any CPU.Build.0 = Debug|Any CPU
		{62F44936-194E-46F6-841C-32CFFEC377B4}.Release|Any CPU.ActiveCfg = Release|Any CPU
		{62F44936-194E-46F6-841C-32CFFEC377B4}.Release|Any CPU.Build.0 = Release|Any CPU
		{EC549E2C-2A9F-4714-AADF-9A07F6DF3159}.Debug|Any CPU.ActiveCfg = Debug|Any CPU
		{EC549E2C-2A9F-4714-AADF-9A07F6DF3159}.Debug|Any CPU.Build.0 = Debug|Any CPU
		{EC549E2C-2A9F-4714-AADF-9A07F6DF3159}.Release|Any CPU.ActiveCfg = Release|Any CPU
		{EC549E2C-2A9F-4714-AADF-9A07F6DF3159}.Release|Any CPU.Build.0 = Release|Any CPU
		{B6DC204E-07E3-4EDB-BBB7-267E6BC792AA}.Debug|Any CPU.ActiveCfg = Debug|Any CPU
		{B6DC204E-07E3-4EDB-BBB7-267E6BC792AA}.Debug|Any CPU.Build.0 = Debug|Any CPU
		{B6DC204E-07E3-4EDB-BBB7-267E6BC792AA}.Release|Any CPU.ActiveCfg = Release|Any CPU
		{B6DC204E-07E3-4EDB-BBB7-267E6BC792AA}.Release|Any CPU.Build.0 = Release|Any CPU
		{9A27CB52-946D-439C-BDC6-0F241940F2CE}.Debug|Any CPU.ActiveCfg = Debug|Any CPU
		{9A27CB52-946D-439C-BDC6-0F241940F2CE}.Debug|Any CPU.Build.0 = Debug|Any CPU
		{9A27CB52-946D-439C-BDC6-0F241940F2CE}.Release|Any CPU.ActiveCfg = Release|Any CPU
		{9A27CB52-946D-439C-BDC6-0F241940F2CE}.Release|Any CPU.Build.0 = Release|Any CPU
		{387981DB-56D7-4F09-9376-96940583E337}.Debug|Any CPU.ActiveCfg = Debug|Any CPU
		{387981DB-56D7-4F09-9376-96940583E337}.Debug|Any CPU.Build.0 = Debug|Any CPU
		{387981DB-56D7-4F09-9376-96940583E337}.Release|Any CPU.ActiveCfg = Release|Any CPU
		{387981DB-56D7-4F09-9376-96940583E337}.Release|Any CPU.Build.0 = Release|Any CPU
		{2C1889BE-501D-458A-A7AC-19D18CC151E3}.Debug|Any CPU.ActiveCfg = Debug|Any CPU
		{2C1889BE-501D-458A-A7AC-19D18CC151E3}.Debug|Any CPU.Build.0 = Debug|Any CPU
		{2C1889BE-501D-458A-A7AC-19D18CC151E3}.Release|Any CPU.ActiveCfg = Release|Any CPU
		{2C1889BE-501D-458A-A7AC-19D18CC151E3}.Release|Any CPU.Build.0 = Release|Any CPU
		{4629E642-788B-4DE1-A95D-B23089A23B63}.Debug|Any CPU.ActiveCfg = Debug|Any CPU
		{4629E642-788B-4DE1-A95D-B23089A23B63}.Debug|Any CPU.Build.0 = Debug|Any CPU
		{4629E642-788B-4DE1-A95D-B23089A23B63}.Release|Any CPU.ActiveCfg = Release|Any CPU
		{4629E642-788B-4DE1-A95D-B23089A23B63}.Release|Any CPU.Build.0 = Release|Any CPU
		{AA755C29-3FB9-46CB-A977-291E8546B175}.Debug|Any CPU.ActiveCfg = Debug|Any CPU
		{AA755C29-3FB9-46CB-A977-291E8546B175}.Debug|Any CPU.Build.0 = Debug|Any CPU
		{AA755C29-3FB9-46CB-A977-291E8546B175}.Release|Any CPU.ActiveCfg = Release|Any CPU
		{AA755C29-3FB9-46CB-A977-291E8546B175}.Release|Any CPU.Build.0 = Release|Any CPU
		{40C89174-D475-4F0E-890E-C45E89295197}.Debug|Any CPU.ActiveCfg = Debug|Any CPU
		{40C89174-D475-4F0E-890E-C45E89295197}.Debug|Any CPU.Build.0 = Debug|Any CPU
		{40C89174-D475-4F0E-890E-C45E89295197}.Release|Any CPU.ActiveCfg = Release|Any CPU
		{40C89174-D475-4F0E-890E-C45E89295197}.Release|Any CPU.Build.0 = Release|Any CPU
		{033A58B1-5939-43C1-87D2-8D67309D978E}.Debug|Any CPU.ActiveCfg = Debug|Any CPU
		{033A58B1-5939-43C1-87D2-8D67309D978E}.Debug|Any CPU.Build.0 = Debug|Any CPU
		{033A58B1-5939-43C1-87D2-8D67309D978E}.Release|Any CPU.ActiveCfg = Release|Any CPU
		{033A58B1-5939-43C1-87D2-8D67309D978E}.Release|Any CPU.Build.0 = Release|Any CPU
		{E6B26B84-B156-4810-BD7A-F63709BF8AFD}.Debug|Any CPU.ActiveCfg = Debug|Any CPU
		{E6B26B84-B156-4810-BD7A-F63709BF8AFD}.Debug|Any CPU.Build.0 = Debug|Any CPU
		{E6B26B84-B156-4810-BD7A-F63709BF8AFD}.Release|Any CPU.ActiveCfg = Release|Any CPU
		{E6B26B84-B156-4810-BD7A-F63709BF8AFD}.Release|Any CPU.Build.0 = Release|Any CPU
		{71E1396C-2FFE-4D70-9D33-8AE88289951E}.Debug|Any CPU.ActiveCfg = Debug|Any CPU
		{71E1396C-2FFE-4D70-9D33-8AE88289951E}.Debug|Any CPU.Build.0 = Debug|Any CPU
		{71E1396C-2FFE-4D70-9D33-8AE88289951E}.Release|Any CPU.ActiveCfg = Release|Any CPU
		{71E1396C-2FFE-4D70-9D33-8AE88289951E}.Release|Any CPU.Build.0 = Release|Any CPU
		{CC69BBBB-43AA-4EB3-946C-74B9D740219F}.Debug|Any CPU.ActiveCfg = Debug|Any CPU
		{CC69BBBB-43AA-4EB3-946C-74B9D740219F}.Debug|Any CPU.Build.0 = Debug|Any CPU
		{CC69BBBB-43AA-4EB3-946C-74B9D740219F}.Release|Any CPU.ActiveCfg = Release|Any CPU
		{CC69BBBB-43AA-4EB3-946C-74B9D740219F}.Release|Any CPU.Build.0 = Release|Any CPU
		{4F8D229C-F6B1-4B06-8931-DCCE11CC262C}.Debug|Any CPU.ActiveCfg = Debug|Any CPU
		{4F8D229C-F6B1-4B06-8931-DCCE11CC262C}.Debug|Any CPU.Build.0 = Debug|Any CPU
		{4F8D229C-F6B1-4B06-8931-DCCE11CC262C}.Release|Any CPU.ActiveCfg = Release|Any CPU
		{4F8D229C-F6B1-4B06-8931-DCCE11CC262C}.Release|Any CPU.Build.0 = Release|Any CPU
		{56F80568-2F43-4F96-B065-28C2FDDC3FE0}.Debug|Any CPU.ActiveCfg = Debug|Any CPU
		{56F80568-2F43-4F96-B065-28C2FDDC3FE0}.Debug|Any CPU.Build.0 = Debug|Any CPU
		{56F80568-2F43-4F96-B065-28C2FDDC3FE0}.Release|Any CPU.ActiveCfg = Release|Any CPU
		{56F80568-2F43-4F96-B065-28C2FDDC3FE0}.Release|Any CPU.Build.0 = Release|Any CPU
		{04AFCCBA-CF88-4765-B25A-4804AE4AE2D4}.Debug|Any CPU.ActiveCfg = Debug|Any CPU
		{04AFCCBA-CF88-4765-B25A-4804AE4AE2D4}.Debug|Any CPU.Build.0 = Debug|Any CPU
		{04AFCCBA-CF88-4765-B25A-4804AE4AE2D4}.Release|Any CPU.ActiveCfg = Release|Any CPU
		{04AFCCBA-CF88-4765-B25A-4804AE4AE2D4}.Release|Any CPU.Build.0 = Release|Any CPU
		{98048FAD-BF76-406A-9614-372F5CB91B4A}.Debug|Any CPU.ActiveCfg = Debug|Any CPU
		{98048FAD-BF76-406A-9614-372F5CB91B4A}.Debug|Any CPU.Build.0 = Debug|Any CPU
		{98048FAD-BF76-406A-9614-372F5CB91B4A}.Release|Any CPU.ActiveCfg = Release|Any CPU
		{98048FAD-BF76-406A-9614-372F5CB91B4A}.Release|Any CPU.Build.0 = Release|Any CPU
		{13DD25EF-3916-42FA-ADFF-9BEE885C6755}.Debug|Any CPU.ActiveCfg = Debug|Any CPU
		{13DD25EF-3916-42FA-ADFF-9BEE885C6755}.Debug|Any CPU.Build.0 = Debug|Any CPU
		{13DD25EF-3916-42FA-ADFF-9BEE885C6755}.Release|Any CPU.ActiveCfg = Release|Any CPU
		{13DD25EF-3916-42FA-ADFF-9BEE885C6755}.Release|Any CPU.Build.0 = Release|Any CPU
		{A2323F14-CB61-4EE8-BD8D-8349180E19C1}.Debug|Any CPU.ActiveCfg = Debug|Any CPU
		{A2323F14-CB61-4EE8-BD8D-8349180E19C1}.Debug|Any CPU.Build.0 = Debug|Any CPU
		{A2323F14-CB61-4EE8-BD8D-8349180E19C1}.Release|Any CPU.ActiveCfg = Release|Any CPU
		{A2323F14-CB61-4EE8-BD8D-8349180E19C1}.Release|Any CPU.Build.0 = Release|Any CPU
		{A70FDFA3-3909-42B1-9762-ADD7C2F80407}.Debug|Any CPU.ActiveCfg = Debug|Any CPU
		{A70FDFA3-3909-42B1-9762-ADD7C2F80407}.Debug|Any CPU.Build.0 = Debug|Any CPU
		{A70FDFA3-3909-42B1-9762-ADD7C2F80407}.Release|Any CPU.ActiveCfg = Release|Any CPU
		{A70FDFA3-3909-42B1-9762-ADD7C2F80407}.Release|Any CPU.Build.0 = Release|Any CPU
		{A96203DF-5FE6-47BF-812E-1A08E05E8198}.Debug|Any CPU.ActiveCfg = Debug|Any CPU
		{A96203DF-5FE6-47BF-812E-1A08E05E8198}.Debug|Any CPU.Build.0 = Debug|Any CPU
		{A96203DF-5FE6-47BF-812E-1A08E05E8198}.Release|Any CPU.ActiveCfg = Release|Any CPU
		{A96203DF-5FE6-47BF-812E-1A08E05E8198}.Release|Any CPU.Build.0 = Release|Any CPU
		{D8C249D6-B6D0-4CF4-BD13-5DA183E7B6DB}.Debug|Any CPU.ActiveCfg = Debug|Any CPU
		{D8C249D6-B6D0-4CF4-BD13-5DA183E7B6DB}.Debug|Any CPU.Build.0 = Debug|Any CPU
		{D8C249D6-B6D0-4CF4-BD13-5DA183E7B6DB}.Release|Any CPU.ActiveCfg = Release|Any CPU
		{D8C249D6-B6D0-4CF4-BD13-5DA183E7B6DB}.Release|Any CPU.Build.0 = Release|Any CPU
		{BF945965-D3E8-455A-9C6B-E7E6631F5644}.Debug|Any CPU.ActiveCfg = Debug|Any CPU
		{BF945965-D3E8-455A-9C6B-E7E6631F5644}.Debug|Any CPU.Build.0 = Debug|Any CPU
		{BF945965-D3E8-455A-9C6B-E7E6631F5644}.Release|Any CPU.ActiveCfg = Release|Any CPU
		{BF945965-D3E8-455A-9C6B-E7E6631F5644}.Release|Any CPU.Build.0 = Release|Any CPU
		{CB9898BE-4F42-48AC-BC26-7B89C39F3236}.Debug|Any CPU.ActiveCfg = Debug|Any CPU
		{CB9898BE-4F42-48AC-BC26-7B89C39F3236}.Debug|Any CPU.Build.0 = Debug|Any CPU
		{CB9898BE-4F42-48AC-BC26-7B89C39F3236}.Release|Any CPU.ActiveCfg = Release|Any CPU
		{CB9898BE-4F42-48AC-BC26-7B89C39F3236}.Release|Any CPU.Build.0 = Release|Any CPU
		{0FFD3452-685B-4A3A-AB6E-2C602F191AF2}.Debug|Any CPU.ActiveCfg = Debug|Any CPU
		{0FFD3452-685B-4A3A-AB6E-2C602F191AF2}.Debug|Any CPU.Build.0 = Debug|Any CPU
		{0FFD3452-685B-4A3A-AB6E-2C602F191AF2}.Release|Any CPU.ActiveCfg = Release|Any CPU
		{0FFD3452-685B-4A3A-AB6E-2C602F191AF2}.Release|Any CPU.Build.0 = Release|Any CPU
		{6F4D0BF4-F206-45DC-ACB0-E02A6DE6B5E7}.Debug|Any CPU.ActiveCfg = Debug|Any CPU
		{6F4D0BF4-F206-45DC-ACB0-E02A6DE6B5E7}.Debug|Any CPU.Build.0 = Debug|Any CPU
		{6F4D0BF4-F206-45DC-ACB0-E02A6DE6B5E7}.Release|Any CPU.ActiveCfg = Release|Any CPU
		{6F4D0BF4-F206-45DC-ACB0-E02A6DE6B5E7}.Release|Any CPU.Build.0 = Release|Any CPU
		{E23FAEFA-141C-4C54-82BA-10FFA069AFCE}.Debug|Any CPU.ActiveCfg = Debug|Any CPU
		{E23FAEFA-141C-4C54-82BA-10FFA069AFCE}.Debug|Any CPU.Build.0 = Debug|Any CPU
		{E23FAEFA-141C-4C54-82BA-10FFA069AFCE}.Release|Any CPU.ActiveCfg = Release|Any CPU
		{E23FAEFA-141C-4C54-82BA-10FFA069AFCE}.Release|Any CPU.Build.0 = Release|Any CPU
		{A7BD18C1-3C96-4F8F-A07C-5150166B3D87}.Debug|Any CPU.ActiveCfg = Debug|Any CPU
		{A7BD18C1-3C96-4F8F-A07C-5150166B3D87}.Debug|Any CPU.Build.0 = Debug|Any CPU
		{A7BD18C1-3C96-4F8F-A07C-5150166B3D87}.Release|Any CPU.ActiveCfg = Release|Any CPU
		{A7BD18C1-3C96-4F8F-A07C-5150166B3D87}.Release|Any CPU.Build.0 = Release|Any CPU
		{56DD0ECF-3E0D-42E7-A6A4-9B4B7E9E450B}.Debug|Any CPU.ActiveCfg = Debug|Any CPU
		{56DD0ECF-3E0D-42E7-A6A4-9B4B7E9E450B}.Debug|Any CPU.Build.0 = Debug|Any CPU
		{56DD0ECF-3E0D-42E7-A6A4-9B4B7E9E450B}.Release|Any CPU.ActiveCfg = Release|Any CPU
		{56DD0ECF-3E0D-42E7-A6A4-9B4B7E9E450B}.Release|Any CPU.Build.0 = Release|Any CPU
		{E1FD2A3A-AF25-4155-8A05-E86212491C6E}.Debug|Any CPU.ActiveCfg = Debug|Any CPU
		{E1FD2A3A-AF25-4155-8A05-E86212491C6E}.Debug|Any CPU.Build.0 = Debug|Any CPU
		{E1FD2A3A-AF25-4155-8A05-E86212491C6E}.Release|Any CPU.ActiveCfg = Release|Any CPU
		{E1FD2A3A-AF25-4155-8A05-E86212491C6E}.Release|Any CPU.Build.0 = Release|Any CPU
		{FBD2AE51-0B1E-4EFF-8455-F2CB803D1BDB}.Debug|Any CPU.ActiveCfg = Debug|Any CPU
		{FBD2AE51-0B1E-4EFF-8455-F2CB803D1BDB}.Debug|Any CPU.Build.0 = Debug|Any CPU
		{FBD2AE51-0B1E-4EFF-8455-F2CB803D1BDB}.Release|Any CPU.ActiveCfg = Release|Any CPU
		{FBD2AE51-0B1E-4EFF-8455-F2CB803D1BDB}.Release|Any CPU.Build.0 = Release|Any CPU
		{9A0F76AE-C14D-47AB-87B6-BD5E7C767061}.Debug|Any CPU.ActiveCfg = Debug|Any CPU
		{9A0F76AE-C14D-47AB-87B6-BD5E7C767061}.Debug|Any CPU.Build.0 = Debug|Any CPU
		{9A0F76AE-C14D-47AB-87B6-BD5E7C767061}.Release|Any CPU.ActiveCfg = Release|Any CPU
		{9A0F76AE-C14D-47AB-87B6-BD5E7C767061}.Release|Any CPU.Build.0 = Release|Any CPU
		{D6825DD6-056D-43D8-9612-C861C4B131AF}.Debug|Any CPU.ActiveCfg = Debug|Any CPU
		{D6825DD6-056D-43D8-9612-C861C4B131AF}.Debug|Any CPU.Build.0 = Debug|Any CPU
		{D6825DD6-056D-43D8-9612-C861C4B131AF}.Release|Any CPU.ActiveCfg = Release|Any CPU
		{D6825DD6-056D-43D8-9612-C861C4B131AF}.Release|Any CPU.Build.0 = Release|Any CPU
		{A4DF8A06-8669-4C55-B707-7E68DBB552A0}.Debug|Any CPU.ActiveCfg = Debug|Any CPU
		{A4DF8A06-8669-4C55-B707-7E68DBB552A0}.Debug|Any CPU.Build.0 = Debug|Any CPU
		{A4DF8A06-8669-4C55-B707-7E68DBB552A0}.Release|Any CPU.ActiveCfg = Release|Any CPU
		{A4DF8A06-8669-4C55-B707-7E68DBB552A0}.Release|Any CPU.Build.0 = Release|Any CPU
		{0A45EB98-1891-4FB7-A52C-1E9C5611F886}.Debug|Any CPU.ActiveCfg = Debug|Any CPU
		{0A45EB98-1891-4FB7-A52C-1E9C5611F886}.Debug|Any CPU.Build.0 = Debug|Any CPU
		{0A45EB98-1891-4FB7-A52C-1E9C5611F886}.Release|Any CPU.ActiveCfg = Release|Any CPU
		{0A45EB98-1891-4FB7-A52C-1E9C5611F886}.Release|Any CPU.Build.0 = Release|Any CPU
		{AE5500DE-9D70-4967-A59D-6E4A48E54083}.Debug|Any CPU.ActiveCfg = Debug|Any CPU
		{AE5500DE-9D70-4967-A59D-6E4A48E54083}.Debug|Any CPU.Build.0 = Debug|Any CPU
		{AE5500DE-9D70-4967-A59D-6E4A48E54083}.Release|Any CPU.ActiveCfg = Release|Any CPU
		{AE5500DE-9D70-4967-A59D-6E4A48E54083}.Release|Any CPU.Build.0 = Release|Any CPU
		{10F70E2D-744A-4C3C-A752-9A0A80153887}.Debug|Any CPU.ActiveCfg = Debug|Any CPU
		{10F70E2D-744A-4C3C-A752-9A0A80153887}.Debug|Any CPU.Build.0 = Debug|Any CPU
		{10F70E2D-744A-4C3C-A752-9A0A80153887}.Release|Any CPU.ActiveCfg = Release|Any CPU
		{10F70E2D-744A-4C3C-A752-9A0A80153887}.Release|Any CPU.Build.0 = Release|Any CPU
		{B968F302-B1C3-4716-8BE0-BB018A631A33}.Debug|Any CPU.ActiveCfg = Debug|Any CPU
		{B968F302-B1C3-4716-8BE0-BB018A631A33}.Debug|Any CPU.Build.0 = Debug|Any CPU
		{B968F302-B1C3-4716-8BE0-BB018A631A33}.Release|Any CPU.ActiveCfg = Release|Any CPU
		{B968F302-B1C3-4716-8BE0-BB018A631A33}.Release|Any CPU.Build.0 = Release|Any CPU
		{043E2F57-2868-49D8-B9AD-CA3EE89217F9}.Debug|Any CPU.ActiveCfg = Debug|Any CPU
		{043E2F57-2868-49D8-B9AD-CA3EE89217F9}.Debug|Any CPU.Build.0 = Debug|Any CPU
		{043E2F57-2868-49D8-B9AD-CA3EE89217F9}.Release|Any CPU.ActiveCfg = Release|Any CPU
		{043E2F57-2868-49D8-B9AD-CA3EE89217F9}.Release|Any CPU.Build.0 = Release|Any CPU
		{79DC05AC-6033-4A1D-ADB5-5A97C1CC2A86}.Debug|Any CPU.ActiveCfg = Debug|Any CPU
		{79DC05AC-6033-4A1D-ADB5-5A97C1CC2A86}.Debug|Any CPU.Build.0 = Debug|Any CPU
		{79DC05AC-6033-4A1D-ADB5-5A97C1CC2A86}.Release|Any CPU.ActiveCfg = Release|Any CPU
		{79DC05AC-6033-4A1D-ADB5-5A97C1CC2A86}.Release|Any CPU.Build.0 = Release|Any CPU
		{4CC682B6-7353-4960-8B03-5FBE879DCB9B}.Debug|Any CPU.ActiveCfg = Debug|Any CPU
		{4CC682B6-7353-4960-8B03-5FBE879DCB9B}.Debug|Any CPU.Build.0 = Debug|Any CPU
		{4CC682B6-7353-4960-8B03-5FBE879DCB9B}.Release|Any CPU.ActiveCfg = Release|Any CPU
		{4CC682B6-7353-4960-8B03-5FBE879DCB9B}.Release|Any CPU.Build.0 = Release|Any CPU
		{72C5C796-2EF2-4CF5-A2E9-DD10FAF2709E}.Debug|Any CPU.ActiveCfg = Debug|Any CPU
		{72C5C796-2EF2-4CF5-A2E9-DD10FAF2709E}.Debug|Any CPU.Build.0 = Debug|Any CPU
		{72C5C796-2EF2-4CF5-A2E9-DD10FAF2709E}.Release|Any CPU.ActiveCfg = Release|Any CPU
		{72C5C796-2EF2-4CF5-A2E9-DD10FAF2709E}.Release|Any CPU.Build.0 = Release|Any CPU
		{1F907D03-50DF-4EA0-A3AB-42E3D8B08058}.Debug|Any CPU.ActiveCfg = Debug|Any CPU
		{1F907D03-50DF-4EA0-A3AB-42E3D8B08058}.Debug|Any CPU.Build.0 = Debug|Any CPU
		{1F907D03-50DF-4EA0-A3AB-42E3D8B08058}.Release|Any CPU.ActiveCfg = Release|Any CPU
		{1F907D03-50DF-4EA0-A3AB-42E3D8B08058}.Release|Any CPU.Build.0 = Release|Any CPU
		{F6D2274D-CF63-45E7-9894-533B16FC3B3D}.Debug|Any CPU.ActiveCfg = Debug|Any CPU
		{F6D2274D-CF63-45E7-9894-533B16FC3B3D}.Debug|Any CPU.Build.0 = Debug|Any CPU
		{F6D2274D-CF63-45E7-9894-533B16FC3B3D}.Release|Any CPU.ActiveCfg = Release|Any CPU
		{F6D2274D-CF63-45E7-9894-533B16FC3B3D}.Release|Any CPU.Build.0 = Release|Any CPU
		{8F94D1FC-2B67-4216-B3A4-A7C6EEDD4B5B}.Debug|Any CPU.ActiveCfg = Debug|Any CPU
		{8F94D1FC-2B67-4216-B3A4-A7C6EEDD4B5B}.Debug|Any CPU.Build.0 = Debug|Any CPU
		{8F94D1FC-2B67-4216-B3A4-A7C6EEDD4B5B}.Release|Any CPU.ActiveCfg = Release|Any CPU
		{8F94D1FC-2B67-4216-B3A4-A7C6EEDD4B5B}.Release|Any CPU.Build.0 = Release|Any CPU
		{6AF0A29D-A744-44AB-8E2E-9A45E701727C}.Debug|Any CPU.ActiveCfg = Debug|Any CPU
		{6AF0A29D-A744-44AB-8E2E-9A45E701727C}.Debug|Any CPU.Build.0 = Debug|Any CPU
		{6AF0A29D-A744-44AB-8E2E-9A45E701727C}.Release|Any CPU.ActiveCfg = Release|Any CPU
		{6AF0A29D-A744-44AB-8E2E-9A45E701727C}.Release|Any CPU.Build.0 = Release|Any CPU
		{1E0DF852-0F92-4D30-A27A-E263E3F26DE2}.Debug|Any CPU.ActiveCfg = Debug|Any CPU
		{1E0DF852-0F92-4D30-A27A-E263E3F26DE2}.Debug|Any CPU.Build.0 = Debug|Any CPU
		{1E0DF852-0F92-4D30-A27A-E263E3F26DE2}.Release|Any CPU.ActiveCfg = Release|Any CPU
		{1E0DF852-0F92-4D30-A27A-E263E3F26DE2}.Release|Any CPU.Build.0 = Release|Any CPU
		{8FF4DB18-5908-4EAB-A912-79CCBE232796}.Debug|Any CPU.ActiveCfg = Debug|Any CPU
		{8FF4DB18-5908-4EAB-A912-79CCBE232796}.Debug|Any CPU.Build.0 = Debug|Any CPU
		{8FF4DB18-5908-4EAB-A912-79CCBE232796}.Release|Any CPU.ActiveCfg = Release|Any CPU
		{8FF4DB18-5908-4EAB-A912-79CCBE232796}.Release|Any CPU.Build.0 = Release|Any CPU
		{878A33F6-ABCB-4B98-9F7E-AC139915B5DE}.Debug|Any CPU.ActiveCfg = Debug|Any CPU
		{878A33F6-ABCB-4B98-9F7E-AC139915B5DE}.Debug|Any CPU.Build.0 = Debug|Any CPU
		{878A33F6-ABCB-4B98-9F7E-AC139915B5DE}.Release|Any CPU.ActiveCfg = Release|Any CPU
		{878A33F6-ABCB-4B98-9F7E-AC139915B5DE}.Release|Any CPU.Build.0 = Release|Any CPU
		{4CE80304-DEB1-4831-8248-0A093F23E095}.Debug|Any CPU.ActiveCfg = Debug|Any CPU
		{4CE80304-DEB1-4831-8248-0A093F23E095}.Debug|Any CPU.Build.0 = Debug|Any CPU
		{4CE80304-DEB1-4831-8248-0A093F23E095}.Release|Any CPU.ActiveCfg = Release|Any CPU
		{4CE80304-DEB1-4831-8248-0A093F23E095}.Release|Any CPU.Build.0 = Release|Any CPU
		{9F110695-4A34-4F98-B7EE-24A73B67E74A}.Debug|Any CPU.ActiveCfg = Debug|Any CPU
		{9F110695-4A34-4F98-B7EE-24A73B67E74A}.Debug|Any CPU.Build.0 = Debug|Any CPU
		{9F110695-4A34-4F98-B7EE-24A73B67E74A}.Release|Any CPU.ActiveCfg = Release|Any CPU
		{9F110695-4A34-4F98-B7EE-24A73B67E74A}.Release|Any CPU.Build.0 = Release|Any CPU
		{10703F8C-9005-4A5C-A939-AC838F2B2F6E}.Debug|Any CPU.ActiveCfg = Debug|Any CPU
		{10703F8C-9005-4A5C-A939-AC838F2B2F6E}.Debug|Any CPU.Build.0 = Debug|Any CPU
		{10703F8C-9005-4A5C-A939-AC838F2B2F6E}.Release|Any CPU.ActiveCfg = Release|Any CPU
		{10703F8C-9005-4A5C-A939-AC838F2B2F6E}.Release|Any CPU.Build.0 = Release|Any CPU
		{D67C4392-678D-43B3-890C-F5489B5D183E}.Debug|Any CPU.ActiveCfg = Debug|Any CPU
		{D67C4392-678D-43B3-890C-F5489B5D183E}.Debug|Any CPU.Build.0 = Debug|Any CPU
		{D67C4392-678D-43B3-890C-F5489B5D183E}.Release|Any CPU.ActiveCfg = Release|Any CPU
		{D67C4392-678D-43B3-890C-F5489B5D183E}.Release|Any CPU.Build.0 = Release|Any CPU
		{A5A4C160-FF24-4532-8412-CC91E7E913BF}.Debug|Any CPU.ActiveCfg = Debug|Any CPU
		{A5A4C160-FF24-4532-8412-CC91E7E913BF}.Debug|Any CPU.Build.0 = Debug|Any CPU
		{A5A4C160-FF24-4532-8412-CC91E7E913BF}.Release|Any CPU.ActiveCfg = Release|Any CPU
		{A5A4C160-FF24-4532-8412-CC91E7E913BF}.Release|Any CPU.Build.0 = Release|Any CPU
		{0522CFF8-8963-47D5-945F-9310EF15255C}.Debug|Any CPU.ActiveCfg = Debug|Any CPU
		{0522CFF8-8963-47D5-945F-9310EF15255C}.Debug|Any CPU.Build.0 = Debug|Any CPU
		{0522CFF8-8963-47D5-945F-9310EF15255C}.Release|Any CPU.ActiveCfg = Release|Any CPU
		{0522CFF8-8963-47D5-945F-9310EF15255C}.Release|Any CPU.Build.0 = Release|Any CPU
		{CADA9788-AF99-432B-90FA-9C1DF272CDF5}.Debug|Any CPU.ActiveCfg = Debug|Any CPU
		{CADA9788-AF99-432B-90FA-9C1DF272CDF5}.Debug|Any CPU.Build.0 = Debug|Any CPU
		{CADA9788-AF99-432B-90FA-9C1DF272CDF5}.Release|Any CPU.ActiveCfg = Release|Any CPU
		{CADA9788-AF99-432B-90FA-9C1DF272CDF5}.Release|Any CPU.Build.0 = Release|Any CPU
		{4858F4C1-4958-4A5D-AD93-391041788BA5}.Debug|Any CPU.ActiveCfg = Debug|Any CPU
		{4858F4C1-4958-4A5D-AD93-391041788BA5}.Debug|Any CPU.Build.0 = Debug|Any CPU
		{4858F4C1-4958-4A5D-AD93-391041788BA5}.Release|Any CPU.ActiveCfg = Release|Any CPU
		{4858F4C1-4958-4A5D-AD93-391041788BA5}.Release|Any CPU.Build.0 = Release|Any CPU
		{40AEABB6-57D6-4309-8AFE-92CC85C0B54A}.Debug|Any CPU.ActiveCfg = Debug|Any CPU
		{40AEABB6-57D6-4309-8AFE-92CC85C0B54A}.Debug|Any CPU.Build.0 = Debug|Any CPU
		{40AEABB6-57D6-4309-8AFE-92CC85C0B54A}.Release|Any CPU.ActiveCfg = Release|Any CPU
		{40AEABB6-57D6-4309-8AFE-92CC85C0B54A}.Release|Any CPU.Build.0 = Release|Any CPU
		{CD7FFDEE-022D-417C-B3C0-48C4FBCEE09A}.Debug|Any CPU.ActiveCfg = Debug|Any CPU
		{CD7FFDEE-022D-417C-B3C0-48C4FBCEE09A}.Debug|Any CPU.Build.0 = Debug|Any CPU
		{CD7FFDEE-022D-417C-B3C0-48C4FBCEE09A}.Release|Any CPU.ActiveCfg = Release|Any CPU
		{CD7FFDEE-022D-417C-B3C0-48C4FBCEE09A}.Release|Any CPU.Build.0 = Release|Any CPU
		{8AA56DA2-4183-40C2-B76A-B08D50B9905A}.Debug|Any CPU.ActiveCfg = Debug|Any CPU
		{8AA56DA2-4183-40C2-B76A-B08D50B9905A}.Debug|Any CPU.Build.0 = Debug|Any CPU
		{8AA56DA2-4183-40C2-B76A-B08D50B9905A}.Release|Any CPU.ActiveCfg = Release|Any CPU
		{8AA56DA2-4183-40C2-B76A-B08D50B9905A}.Release|Any CPU.Build.0 = Release|Any CPU
		{AB84C9CC-8593-4F70-8AB8-2BEA0828717C}.Debug|Any CPU.ActiveCfg = Debug|Any CPU
		{AB84C9CC-8593-4F70-8AB8-2BEA0828717C}.Debug|Any CPU.Build.0 = Debug|Any CPU
		{AB84C9CC-8593-4F70-8AB8-2BEA0828717C}.Release|Any CPU.ActiveCfg = Release|Any CPU
		{AB84C9CC-8593-4F70-8AB8-2BEA0828717C}.Release|Any CPU.Build.0 = Release|Any CPU
		{18CE64A3-693F-40DE-B8BA-C371CAC9AE2A}.Debug|Any CPU.ActiveCfg = Debug|Any CPU
		{18CE64A3-693F-40DE-B8BA-C371CAC9AE2A}.Debug|Any CPU.Build.0 = Debug|Any CPU
		{18CE64A3-693F-40DE-B8BA-C371CAC9AE2A}.Release|Any CPU.ActiveCfg = Release|Any CPU
		{18CE64A3-693F-40DE-B8BA-C371CAC9AE2A}.Release|Any CPU.Build.0 = Release|Any CPU
		{CBDAC341-3D9D-4B2C-8460-ABB7E5493A8E}.Debug|Any CPU.ActiveCfg = Debug|Any CPU
		{CBDAC341-3D9D-4B2C-8460-ABB7E5493A8E}.Debug|Any CPU.Build.0 = Debug|Any CPU
		{CBDAC341-3D9D-4B2C-8460-ABB7E5493A8E}.Release|Any CPU.ActiveCfg = Release|Any CPU
		{CBDAC341-3D9D-4B2C-8460-ABB7E5493A8E}.Release|Any CPU.Build.0 = Release|Any CPU
		{1B458376-6ACC-490B-A9F3-AFBE4DF6BA6A}.Debug|Any CPU.ActiveCfg = Debug|Any CPU
		{1B458376-6ACC-490B-A9F3-AFBE4DF6BA6A}.Debug|Any CPU.Build.0 = Debug|Any CPU
		{1B458376-6ACC-490B-A9F3-AFBE4DF6BA6A}.Release|Any CPU.ActiveCfg = Release|Any CPU
		{1B458376-6ACC-490B-A9F3-AFBE4DF6BA6A}.Release|Any CPU.Build.0 = Release|Any CPU
		{047B3C5B-071C-4DE7-8207-28DCF8FE63C7}.Debug|Any CPU.ActiveCfg = Debug|Any CPU
		{047B3C5B-071C-4DE7-8207-28DCF8FE63C7}.Debug|Any CPU.Build.0 = Debug|Any CPU
		{047B3C5B-071C-4DE7-8207-28DCF8FE63C7}.Release|Any CPU.ActiveCfg = Release|Any CPU
		{047B3C5B-071C-4DE7-8207-28DCF8FE63C7}.Release|Any CPU.Build.0 = Release|Any CPU
		{BD25E1BE-7009-4A78-BD26-766A22DFB336}.Debug|Any CPU.ActiveCfg = Debug|Any CPU
		{BD25E1BE-7009-4A78-BD26-766A22DFB336}.Debug|Any CPU.Build.0 = Debug|Any CPU
		{BD25E1BE-7009-4A78-BD26-766A22DFB336}.Release|Any CPU.ActiveCfg = Release|Any CPU
		{BD25E1BE-7009-4A78-BD26-766A22DFB336}.Release|Any CPU.Build.0 = Release|Any CPU
		{A4A088AE-3491-4FD9-A8A3-C3EE4A135F4D}.Debug|Any CPU.ActiveCfg = Debug|Any CPU
		{A4A088AE-3491-4FD9-A8A3-C3EE4A135F4D}.Debug|Any CPU.Build.0 = Debug|Any CPU
		{A4A088AE-3491-4FD9-A8A3-C3EE4A135F4D}.Release|Any CPU.ActiveCfg = Release|Any CPU
		{A4A088AE-3491-4FD9-A8A3-C3EE4A135F4D}.Release|Any CPU.Build.0 = Release|Any CPU
		{FED3EB25-68A9-48C2-BC7A-69C35E9455B1}.Debug|Any CPU.ActiveCfg = Debug|Any CPU
		{FED3EB25-68A9-48C2-BC7A-69C35E9455B1}.Debug|Any CPU.Build.0 = Debug|Any CPU
		{FED3EB25-68A9-48C2-BC7A-69C35E9455B1}.Release|Any CPU.ActiveCfg = Release|Any CPU
		{FED3EB25-68A9-48C2-BC7A-69C35E9455B1}.Release|Any CPU.Build.0 = Release|Any CPU
		{7A9BA750-230D-435D-AF73-E0EDA3F5697B}.Debug|Any CPU.ActiveCfg = Debug|Any CPU
		{7A9BA750-230D-435D-AF73-E0EDA3F5697B}.Debug|Any CPU.Build.0 = Debug|Any CPU
		{7A9BA750-230D-435D-AF73-E0EDA3F5697B}.Release|Any CPU.ActiveCfg = Release|Any CPU
		{7A9BA750-230D-435D-AF73-E0EDA3F5697B}.Release|Any CPU.Build.0 = Release|Any CPU
		{CF3BD1FA-A470-4944-A9D5-77DC8F181F4D}.Debug|Any CPU.ActiveCfg = Debug|Any CPU
		{CF3BD1FA-A470-4944-A9D5-77DC8F181F4D}.Debug|Any CPU.Build.0 = Debug|Any CPU
		{CF3BD1FA-A470-4944-A9D5-77DC8F181F4D}.Release|Any CPU.ActiveCfg = Release|Any CPU
		{CF3BD1FA-A470-4944-A9D5-77DC8F181F4D}.Release|Any CPU.Build.0 = Release|Any CPU
		{0B3D786B-4A41-4EDC-BA6F-EC69700D9C51}.Debug|Any CPU.ActiveCfg = Debug|Any CPU
		{0B3D786B-4A41-4EDC-BA6F-EC69700D9C51}.Debug|Any CPU.Build.0 = Debug|Any CPU
		{0B3D786B-4A41-4EDC-BA6F-EC69700D9C51}.Release|Any CPU.ActiveCfg = Release|Any CPU
		{0B3D786B-4A41-4EDC-BA6F-EC69700D9C51}.Release|Any CPU.Build.0 = Release|Any CPU
		{81E1FC02-2AEB-483B-A5DB-147BFE6D7298}.Debug|Any CPU.ActiveCfg = Debug|Any CPU
		{81E1FC02-2AEB-483B-A5DB-147BFE6D7298}.Debug|Any CPU.Build.0 = Debug|Any CPU
		{81E1FC02-2AEB-483B-A5DB-147BFE6D7298}.Release|Any CPU.ActiveCfg = Release|Any CPU
		{81E1FC02-2AEB-483B-A5DB-147BFE6D7298}.Release|Any CPU.Build.0 = Release|Any CPU
		{836DB416-913F-4378-AA44-D746C28B60A4}.Debug|Any CPU.ActiveCfg = Debug|Any CPU
		{836DB416-913F-4378-AA44-D746C28B60A4}.Debug|Any CPU.Build.0 = Debug|Any CPU
		{836DB416-913F-4378-AA44-D746C28B60A4}.Release|Any CPU.ActiveCfg = Release|Any CPU
		{836DB416-913F-4378-AA44-D746C28B60A4}.Release|Any CPU.Build.0 = Release|Any CPU
	EndGlobalSection
	GlobalSection(NestedProjects) = preSolution
		{0CFFC52A-2960-4FA7-8A77-9AD967552834} = {6E5CC7C5-51FE-4ED6-868F-3FA86FD48570}
		{9FEDAE89-AC35-45C4-AE70-75B331220086} = {D3D3E44F-CC96-405F-8B53-63F35CDBE58A}
		{CC9D3D4B-4C3C-4199-97EC-6D59C1FDF211} = {D3D3E44F-CC96-405F-8B53-63F35CDBE58A}
		{B844302D-B8AB-42E6-B214-3455DCDAFA0D} = {D3D3E44F-CC96-405F-8B53-63F35CDBE58A}
		{2320F1E8-FC61-4A55-94ED-C29A1423A578} = {D3D3E44F-CC96-405F-8B53-63F35CDBE58A}
		{1986E603-C8AB-468D-8F02-32E02AC8815D} = {31010573-B031-46A5-8C25-FEF43DB7E3BE}
		{0CBFC127-F1EC-4C40-8313-E6197804A88D} = {31010573-B031-46A5-8C25-FEF43DB7E3BE}
		{62F44936-194E-46F6-841C-32CFFEC377B4} = {31010573-B031-46A5-8C25-FEF43DB7E3BE}
		{EC549E2C-2A9F-4714-AADF-9A07F6DF3159} = {0056FA7D-FC8C-4DAD-8D2C-E4072B5958B1}
		{B6DC204E-07E3-4EDB-BBB7-267E6BC792AA} = {0056FA7D-FC8C-4DAD-8D2C-E4072B5958B1}
		{9A27CB52-946D-439C-BDC6-0F241940F2CE} = {0056FA7D-FC8C-4DAD-8D2C-E4072B5958B1}
		{387981DB-56D7-4F09-9376-96940583E337} = {6738148E-E6A8-4E89-AF17-6797A87EF583}
		{2C1889BE-501D-458A-A7AC-19D18CC151E3} = {6738148E-E6A8-4E89-AF17-6797A87EF583}
		{4629E642-788B-4DE1-A95D-B23089A23B63} = {6738148E-E6A8-4E89-AF17-6797A87EF583}
		{AA755C29-3FB9-46CB-A977-291E8546B175} = {6738148E-E6A8-4E89-AF17-6797A87EF583}
		{40C89174-D475-4F0E-890E-C45E89295197} = {6738148E-E6A8-4E89-AF17-6797A87EF583}
		{033A58B1-5939-43C1-87D2-8D67309D978E} = {6738148E-E6A8-4E89-AF17-6797A87EF583}
		{E6B26B84-B156-4810-BD7A-F63709BF8AFD} = {6738148E-E6A8-4E89-AF17-6797A87EF583}
		{71E1396C-2FFE-4D70-9D33-8AE88289951E} = {89198672-0B1F-4CD3-A926-FE82C6C2BA6E}
		{CC69BBBB-43AA-4EB3-946C-74B9D740219F} = {89198672-0B1F-4CD3-A926-FE82C6C2BA6E}
		{4F8D229C-F6B1-4B06-8931-DCCE11CC262C} = {89198672-0B1F-4CD3-A926-FE82C6C2BA6E}
		{56F80568-2F43-4F96-B065-28C2FDDC3FE0} = {89198672-0B1F-4CD3-A926-FE82C6C2BA6E}
		{04AFCCBA-CF88-4765-B25A-4804AE4AE2D4} = {89198672-0B1F-4CD3-A926-FE82C6C2BA6E}
		{98048FAD-BF76-406A-9614-372F5CB91B4A} = {89198672-0B1F-4CD3-A926-FE82C6C2BA6E}
		{13DD25EF-3916-42FA-ADFF-9BEE885C6755} = {89198672-0B1F-4CD3-A926-FE82C6C2BA6E}
		{A2323F14-CB61-4EE8-BD8D-8349180E19C1} = {F0277186-ECEC-4F65-9CBA-08983D6D5028}
		{A70FDFA3-3909-42B1-9762-ADD7C2F80407} = {F0277186-ECEC-4F65-9CBA-08983D6D5028}
		{A96203DF-5FE6-47BF-812E-1A08E05E8198} = {F0277186-ECEC-4F65-9CBA-08983D6D5028}
		{D8C249D6-B6D0-4CF4-BD13-5DA183E7B6DB} = {F0277186-ECEC-4F65-9CBA-08983D6D5028}
		{BF945965-D3E8-455A-9C6B-E7E6631F5644} = {F0277186-ECEC-4F65-9CBA-08983D6D5028}
		{CB9898BE-4F42-48AC-BC26-7B89C39F3236} = {CC9D3D4B-4C3C-4199-97EC-6D59C1FDF211}
		{0FFD3452-685B-4A3A-AB6E-2C602F191AF2} = {9FEDAE89-AC35-45C4-AE70-75B331220086}
		{6F4D0BF4-F206-45DC-ACB0-E02A6DE6B5E7} = {9FEDAE89-AC35-45C4-AE70-75B331220086}
		{E23FAEFA-141C-4C54-82BA-10FFA069AFCE} = {D3D3E44F-CC96-405F-8B53-63F35CDBE58A}
		{A7BD18C1-3C96-4F8F-A07C-5150166B3D87} = {2320F1E8-FC61-4A55-94ED-C29A1423A578}
		{51008A29-E82C-4FE0-A5E6-91CA0692233C} = {D3D3E44F-CC96-405F-8B53-63F35CDBE58A}
		{56DD0ECF-3E0D-42E7-A6A4-9B4B7E9E450B} = {51008A29-E82C-4FE0-A5E6-91CA0692233C}
		{E1FD2A3A-AF25-4155-8A05-E86212491C6E} = {3F94AFDC-9E5D-4E03-8824-50FFB7B4CAF5}
		{FBD2AE51-0B1E-4EFF-8455-F2CB803D1BDB} = {CF82B407-CF34-4E6A-B58E-E00C014FEAD6}
		{9A0F76AE-C14D-47AB-87B6-BD5E7C767061} = {CF82B407-CF34-4E6A-B58E-E00C014FEAD6}
		{D6825DD6-056D-43D8-9612-C861C4B131AF} = {F0277186-ECEC-4F65-9CBA-08983D6D5028}
		{A5D4F0F7-B88C-4D05-A942-3F204829D6E1} = {D3D3E44F-CC96-405F-8B53-63F35CDBE58A}
		{A4DF8A06-8669-4C55-B707-7E68DBB552A0} = {A5D4F0F7-B88C-4D05-A942-3F204829D6E1}
		{0A45EB98-1891-4FB7-A52C-1E9C5611F886} = {F0277186-ECEC-4F65-9CBA-08983D6D5028}
		{AE5500DE-9D70-4967-A59D-6E4A48E54083} = {CF82B407-CF34-4E6A-B58E-E00C014FEAD6}
		{10F70E2D-744A-4C3C-A752-9A0A80153887} = {B844302D-B8AB-42E6-B214-3455DCDAFA0D}
		{B968F302-B1C3-4716-8BE0-BB018A631A33} = {CF82B407-CF34-4E6A-B58E-E00C014FEAD6}
		{043E2F57-2868-49D8-B9AD-CA3EE89217F9} = {CF82B407-CF34-4E6A-B58E-E00C014FEAD6}
		{79DC05AC-6033-4A1D-ADB5-5A97C1CC2A86} = {CF82B407-CF34-4E6A-B58E-E00C014FEAD6}
		{4CC682B6-7353-4960-8B03-5FBE879DCB9B} = {CF82B407-CF34-4E6A-B58E-E00C014FEAD6}
		{72C5C796-2EF2-4CF5-A2E9-DD10FAF2709E} = {98E3FD1B-E4CB-4ED5-832B-F8697CACAB92}
		{1F907D03-50DF-4EA0-A3AB-42E3D8B08058} = {CF82B407-CF34-4E6A-B58E-E00C014FEAD6}
		{F6D2274D-CF63-45E7-9894-533B16FC3B3D} = {CF82B407-CF34-4E6A-B58E-E00C014FEAD6}
		{8F94D1FC-2B67-4216-B3A4-A7C6EEDD4B5B} = {CF82B407-CF34-4E6A-B58E-E00C014FEAD6}
		{E53B3BF9-4255-426B-B681-3CE78B912B41} = {82C785A7-93C9-49E4-8689-F5E2DF541754}
		{6AF0A29D-A744-44AB-8E2E-9A45E701727C} = {E53B3BF9-4255-426B-B681-3CE78B912B41}
		{1E0DF852-0F92-4D30-A27A-E263E3F26DE2} = {E53B3BF9-4255-426B-B681-3CE78B912B41}
		{8FF4DB18-5908-4EAB-A912-79CCBE232796} = {E53B3BF9-4255-426B-B681-3CE78B912B41}
		{878A33F6-ABCB-4B98-9F7E-AC139915B5DE} = {E53B3BF9-4255-426B-B681-3CE78B912B41}
		{4CE80304-DEB1-4831-8248-0A093F23E095} = {E53B3BF9-4255-426B-B681-3CE78B912B41}
		{9F110695-4A34-4F98-B7EE-24A73B67E74A} = {E53B3BF9-4255-426B-B681-3CE78B912B41}
		{10703F8C-9005-4A5C-A939-AC838F2B2F6E} = {E53B3BF9-4255-426B-B681-3CE78B912B41}
		{D67C4392-678D-43B3-890C-F5489B5D183E} = {E53B3BF9-4255-426B-B681-3CE78B912B41}
		{A5A4C160-FF24-4532-8412-CC91E7E913BF} = {E53B3BF9-4255-426B-B681-3CE78B912B41}
		{0522CFF8-8963-47D5-945F-9310EF15255C} = {E53B3BF9-4255-426B-B681-3CE78B912B41}
		{C0FB9948-144F-4A1A-A78F-F2D8C3D8A182} = {82C785A7-93C9-49E4-8689-F5E2DF541754}
		{CADA9788-AF99-432B-90FA-9C1DF272CDF5} = {C0FB9948-144F-4A1A-A78F-F2D8C3D8A182}
		{4858F4C1-4958-4A5D-AD93-391041788BA5} = {C0FB9948-144F-4A1A-A78F-F2D8C3D8A182}
		{40AEABB6-57D6-4309-8AFE-92CC85C0B54A} = {98E3FD1B-E4CB-4ED5-832B-F8697CACAB92}
		{CD7FFDEE-022D-417C-B3C0-48C4FBCEE09A} = {98E3FD1B-E4CB-4ED5-832B-F8697CACAB92}
		{8AA56DA2-4183-40C2-B76A-B08D50B9905A} = {98E3FD1B-E4CB-4ED5-832B-F8697CACAB92}
		{AB84C9CC-8593-4F70-8AB8-2BEA0828717C} = {C0FB9948-144F-4A1A-A78F-F2D8C3D8A182}
		{18CE64A3-693F-40DE-B8BA-C371CAC9AE2A} = {C0FB9948-144F-4A1A-A78F-F2D8C3D8A182}
		{CBDAC341-3D9D-4B2C-8460-ABB7E5493A8E} = {C0FB9948-144F-4A1A-A78F-F2D8C3D8A182}
		{1B458376-6ACC-490B-A9F3-AFBE4DF6BA6A} = {C0FB9948-144F-4A1A-A78F-F2D8C3D8A182}
		{047B3C5B-071C-4DE7-8207-28DCF8FE63C7} = {A419F164-AD8A-40A6-A3CA-6ED014BC0464}
		{BD25E1BE-7009-4A78-BD26-766A22DFB336} = {A419F164-AD8A-40A6-A3CA-6ED014BC0464}
		{A4A088AE-3491-4FD9-A8A3-C3EE4A135F4D} = {27B10086-13F9-4C22-9EC8-C18689F0BE9B}
		{FED3EB25-68A9-48C2-BC7A-69C35E9455B1} = {1E4198B0-F07D-49D0-8A37-09B84F5FDDE7}
		{7A9BA750-230D-435D-AF73-E0EDA3F5697B} = {98E3FD1B-E4CB-4ED5-832B-F8697CACAB92}
		{CF3BD1FA-A470-4944-A9D5-77DC8F181F4D} = {98E3FD1B-E4CB-4ED5-832B-F8697CACAB92}
		{0B3D786B-4A41-4EDC-BA6F-EC69700D9C51} = {98E3FD1B-E4CB-4ED5-832B-F8697CACAB92}
		{81E1FC02-2AEB-483B-A5DB-147BFE6D7298} = {98E3FD1B-E4CB-4ED5-832B-F8697CACAB92}
		{836DB416-913F-4378-AA44-D746C28B60A4} = {98E3FD1B-E4CB-4ED5-832B-F8697CACAB92}
	EndGlobalSection
EndGlobal
