
Microsoft Visual Studio Solution File, Format Version 12.00
Project("{FAE04EC0-301F-11D3-BF4B-00C04F79EFBC}") = "Lesson_1_Variables_1", "Lesson_1_Variables_1\Lesson_1_Variables_1.csproj", "{F60D40D5-75FF-4E37-9836-D24F4136C76C}"
EndProject
Project("{FAE04EC0-301F-11D3-BF4B-00C04F79EFBC}") = "Lesson_1_Variables_2", "Lesson_1_Variables_2\Lesson_1_Variables_2.csproj", "{FF01185D-78E1-4DF4-B8D5-4DFF5E4A44BC}"
EndProject
Project("{FAE04EC0-301F-11D3-BF4B-00C04F79EFBC}") = "Lesson_1_Variables_3", "Lesson_1_Variables_3\Lesson_1_Variables_3.csproj", "{B4B1FCC0-93AB-48F1-B328-4774BDD9D9E2}"
EndProject
Project("{2150E333-8FDC-42A3-9474-1A3956D46DE8}") = "Lesson_1_Variables", "Lesson_1_Variables", "{31010573-B031-46A5-8C25-FEF43DB7E3BE}"
EndProject
Project("{FAE04EC0-301F-11D3-BF4B-00C04F79EFBC}") = "_HomeWorksCheck", "_HomeWorksCheck\_HomeWorksCheck.csproj", "{143AF14A-DF70-4527-9368-FF801171E60E}"
EndProject
Project("{2150E333-8FDC-42A3-9474-1A3956D46DE8}") = "Lesson_2_Operators", "Lesson_2_Operators", "{0056FA7D-FC8C-4DAD-8D2C-E4072B5958B1}"
EndProject
Project("{FAE04EC0-301F-11D3-BF4B-00C04F79EFBC}") = "Lesson_2_Operators_1_MathOperators", "Lesson_2_Operators_1_MathOperators\Lesson_2_Operators_1_MathOperators.csproj", "{E76AA61D-ADB7-47F2-90F6-91BAF6809866}"
EndProject
Project("{FAE04EC0-301F-11D3-BF4B-00C04F79EFBC}") = "Lesson_2_Operators_2_EqualityOperators", "Lesson_2_Operators_2_EqualityOperators\Lesson_2_Operators_2_EqualityOperators.csproj", "{D4CB0367-94EF-45A9-A1D4-A3EF708A3AC4}"
EndProject
Project("{FAE04EC0-301F-11D3-BF4B-00C04F79EFBC}") = "Lesson_2_Operators_LogicOperators", "Lesson_2_Operators_LogicOperators\Lesson_2_Operators_LogicOperators.csproj", "{ECE95280-9B8E-4DA2-82E4-B9EB4C3E80A7}"
EndProject
Global
	GlobalSection(SolutionConfigurationPlatforms) = preSolution
		Debug|Any CPU = Debug|Any CPU
		Release|Any CPU = Release|Any CPU
	EndGlobalSection
	GlobalSection(ProjectConfigurationPlatforms) = postSolution
		{F60D40D5-75FF-4E37-9836-D24F4136C76C}.Debug|Any CPU.ActiveCfg = Debug|Any CPU
		{F60D40D5-75FF-4E37-9836-D24F4136C76C}.Debug|Any CPU.Build.0 = Debug|Any CPU
		{F60D40D5-75FF-4E37-9836-D24F4136C76C}.Release|Any CPU.ActiveCfg = Release|Any CPU
		{F60D40D5-75FF-4E37-9836-D24F4136C76C}.Release|Any CPU.Build.0 = Release|Any CPU
		{FF01185D-78E1-4DF4-B8D5-4DFF5E4A44BC}.Debug|Any CPU.ActiveCfg = Debug|Any CPU
		{FF01185D-78E1-4DF4-B8D5-4DFF5E4A44BC}.Debug|Any CPU.Build.0 = Debug|Any CPU
		{FF01185D-78E1-4DF4-B8D5-4DFF5E4A44BC}.Release|Any CPU.ActiveCfg = Release|Any CPU
		{FF01185D-78E1-4DF4-B8D5-4DFF5E4A44BC}.Release|Any CPU.Build.0 = Release|Any CPU
		{B4B1FCC0-93AB-48F1-B328-4774BDD9D9E2}.Debug|Any CPU.ActiveCfg = Debug|Any CPU
		{B4B1FCC0-93AB-48F1-B328-4774BDD9D9E2}.Debug|Any CPU.Build.0 = Debug|Any CPU
		{B4B1FCC0-93AB-48F1-B328-4774BDD9D9E2}.Release|Any CPU.ActiveCfg = Release|Any CPU
		{B4B1FCC0-93AB-48F1-B328-4774BDD9D9E2}.Release|Any CPU.Build.0 = Release|Any CPU
		{143AF14A-DF70-4527-9368-FF801171E60E}.Debug|Any CPU.ActiveCfg = Debug|Any CPU
		{143AF14A-DF70-4527-9368-FF801171E60E}.Debug|Any CPU.Build.0 = Debug|Any CPU
		{143AF14A-DF70-4527-9368-FF801171E60E}.Release|Any CPU.ActiveCfg = Release|Any CPU
		{143AF14A-DF70-4527-9368-FF801171E60E}.Release|Any CPU.Build.0 = Release|Any CPU
		{E76AA61D-ADB7-47F2-90F6-91BAF6809866}.Debug|Any CPU.ActiveCfg = Debug|Any CPU
		{E76AA61D-ADB7-47F2-90F6-91BAF6809866}.Debug|Any CPU.Build.0 = Debug|Any CPU
		{E76AA61D-ADB7-47F2-90F6-91BAF6809866}.Release|Any CPU.ActiveCfg = Release|Any CPU
		{E76AA61D-ADB7-47F2-90F6-91BAF6809866}.Release|Any CPU.Build.0 = Release|Any CPU
		{D4CB0367-94EF-45A9-A1D4-A3EF708A3AC4}.Debug|Any CPU.ActiveCfg = Debug|Any CPU
		{D4CB0367-94EF-45A9-A1D4-A3EF708A3AC4}.Debug|Any CPU.Build.0 = Debug|Any CPU
		{D4CB0367-94EF-45A9-A1D4-A3EF708A3AC4}.Release|Any CPU.ActiveCfg = Release|Any CPU
		{D4CB0367-94EF-45A9-A1D4-A3EF708A3AC4}.Release|Any CPU.Build.0 = Release|Any CPU
		{ECE95280-9B8E-4DA2-82E4-B9EB4C3E80A7}.Debug|Any CPU.ActiveCfg = Debug|Any CPU
		{ECE95280-9B8E-4DA2-82E4-B9EB4C3E80A7}.Debug|Any CPU.Build.0 = Debug|Any CPU
		{ECE95280-9B8E-4DA2-82E4-B9EB4C3E80A7}.Release|Any CPU.ActiveCfg = Release|Any CPU
		{ECE95280-9B8E-4DA2-82E4-B9EB4C3E80A7}.Release|Any CPU.Build.0 = Release|Any CPU
	EndGlobalSection
	GlobalSection(NestedProjects) = preSolution
		{F60D40D5-75FF-4E37-9836-D24F4136C76C} = {31010573-B031-46A5-8C25-FEF43DB7E3BE}
		{FF01185D-78E1-4DF4-B8D5-4DFF5E4A44BC} = {31010573-B031-46A5-8C25-FEF43DB7E3BE}
		{B4B1FCC0-93AB-48F1-B328-4774BDD9D9E2} = {31010573-B031-46A5-8C25-FEF43DB7E3BE}
		{143AF14A-DF70-4527-9368-FF801171E60E} = {31010573-B031-46A5-8C25-FEF43DB7E3BE}
		{E76AA61D-ADB7-47F2-90F6-91BAF6809866} = {0056FA7D-FC8C-4DAD-8D2C-E4072B5958B1}
		{D4CB0367-94EF-45A9-A1D4-A3EF708A3AC4} = {0056FA7D-FC8C-4DAD-8D2C-E4072B5958B1}
		{ECE95280-9B8E-4DA2-82E4-B9EB4C3E80A7} = {0056FA7D-FC8C-4DAD-8D2C-E4072B5958B1}
	EndGlobalSection
EndGlobal
